{
  "originHash" : "db1f5908bf1b9f87e385c58562ee8df234045ef62c6bf54044121603c72b248d",
  "pins" : [
    {
      "identity" : "lumiui",
      "kind" : "remoteSourceControl",
      "location" : "https://github.com/CofficLab/LumiUI.git",
      "state" : {
        "branch" : "main",
        "revision" : "fd9e3686f010e61a6fdb2f00b35071e090a4f7fd"
      }
    },
    {
      "identity" : "magicdiffview",
      "kind" : "remoteSourceControl",
      "location" : "https://github.com/nookery/MagicDiffView.git",
      "state" : {
        "branch" : "main",
        "revision" : "b97553a3cb8d877981ec787f5f94e5fd0301c9cd"
      }
    }
  ],
  "version" : 3
}
