{
  "originHash" : "ef0e75a3d67ab08056b561d6af169b53cb70345bef1545ada951c74e67eabcdc",
  "pins" : [
    {
      "identity" : "libgit2swift",
      "kind" : "remoteSourceControl",
      "location" : "https://github.com/nookery/LibGit2Swift.git",
      "state" : {
        "revision" : "64b21cf6bbcf0fe4ab20382a5e7138f58283bb16"
      }
    },
    {
      "identity" : "lumiui",
      "kind" : "remoteSourceControl",
      "location" : "https://github.com/CofficLab/LumiUI.git",
      "state" : {
        "revision" : "419c64ec01257f923b4139ede61377566b97b626",
        "version" : "1.2.3"
      }
    },
    {
      "identity" : "magicdiffview",
      "kind" : "remoteSourceControl",
      "location" : "https://github.com/nookery/MagicDiffView",
      "state" : {
        "branch" : "main",
        "revision" : "b97553a3cb8d877981ec787f5f94e5fd0301c9cd"
      }
    },
    {
      "identity" : "magiclog",
      "kind" : "remoteSourceControl",
      "location" : "https://github.com/nookery/MagicLog.git",
      "state" : {
        "branch" : "main",
        "revision" : "f3680135b72e6c2158d21fba5769f17ba77798e5"
      }
    },
    {
      "identity" : "sparkle",
      "kind" : "remoteSourceControl",
      "location" : "https://github.com/sparkle-project/Sparkle",
      "state" : {
        "revision" : "ac2def288cbff5cfc7df3ffef6abdf45b72bcb0a",
        "version" : "2.9.6"
      }
    }
  ],
  "version" : 3
}
