diff --git a/GitOK/Resources/sample_macOS/GitOK.xcodeproj/project.pbxproj b/GitOK/Resources/sample_macOS/GitOK.xcodeproj/project.pbxproj
deleted file mode 100644
index 86110bd..0000000
--- a/GitOK/Resources/sample_macOS/GitOK.xcodeproj/project.pbxproj
+++ /dev/null
@@ -1,746 +0,0 @@
-// !$*UTF8*$!
-{
-	archiveVersion = 1;
-	classes = {
-	};
-	objectVersion = 56;
-	objects = {
-
-/* Begin PBXBuildFile section */
-		0B0E16812BD89A8F0078942B /* GitOKApp.swift in Sources */ = {isa = PBXBuildFile; fileRef = 0B0E16802BD89A8F0078942B /* GitOKApp.swift */; };
-		0B0E16832BD89A8F0078942B /* Content.swift in Sources */ = {isa = PBXBuildFile; fileRef = 0B0E16822BD89A8F0078942B /* Content.swift */; };
-		0B0E16852BD89A8F0078942B /* Item.swift in Sources */ = {isa = PBXBuildFile; fileRef = 0B0E16842BD89A8F0078942B /* Item.swift */; };
-		0B0E16872BD89A910078942B /* Assets.xcassets in Resources */ = {isa = PBXBuildFile; fileRef = 0B0E16862BD89A910078942B /* Assets.xcassets */; };
-		0B0E168B2BD89A910078942B /* Preview Assets.xcassets in Resources */ = {isa = PBXBuildFile; fileRef = 0B0E168A2BD89A910078942B /* Preview Assets.xcassets */; };
-		0B0E16932BD89C340078942B /* Detail.swift in Sources */ = {isa = PBXBuildFile; fileRef = 0B0E16922BD89C340078942B /* Detail.swift */; };
-		0B1C67B02BD9099800502EB1 /* AppPreview.swift in Sources */ = {isa = PBXBuildFile; fileRef = 0B1C67AF2BD9099800502EB1 /* AppPreview.swift */; };
-		0B1C67B32BD90B5700502EB1 /* AppManager.swift in Sources */ = {isa = PBXBuildFile; fileRef = 0B1C67B22BD90B5700502EB1 /* AppManager.swift */; };
-		0B1C67B52BD9115F00502EB1 /* BranchPicker.swift in Sources */ = {isa = PBXBuildFile; fileRef = 0B1C67B42BD9115F00502EB1 /* BranchPicker.swift */; };
-		0B1C67B82BD9128000502EB1 /* BtnStatus.swift in Sources */ = {isa = PBXBuildFile; fileRef = 0B1C67B72BD9128000502EB1 /* BtnStatus.swift */; };
-		0B1C67BA2BD912D900502EB1 /* BtnCommit.swift in Sources */ = {isa = PBXBuildFile; fileRef = 0B1C67B92BD912D900502EB1 /* BtnCommit.swift */; };
-		0B1C67BC2BD9132500502EB1 /* Git.swift in Sources */ = {isa = PBXBuildFile; fileRef = 0B1C67BB2BD9132500502EB1 /* Git.swift */; };
-		0B1C67BF2BD9157100502EB1 /* DBExt.swift in Sources */ = {isa = PBXBuildFile; fileRef = 0B1C67BE2BD9157100502EB1 /* DBExt.swift */; };
-		0B1C67C22BD9159900502EB1 /* Project.swift in Sources */ = {isa = PBXBuildFile; fileRef = 0B1C67C12BD9159900502EB1 /* Project.swift */; };
-		0B1C67C42BD915F200502EB1 /* AppConfig.swift in Sources */ = {isa = PBXBuildFile; fileRef = 0B1C67C32BD915F200502EB1 /* AppConfig.swift */; };
-		0B1C67D82BD9162F00502EB1 /* BackgroundView.swift in Sources */ = {isa = PBXBuildFile; fileRef = 0B1C67C52BD9162F00502EB1 /* BackgroundView.swift */; };
-		0B1C67D92BD9162F00502EB1 /* CardView.swift in Sources */ = {isa = PBXBuildFile; fileRef = 0B1C67C62BD9162F00502EB1 /* CardView.swift */; };
-		0B1C67DA2BD9162F00502EB1 /* Centered.swift in Sources */ = {isa = PBXBuildFile; fileRef = 0B1C67C72BD9162F00502EB1 /* Centered.swift */; };
-		0B1C67DB2BD9162F00502EB1 /* CloudHandler.swift in Sources */ = {isa = PBXBuildFile; fileRef = 0B1C67C82BD9162F00502EB1 /* CloudHandler.swift */; };
-		0B1C67DC2BD9162F00502EB1 /* CloudKit.swift in Sources */ = {isa = PBXBuildFile; fileRef = 0B1C67C92BD9162F00502EB1 /* CloudKit.swift */; };
-		0B1C67DD2BD9162F00502EB1 /* CommonHelp.swift in Sources */ = {isa = PBXBuildFile; fileRef = 0B1C67CA2BD9162F00502EB1 /* CommonHelp.swift */; };
-		0B1C67DE2BD9162F00502EB1 /* Extensions.swift in Sources */ = {isa = PBXBuildFile; fileRef = 0B1C67CB2BD9162F00502EB1 /* Extensions.swift */; };
-		0B1C67DF2BD9162F00502EB1 /* FileHelper.swift in Sources */ = {isa = PBXBuildFile; fileRef = 0B1C67CC2BD9162F00502EB1 /* FileHelper.swift */; };
-		0B1C67E02BD9162F00502EB1 /* FilePresenter.swift in Sources */ = {isa = PBXBuildFile; fileRef = 0B1C67CD2BD9162F00502EB1 /* FilePresenter.swift */; };
-		0B1C67E12BD9162F00502EB1 /* iCloudHelper.swift in Sources */ = {isa = PBXBuildFile; fileRef = 0B1C67CE2BD9162F00502EB1 /* iCloudHelper.swift */; };
-		0B1C67E22BD9162F00502EB1 /* ImageHelper.swift in Sources */ = {isa = PBXBuildFile; fileRef = 0B1C67CF2BD9162F00502EB1 /* ImageHelper.swift */; };
-		0B1C67E42BD9162F00502EB1 /* LaunchView.swift in Sources */ = {isa = PBXBuildFile; fileRef = 0B1C67D12BD9162F00502EB1 /* LaunchView.swift */; };
-		0B1C67E52BD9162F00502EB1 /* LoggerHelper.swift in Sources */ = {isa = PBXBuildFile; fileRef = 0B1C67D22BD9162F00502EB1 /* LoggerHelper.swift */; };
-		0B1C67E62BD9162F00502EB1 /* MenuTile.swift in Sources */ = {isa = PBXBuildFile; fileRef = 0B1C67D32BD9162F00502EB1 /* MenuTile.swift */; };
-		0B1C67E72BD9162F00502EB1 /* SmartProgress.swift in Sources */ = {isa = PBXBuildFile; fileRef = 0B1C67D42BD9162F00502EB1 /* SmartProgress.swift */; };
-		0B1C67E82BD9162F00502EB1 /* TimeHelper.swift in Sources */ = {isa = PBXBuildFile; fileRef = 0B1C67D52BD9162F00502EB1 /* TimeHelper.swift */; };
-		0B1C67E92BD9162F00502EB1 /* ViewHelper.swift in Sources */ = {isa = PBXBuildFile; fileRef = 0B1C67D62BD9162F00502EB1 /* ViewHelper.swift */; };
-		0B1C67EB2BD9181200502EB1 /* BtnPush.swift in Sources */ = {isa = PBXBuildFile; fileRef = 0B1C67EA2BD9181200502EB1 /* BtnPush.swift */; };
-		0B1C67ED2BD9D9CB00502EB1 /* CommitCategory.swift in Sources */ = {isa = PBXBuildFile; fileRef = 0B1C67EC2BD9D9CB00502EB1 /* CommitCategory.swift */; };
-		0B1C67EF2BD9DACF00502EB1 /* CommitForm.swift in Sources */ = {isa = PBXBuildFile; fileRef = 0B1C67EE2BD9DACF00502EB1 /* CommitForm.swift */; };
-		0B1C67F12BD9DB1F00502EB1 /* CommitCategoryPicker.swift in Sources */ = {isa = PBXBuildFile; fileRef = 0B1C67F02BD9DB1F00502EB1 /* CommitCategoryPicker.swift */; };
-		0B1C67F32BD9E21B00502EB1 /* BtnOpenRemote.swift in Sources */ = {isa = PBXBuildFile; fileRef = 0B1C67F22BD9E21B00502EB1 /* BtnOpenRemote.swift */; };
-		0B1C67F52BD9E4A400502EB1 /* LogDetail.swift in Sources */ = {isa = PBXBuildFile; fileRef = 0B1C67F42BD9E4A400502EB1 /* LogDetail.swift */; };
-		0B1C67FA2BD9E69100502EB1 /* LogTile.swift in Sources */ = {isa = PBXBuildFile; fileRef = 0B1C67F92BD9E69100502EB1 /* LogTile.swift */; };
-		0B1C67FC2BD9ED7300502EB1 /* HeadDetail.swift in Sources */ = {isa = PBXBuildFile; fileRef = 0B1C67FB2BD9ED7300502EB1 /* HeadDetail.swift */; };
-		0B1C67FE2BD9F12000502EB1 /* EventManager.swift in Sources */ = {isa = PBXBuildFile; fileRef = 0B1C67FD2BD9F12000502EB1 /* EventManager.swift */; };
-		0B1C68002BD9F68F00502EB1 /* BtnFinder.swift in Sources */ = {isa = PBXBuildFile; fileRef = 0B1C67FF2BD9F68F00502EB1 /* BtnFinder.swift */; };
-		0B1C68022BD9F7B500502EB1 /* BtnOpen.swift in Sources */ = {isa = PBXBuildFile; fileRef = 0B1C68012BD9F7B500502EB1 /* BtnOpen.swift */; };
-		0B1C68042BD9FAE500502EB1 /* BtnOpenXcode.swift in Sources */ = {isa = PBXBuildFile; fileRef = 0B1C68032BD9FAE500502EB1 /* BtnOpenXcode.swift */; };
-		0B44BCC62BDA947B00FBCF2F /* Branch.swift in Sources */ = {isa = PBXBuildFile; fileRef = 0B44BCC52BDA947B00FBCF2F /* Branch.swift */; };
-		0B6BE4612BDA603000C8ACB2 /* BtnWhoami.swift in Sources */ = {isa = PBXBuildFile; fileRef = 0B6BE4602BDA603000C8ACB2 /* BtnWhoami.swift */; };
-		0B6BE4632BDA783000C8ACB2 /* AppHelper.swift in Sources */ = {isa = PBXBuildFile; fileRef = 0B6BE4622BDA783000C8ACB2 /* AppHelper.swift */; };
-		0B6BE4652BDA7B5300C8ACB2 /* CommitExt.swift in Sources */ = {isa = PBXBuildFile; fileRef = 0B6BE4642BDA7B5300C8ACB2 /* CommitExt.swift */; };
-		0BB555242BDB7B300044048B /* BranchExt.swift in Sources */ = {isa = PBXBuildFile; fileRef = 0BB555232BDB7B300044048B /* BranchExt.swift */; };
-		0BCC6D012BD92CB2006ADA94 /* DebugCommand.swift in Sources */ = {isa = PBXBuildFile; fileRef = 0BCC6D002BD92CB2006ADA94 /* DebugCommand.swift */; };
-		0BCC6D032BD932DA006ADA94 /* PathExt.swift in Sources */ = {isa = PBXBuildFile; fileRef = 0BCC6D022BD932DA006ADA94 /* PathExt.swift */; };
-		0BCC6D072BD939BA006ADA94 /* Shell.swift in Sources */ = {isa = PBXBuildFile; fileRef = 0BCC6D062BD939BA006ADA94 /* Shell.swift */; };
-		0BCC6D092BD939FD006ADA94 /* BtnPwd.swift in Sources */ = {isa = PBXBuildFile; fileRef = 0BCC6D082BD939FD006ADA94 /* BtnPwd.swift */; };
-		0BCC6D0B2BD93E8C006ADA94 /* BtnAdd.swift in Sources */ = {isa = PBXBuildFile; fileRef = 0BCC6D0A2BD93E8C006ADA94 /* BtnAdd.swift */; };
-		0BCC6D0D2BD948AB006ADA94 /* BtnSave.swift in Sources */ = {isa = PBXBuildFile; fileRef = 0BCC6D0C2BD948AB006ADA94 /* BtnSave.swift */; };
-		0BCC6D0F2BD949B6006ADA94 /* History.swift in Sources */ = {isa = PBXBuildFile; fileRef = 0BCC6D0E2BD949B6006ADA94 /* History.swift */; };
-		0BCC6D112BD94B5B006ADA94 /* BtnLog.swift in Sources */ = {isa = PBXBuildFile; fileRef = 0BCC6D102BD94B5B006ADA94 /* BtnLog.swift */; };
-		0BCC6D132BD94D15006ADA94 /* BtnLogs.swift in Sources */ = {isa = PBXBuildFile; fileRef = 0BCC6D122BD94D15006ADA94 /* BtnLogs.swift */; };
-		0BCC6D152BD9526F006ADA94 /* GitCommit.swift in Sources */ = {isa = PBXBuildFile; fileRef = 0BCC6D142BD9526F006ADA94 /* GitCommit.swift */; };
-		0BDE61A32BDB3C9B006E23EA /* Projects.swift in Sources */ = {isa = PBXBuildFile; fileRef = 0BDE61A22BDB3C9B006E23EA /* Projects.swift */; };
-		0BDE61A52BDB408F006E23EA /* RevListExt.swift in Sources */ = {isa = PBXBuildFile; fileRef = 0BDE61A42BDB408F006E23EA /* RevListExt.swift */; };
-		0BDE61A72BDB4541006E23EA /* StatusExt.swift in Sources */ = {isa = PBXBuildFile; fileRef = 0BDE61A62BDB4541006E23EA /* StatusExt.swift */; };
-		0BDE61A92BDB4746006E23EA /* File.swift in Sources */ = {isa = PBXBuildFile; fileRef = 0BDE61A82BDB4746006E23EA /* File.swift */; };
-		0BDE61AB2BDB4AB8006E23EA /* FileList.swift in Sources */ = {isa = PBXBuildFile; fileRef = 0BDE61AA2BDB4AB8006E23EA /* FileList.swift */; };
-		0BDE61AD2BDB4E87006E23EA /* FileTile.swift in Sources */ = {isa = PBXBuildFile; fileRef = 0BDE61AC2BDB4E86006E23EA /* FileTile.swift */; };
-/* End PBXBuildFile section */
-
-/* Begin PBXCopyFilesBuildPhase section */
-		0BCC6D552BDA19D4006ADA94 /* Embed XPC Services */ = {
-			isa = PBXCopyFilesBuildPhase;
-			buildActionMask = 2147483647;
-			dstPath = "$(CONTENTS_FOLDER_PATH)/XPCServices";
-			dstSubfolderSpec = 16;
-			files = (
-			);
-			name = "Embed XPC Services";
-			runOnlyForDeploymentPostprocessing = 0;
-		};
-/* End PBXCopyFilesBuildPhase section */
-
-/* Begin PBXFileReference section */
-		0B0E167D2BD89A8F0078942B /* GitOK.app */ = {isa = PBXFileReference; explicitFileType = wrapper.application; includeInIndex = 0; path = GitOK.app; sourceTree = BUILT_PRODUCTS_DIR; };
-		0B0E16802BD89A8F0078942B /* GitOKApp.swift */ = {isa = PBXFileReference; lastKnownFileType = sourcecode.swift; path = GitOKApp.swift; sourceTree = "<group>"; };
-		0B0E16822BD89A8F0078942B /* Content.swift */ = {isa = PBXFileReference; lastKnownFileType = sourcecode.swift; path = Content.swift; sourceTree = "<group>"; };
-		0B0E16842BD89A8F0078942B /* Item.swift */ = {isa = PBXFileReference; lastKnownFileType = sourcecode.swift; path = Item.swift; sourceTree = "<group>"; };
-		0B0E16862BD89A910078942B /* Assets.xcassets */ = {isa = PBXFileReference; lastKnownFileType = folder.assetcatalog; path = Assets.xcassets; sourceTree = "<group>"; };
-		0B0E16882BD89A910078942B /* GitOK.entitlements */ = {isa = PBXFileReference; lastKnownFileType = text.plist.entitlements; path = GitOK.entitlements; sourceTree = "<group>"; };
-		0B0E168A2BD89A910078942B /* Preview Assets.xcassets */ = {isa = PBXFileReference; lastKnownFileType = folder.assetcatalog; path = "Preview Assets.xcassets"; sourceTree = "<group>"; };
-		0B0E16922BD89C340078942B /* Detail.swift */ = {isa = PBXFileReference; lastKnownFileType = sourcecode.swift; path = Detail.swift; sourceTree = "<group>"; };
-		0B1C67AF2BD9099800502EB1 /* AppPreview.swift */ = {isa = PBXFileReference; lastKnownFileType = sourcecode.swift; path = AppPreview.swift; sourceTree = "<group>"; };
-		0B1C67B22BD90B5700502EB1 /* AppManager.swift */ = {isa = PBXFileReference; lastKnownFileType = sourcecode.swift; path = AppManager.swift; sourceTree = "<group>"; };
-		0B1C67B42BD9115F00502EB1 /* BranchPicker.swift */ = {isa = PBXFileReference; lastKnownFileType = sourcecode.swift; path = BranchPicker.swift; sourceTree = "<group>"; };
-		0B1C67B72BD9128000502EB1 /* BtnStatus.swift */ = {isa = PBXFileReference; lastKnownFileType = sourcecode.swift; path = BtnStatus.swift; sourceTree = "<group>"; };
-		0B1C67B92BD912D900502EB1 /* BtnCommit.swift */ = {isa = PBXFileReference; lastKnownFileType = sourcecode.swift; path = BtnCommit.swift; sourceTree = "<group>"; };
-		0B1C67BB2BD9132500502EB1 /* Git.swift */ = {isa = PBXFileReference; lastKnownFileType = sourcecode.swift; path = Git.swift; sourceTree = "<group>"; };
-		0B1C67BE2BD9157100502EB1 /* DBExt.swift */ = {isa = PBXFileReference; lastKnownFileType = sourcecode.swift; path = DBExt.swift; sourceTree = "<group>"; };
-		0B1C67C12BD9159900502EB1 /* Project.swift */ = {isa = PBXFileReference; lastKnownFileType = sourcecode.swift; path = Project.swift; sourceTree = "<group>"; };
-		0B1C67C32BD915F200502EB1 /* AppConfig.swift */ = {isa = PBXFileReference; lastKnownFileType = sourcecode.swift; path = AppConfig.swift; sourceTree = "<group>"; };
-		0B1C67C52BD9162F00502EB1 /* BackgroundView.swift */ = {isa = PBXFileReference; fileEncoding = 4; lastKnownFileType = sourcecode.swift; path = BackgroundView.swift; sourceTree = "<group>"; };
-		0B1C67C62BD9162F00502EB1 /* CardView.swift */ = {isa = PBXFileReference; fileEncoding = 4; lastKnownFileType = sourcecode.swift; path = CardView.swift; sourceTree = "<group>"; };
-		0B1C67C72BD9162F00502EB1 /* Centered.swift */ = {isa = PBXFileReference; fileEncoding = 4; lastKnownFileType = sourcecode.swift; path = Centered.swift; sourceTree = "<group>"; };
-		0B1C67C82BD9162F00502EB1 /* CloudHandler.swift */ = {isa = PBXFileReference; fileEncoding = 4; lastKnownFileType = sourcecode.swift; path = CloudHandler.swift; sourceTree = "<group>"; };
-		0B1C67C92BD9162F00502EB1 /* CloudKit.swift */ = {isa = PBXFileReference; fileEncoding = 4; lastKnownFileType = sourcecode.swift; path = CloudKit.swift; sourceTree = "<group>"; };
-		0B1C67CA2BD9162F00502EB1 /* CommonHelp.swift */ = {isa = PBXFileReference; fileEncoding = 4; lastKnownFileType = sourcecode.swift; path = CommonHelp.swift; sourceTree = "<group>"; };
-		0B1C67CB2BD9162F00502EB1 /* Extensions.swift */ = {isa = PBXFileReference; fileEncoding = 4; lastKnownFileType = sourcecode.swift; path = Extensions.swift; sourceTree = "<group>"; };
-		0B1C67CC2BD9162F00502EB1 /* FileHelper.swift */ = {isa = PBXFileReference; fileEncoding = 4; lastKnownFileType = sourcecode.swift; path = FileHelper.swift; sourceTree = "<group>"; };
-		0B1C67CD2BD9162F00502EB1 /* FilePresenter.swift */ = {isa = PBXFileReference; fileEncoding = 4; lastKnownFileType = sourcecode.swift; path = FilePresenter.swift; sourceTree = "<group>"; };
-		0B1C67CE2BD9162F00502EB1 /* iCloudHelper.swift */ = {isa = PBXFileReference; fileEncoding = 4; lastKnownFileType = sourcecode.swift; path = iCloudHelper.swift; sourceTree = "<group>"; };
-		0B1C67CF2BD9162F00502EB1 /* ImageHelper.swift */ = {isa = PBXFileReference; fileEncoding = 4; lastKnownFileType = sourcecode.swift; path = ImageHelper.swift; sourceTree = "<group>"; };
-		0B1C67D12BD9162F00502EB1 /* LaunchView.swift */ = {isa = PBXFileReference; fileEncoding = 4; lastKnownFileType = sourcecode.swift; path = LaunchView.swift; sourceTree = "<group>"; };
-		0B1C67D22BD9162F00502EB1 /* LoggerHelper.swift */ = {isa = PBXFileReference; fileEncoding = 4; lastKnownFileType = sourcecode.swift; path = LoggerHelper.swift; sourceTree = "<group>"; };
-		0B1C67D32BD9162F00502EB1 /* MenuTile.swift */ = {isa = PBXFileReference; fileEncoding = 4; lastKnownFileType = sourcecode.swift; path = MenuTile.swift; sourceTree = "<group>"; };
-		0B1C67D42BD9162F00502EB1 /* SmartProgress.swift */ = {isa = PBXFileReference; fileEncoding = 4; lastKnownFileType = sourcecode.swift; path = SmartProgress.swift; sourceTree = "<group>"; };
-		0B1C67D52BD9162F00502EB1 /* TimeHelper.swift */ = {isa = PBXFileReference; fileEncoding = 4; lastKnownFileType = sourcecode.swift; path = TimeHelper.swift; sourceTree = "<group>"; };
-		0B1C67D62BD9162F00502EB1 /* ViewHelper.swift */ = {isa = PBXFileReference; fileEncoding = 4; lastKnownFileType = sourcecode.swift; path = ViewHelper.swift; sourceTree = "<group>"; };
-		0B1C67EA2BD9181200502EB1 /* BtnPush.swift */ = {isa = PBXFileReference; lastKnownFileType = sourcecode.swift; path = BtnPush.swift; sourceTree = "<group>"; };
-		0B1C67EC2BD9D9CB00502EB1 /* CommitCategory.swift */ = {isa = PBXFileReference; lastKnownFileType = sourcecode.swift; path = CommitCategory.swift; sourceTree = "<group>"; };
-		0B1C67EE2BD9DACF00502EB1 /* CommitForm.swift */ = {isa = PBXFileReference; lastKnownFileType = sourcecode.swift; path = CommitForm.swift; sourceTree = "<group>"; };
-		0B1C67F02BD9DB1F00502EB1 /* CommitCategoryPicker.swift */ = {isa = PBXFileReference; lastKnownFileType = sourcecode.swift; path = CommitCategoryPicker.swift; sourceTree = "<group>"; };
-		0B1C67F22BD9E21B00502EB1 /* BtnOpenRemote.swift */ = {isa = PBXFileReference; lastKnownFileType = sourcecode.swift; path = BtnOpenRemote.swift; sourceTree = "<group>"; };
-		0B1C67F42BD9E4A400502EB1 /* LogDetail.swift */ = {isa = PBXFileReference; lastKnownFileType = sourcecode.swift; path = LogDetail.swift; sourceTree = "<group>"; };
-		0B1C67F92BD9E69100502EB1 /* LogTile.swift */ = {isa = PBXFileReference; lastKnownFileType = sourcecode.swift; path = LogTile.swift; sourceTree = "<group>"; };
-		0B1C67FB2BD9ED7300502EB1 /* HeadDetail.swift */ = {isa = PBXFileReference; lastKnownFileType = sourcecode.swift; path = HeadDetail.swift; sourceTree = "<group>"; };
-		0B1C67FD2BD9F12000502EB1 /* EventManager.swift */ = {isa = PBXFileReference; lastKnownFileType = sourcecode.swift; path = EventManager.swift; sourceTree = "<group>"; };
-		0B1C67FF2BD9F68F00502EB1 /* BtnFinder.swift */ = {isa = PBXFileReference; lastKnownFileType = sourcecode.swift; path = BtnFinder.swift; sourceTree = "<group>"; };
-		0B1C68012BD9F7B500502EB1 /* BtnOpen.swift */ = {isa = PBXFileReference; lastKnownFileType = sourcecode.swift; path = BtnOpen.swift; sourceTree = "<group>"; };
-		0B1C68032BD9FAE500502EB1 /* BtnOpenXcode.swift */ = {isa = PBXFileReference; lastKnownFileType = sourcecode.swift; path = BtnOpenXcode.swift; sourceTree = "<group>"; };
-		0B332F052BDA01E600DFA5BB /* README.md */ = {isa = PBXFileReference; lastKnownFileType = net.daringfireball.markdown; path = README.md; sourceTree = "<group>"; };
-		0B332F062BDA02BC00DFA5BB /* Info.plist */ = {isa = PBXFileReference; lastKnownFileType = text.plist; path = Info.plist; sourceTree = "<group>"; };
-		0B44BCC52BDA947B00FBCF2F /* Branch.swift */ = {isa = PBXFileReference; lastKnownFileType = sourcecode.swift; path = Branch.swift; sourceTree = "<group>"; };
-		0B6BE4602BDA603000C8ACB2 /* BtnWhoami.swift */ = {isa = PBXFileReference; lastKnownFileType = sourcecode.swift; path = BtnWhoami.swift; sourceTree = "<group>"; };
-		0B6BE4622BDA783000C8ACB2 /* AppHelper.swift */ = {isa = PBXFileReference; lastKnownFileType = sourcecode.swift; path = AppHelper.swift; sourceTree = "<group>"; };
-		0B6BE4642BDA7B5300C8ACB2 /* CommitExt.swift */ = {isa = PBXFileReference; lastKnownFileType = sourcecode.swift; path = CommitExt.swift; sourceTree = "<group>"; };
-		0BB555232BDB7B300044048B /* BranchExt.swift */ = {isa = PBXFileReference; lastKnownFileType = sourcecode.swift; path = BranchExt.swift; sourceTree = "<group>"; };
-		0BCC6D002BD92CB2006ADA94 /* DebugCommand.swift */ = {isa = PBXFileReference; lastKnownFileType = sourcecode.swift; path = DebugCommand.swift; sourceTree = "<group>"; };
-		0BCC6D022BD932DA006ADA94 /* PathExt.swift */ = {isa = PBXFileReference; lastKnownFileType = sourcecode.swift; path = PathExt.swift; sourceTree = "<group>"; };
-		0BCC6D062BD939BA006ADA94 /* Shell.swift */ = {isa = PBXFileReference; lastKnownFileType = sourcecode.swift; path = Shell.swift; sourceTree = "<group>"; };
-		0BCC6D082BD939FD006ADA94 /* BtnPwd.swift */ = {isa = PBXFileReference; lastKnownFileType = sourcecode.swift; path = BtnPwd.swift; sourceTree = "<group>"; };
-		0BCC6D0A2BD93E8C006ADA94 /* BtnAdd.swift */ = {isa = PBXFileReference; lastKnownFileType = sourcecode.swift; path = BtnAdd.swift; sourceTree = "<group>"; };
-		0BCC6D0C2BD948AB006ADA94 /* BtnSave.swift */ = {isa = PBXFileReference; lastKnownFileType = sourcecode.swift; path = BtnSave.swift; sourceTree = "<group>"; };
-		0BCC6D0E2BD949B6006ADA94 /* History.swift */ = {isa = PBXFileReference; lastKnownFileType = sourcecode.swift; path = History.swift; sourceTree = "<group>"; };
-		0BCC6D102BD94B5B006ADA94 /* BtnLog.swift */ = {isa = PBXFileReference; lastKnownFileType = sourcecode.swift; path = BtnLog.swift; sourceTree = "<group>"; };
-		0BCC6D122BD94D15006ADA94 /* BtnLogs.swift */ = {isa = PBXFileReference; lastKnownFileType = sourcecode.swift; path = BtnLogs.swift; sourceTree = "<group>"; };
-		0BCC6D142BD9526F006ADA94 /* GitCommit.swift */ = {isa = PBXFileReference; lastKnownFileType = sourcecode.swift; path = GitCommit.swift; sourceTree = "<group>"; };
-		0BDE61A22BDB3C9B006E23EA /* Projects.swift */ = {isa = PBXFileReference; lastKnownFileType = sourcecode.swift; path = Projects.swift; sourceTree = "<group>"; };
-		0BDE61A42BDB408F006E23EA /* RevListExt.swift */ = {isa = PBXFileReference; lastKnownFileType = sourcecode.swift; path = RevListExt.swift; sourceTree = "<group>"; };
-		0BDE61A62BDB4541006E23EA /* StatusExt.swift */ = {isa = PBXFileReference; lastKnownFileType = sourcecode.swift; path = StatusExt.swift; sourceTree = "<group>"; };
-		0BDE61A82BDB4746006E23EA /* File.swift */ = {isa = PBXFileReference; lastKnownFileType = sourcecode.swift; path = File.swift; sourceTree = "<group>"; };
-		0BDE61AA2BDB4AB8006E23EA /* FileList.swift */ = {isa = PBXFileReference; lastKnownFileType = sourcecode.swift; path = FileList.swift; sourceTree = "<group>"; };
-		0BDE61AC2BDB4E86006E23EA /* FileTile.swift */ = {isa = PBXFileReference; lastKnownFileType = sourcecode.swift; path = FileTile.swift; sourceTree = "<group>"; };
-/* End PBXFileReference section */
-
-/* Begin PBXFrameworksBuildPhase section */
-		0B0E167A2BD89A8F0078942B /* Frameworks */ = {
-			isa = PBXFrameworksBuildPhase;
-			buildActionMask = 2147483647;
-			files = (
-			);
-			runOnlyForDeploymentPostprocessing = 0;
-		};
-/* End PBXFrameworksBuildPhase section */
-
-/* Begin PBXGroup section */
-		0B0E16742BD89A8F0078942B = {
-			isa = PBXGroup;
-			children = (
-				0B332F052BDA01E600DFA5BB /* README.md */,
-				0B0E167F2BD89A8F0078942B /* GitOK */,
-				0B0E167E2BD89A8F0078942B /* Products */,
-			);
-			sourceTree = "<group>";
-		};
-		0B0E167E2BD89A8F0078942B /* Products */ = {
-			isa = PBXGroup;
-			children = (
-				0B0E167D2BD89A8F0078942B /* GitOK.app */,
-			);
-			name = Products;
-			sourceTree = "<group>";
-		};
-		0B0E167F2BD89A8F0078942B /* GitOK */ = {
-			isa = PBXGroup;
-			children = (
-				0B0E16862BD89A910078942B /* Assets.xcassets */,
-				0BCC6CFE2BD92C31006ADA94 /* Bootstrap */,
-				0BCC6CFF2BD92CA2006ADA94 /* Command */,
-				0B1C67BD2BD9156600502EB1 /* Config */,
-				0B1C67AE2BD9098400502EB1 /* Dev */,
-				0B0E16882BD89A910078942B /* GitOK.entitlements */,
-				0B1C67D72BD9162F00502EB1 /* Helper */,
-				0B332F062BDA02BC00DFA5BB /* Info.plist */,
-				0B1C67B12BD90B4A00502EB1 /* Manager */,
-				0B1C67C02BD9157A00502EB1 /* Models */,
-				0B0E16892BD89A910078942B /* Preview Content */,
-				0BDE61A12BDB37C6006E23EA /* Shell */,
-				0B0E16912BD89C240078942B /* Views */,
-			);
-			path = GitOK;
-			sourceTree = "<group>";
-		};
-		0B0E16892BD89A910078942B /* Preview Content */ = {
-			isa = PBXGroup;
-			children = (
-				0B0E168A2BD89A910078942B /* Preview Assets.xcassets */,
-			);
-			path = "Preview Content";
-			sourceTree = "<group>";
-		};
-		0B0E16912BD89C240078942B /* Views */ = {
-			isa = PBXGroup;
-			children = (
-				0B1C67F82BD9E67E00502EB1 /* History */,
-				0B1C67B62BD9127000502EB1 /* Button */,
-				0B1C67F72BD9E60500502EB1 /* Detail */,
-				0B1C67F62BD9E5E700502EB1 /* Layout */,
-			);
-			path = Views;
-			sourceTree = "<group>";
-		};
-		0B1C67AE2BD9098400502EB1 /* Dev */ = {
-			isa = PBXGroup;
-			children = (
-				0B1C67AF2BD9099800502EB1 /* AppPreview.swift */,
-			);
-			path = Dev;
-			sourceTree = "<group>";
-		};
-		0B1C67B12BD90B4A00502EB1 /* Manager */ = {
-			isa = PBXGroup;
-			children = (
-				0B1C67B22BD90B5700502EB1 /* AppManager.swift */,
-				0B1C67FD2BD9F12000502EB1 /* EventManager.swift */,
-			);
-			path = Manager;
-			sourceTree = "<group>";
-		};
-		0B1C67B62BD9127000502EB1 /* Button */ = {
-			isa = PBXGroup;
-			children = (
-				0BCC6D0A2BD93E8C006ADA94 /* BtnAdd.swift */,
-				0B1C67B92BD912D900502EB1 /* BtnCommit.swift */,
-				0B1C67FF2BD9F68F00502EB1 /* BtnFinder.swift */,
-				0BCC6D102BD94B5B006ADA94 /* BtnLog.swift */,
-				0BCC6D122BD94D15006ADA94 /* BtnLogs.swift */,
-				0B1C68012BD9F7B500502EB1 /* BtnOpen.swift */,
-				0B1C67F22BD9E21B00502EB1 /* BtnOpenRemote.swift */,
-				0B1C68032BD9FAE500502EB1 /* BtnOpenXcode.swift */,
-				0B1C67EA2BD9181200502EB1 /* BtnPush.swift */,
-				0BCC6D082BD939FD006ADA94 /* BtnPwd.swift */,
-				0BCC6D0C2BD948AB006ADA94 /* BtnSave.swift */,
-				0B1C67B72BD9128000502EB1 /* BtnStatus.swift */,
-				0B6BE4602BDA603000C8ACB2 /* BtnWhoami.swift */,
-			);
-			path = Button;
-			sourceTree = "<group>";
-		};
-		0B1C67BD2BD9156600502EB1 /* Config */ = {
-			isa = PBXGroup;
-			children = (
-				0B1C67C32BD915F200502EB1 /* AppConfig.swift */,
-				0B1C67BE2BD9157100502EB1 /* DBExt.swift */,
-				0BCC6D022BD932DA006ADA94 /* PathExt.swift */,
-			);
-			path = Config;
-			sourceTree = "<group>";
-		};
-		0B1C67C02BD9157A00502EB1 /* Models */ = {
-			isa = PBXGroup;
-			children = (
-				0B0E16842BD89A8F0078942B /* Item.swift */,
-				0B1C67C12BD9159900502EB1 /* Project.swift */,
-				0BCC6D142BD9526F006ADA94 /* GitCommit.swift */,
-				0B1C67EC2BD9D9CB00502EB1 /* CommitCategory.swift */,
-				0B44BCC52BDA947B00FBCF2F /* Branch.swift */,
-				0BDE61A82BDB4746006E23EA /* File.swift */,
-			);
-			path = Models;
-			sourceTree = "<group>";
-		};
-		0B1C67D72BD9162F00502EB1 /* Helper */ = {
-			isa = PBXGroup;
-			children = (
-				0B1C67C52BD9162F00502EB1 /* BackgroundView.swift */,
-				0B1C67C62BD9162F00502EB1 /* CardView.swift */,
-				0B1C67C72BD9162F00502EB1 /* Centered.swift */,
-				0B1C67C82BD9162F00502EB1 /* CloudHandler.swift */,
-				0B1C67C92BD9162F00502EB1 /* CloudKit.swift */,
-				0B1C67CA2BD9162F00502EB1 /* CommonHelp.swift */,
-				0B1C67CB2BD9162F00502EB1 /* Extensions.swift */,
-				0B1C67CC2BD9162F00502EB1 /* FileHelper.swift */,
-				0B1C67CD2BD9162F00502EB1 /* FilePresenter.swift */,
-				0B1C67CE2BD9162F00502EB1 /* iCloudHelper.swift */,
-				0B1C67CF2BD9162F00502EB1 /* ImageHelper.swift */,
-				0B1C67D12BD9162F00502EB1 /* LaunchView.swift */,
-				0B1C67D22BD9162F00502EB1 /* LoggerHelper.swift */,
-				0B1C67D32BD9162F00502EB1 /* MenuTile.swift */,
-				0B1C67D42BD9162F00502EB1 /* SmartProgress.swift */,
-				0B1C67D52BD9162F00502EB1 /* TimeHelper.swift */,
-				0B1C67D62BD9162F00502EB1 /* ViewHelper.swift */,
-				0B6BE4622BDA783000C8ACB2 /* AppHelper.swift */,
-			);
-			path = Helper;
-			sourceTree = "<group>";
-		};
-		0B1C67F62BD9E5E700502EB1 /* Layout */ = {
-			isa = PBXGroup;
-			children = (
-				0B1C67B42BD9115F00502EB1 /* BranchPicker.swift */,
-				0B0E16822BD89A8F0078942B /* Content.swift */,
-				0B0E16922BD89C340078942B /* Detail.swift */,
-				0BCC6D0E2BD949B6006ADA94 /* History.swift */,
-				0BDE61A22BDB3C9B006E23EA /* Projects.swift */,
-			);
-			path = Layout;
-			sourceTree = "<group>";
-		};
-		0B1C67F72BD9E60500502EB1 /* Detail */ = {
-			isa = PBXGroup;
-			children = (
-				0B1C67F02BD9DB1F00502EB1 /* CommitCategoryPicker.swift */,
-				0B1C67F42BD9E4A400502EB1 /* LogDetail.swift */,
-				0B1C67EE2BD9DACF00502EB1 /* CommitForm.swift */,
-				0B1C67FB2BD9ED7300502EB1 /* HeadDetail.swift */,
-				0BDE61AA2BDB4AB8006E23EA /* FileList.swift */,
-				0BDE61AC2BDB4E86006E23EA /* FileTile.swift */,
-			);
-			path = Detail;
-			sourceTree = "<group>";
-		};
-		0B1C67F82BD9E67E00502EB1 /* History */ = {
-			isa = PBXGroup;
-			children = (
-				0B1C67F92BD9E69100502EB1 /* LogTile.swift */,
-			);
-			path = History;
-			sourceTree = "<group>";
-		};
-		0BCC6CFE2BD92C31006ADA94 /* Bootstrap */ = {
-			isa = PBXGroup;
-			children = (
-				0B0E16802BD89A8F0078942B /* GitOKApp.swift */,
-			);
-			path = Bootstrap;
-			sourceTree = "<group>";
-		};
-		0BCC6CFF2BD92CA2006ADA94 /* Command */ = {
-			isa = PBXGroup;
-			children = (
-				0BCC6D002BD92CB2006ADA94 /* DebugCommand.swift */,
-			);
-			path = Command;
-			sourceTree = "<group>";
-		};
-		0BDE619E2BDB2C51006E23EA /* Git */ = {
-			isa = PBXGroup;
-			children = (
-				0B1C67BB2BD9132500502EB1 /* Git.swift */,
-				0B6BE4642BDA7B5300C8ACB2 /* CommitExt.swift */,
-				0BDE61A42BDB408F006E23EA /* RevListExt.swift */,
-				0BDE61A62BDB4541006E23EA /* StatusExt.swift */,
-				0BB555232BDB7B300044048B /* BranchExt.swift */,
-			);
-			path = Git;
-			sourceTree = "<group>";
-		};
-		0BDE61A12BDB37C6006E23EA /* Shell */ = {
-			isa = PBXGroup;
-			children = (
-				0BCC6D062BD939BA006ADA94 /* Shell.swift */,
-				0BDE619E2BDB2C51006E23EA /* Git */,
-			);
-			path = Shell;
-			sourceTree = "<group>";
-		};
-/* End PBXGroup section */
-
-/* Begin PBXNativeTarget section */
-		0B0E167C2BD89A8F0078942B /* GitOK */ = {
-			isa = PBXNativeTarget;
-			buildConfigurationList = 0B0E168E2BD89A910078942B /* Build configuration list for PBXNativeTarget "GitOK" */;
-			buildPhases = (
-				0B0E16792BD89A8F0078942B /* Sources */,
-				0B0E167A2BD89A8F0078942B /* Frameworks */,
-				0B0E167B2BD89A8F0078942B /* Resources */,
-				0BCC6D552BDA19D4006ADA94 /* Embed XPC Services */,
-			);
-			buildRules = (
-			);
-			dependencies = (
-			);
-			name = GitOK;
-			productName = GitOK;
-			productReference = 0B0E167D2BD89A8F0078942B /* GitOK.app */;
-			productType = "com.apple.product-type.application";
-		};
-/* End PBXNativeTarget section */
-
-/* Begin PBXProject section */
-		0B0E16752BD89A8F0078942B /* Project object */ = {
-			isa = PBXProject;
-			attributes = {
-				BuildIndependentTargetsInParallel = 1;
-				LastSwiftUpdateCheck = 1530;
-				LastUpgradeCheck = 1530;
-				TargetAttributes = {
-					0B0E167C2BD89A8F0078942B = {
-						CreatedOnToolsVersion = 15.3;
-					};
-				};
-			};
-			buildConfigurationList = 0B0E16782BD89A8F0078942B /* Build configuration list for PBXProject "GitOK" */;
-			compatibilityVersion = "Xcode 14.0";
-			developmentRegion = en;
-			hasScannedForEncodings = 0;
-			knownRegions = (
-				en,
-				Base,
-			);
-			mainGroup = 0B0E16742BD89A8F0078942B;
-			productRefGroup = 0B0E167E2BD89A8F0078942B /* Products */;
-			projectDirPath = "";
-			projectRoot = "";
-			targets = (
-				0B0E167C2BD89A8F0078942B /* GitOK */,
-			);
-		};
-/* End PBXProject section */
-
-/* Begin PBXResourcesBuildPhase section */
-		0B0E167B2BD89A8F0078942B /* Resources */ = {
-			isa = PBXResourcesBuildPhase;
-			buildActionMask = 2147483647;
-			files = (
-				0B0E168B2BD89A910078942B /* Preview Assets.xcassets in Resources */,
-				0B0E16872BD89A910078942B /* Assets.xcassets in Resources */,
-			);
-			runOnlyForDeploymentPostprocessing = 0;
-		};
-/* End PBXResourcesBuildPhase section */
-
-/* Begin PBXSourcesBuildPhase section */
-		0B0E16792BD89A8F0078942B /* Sources */ = {
-			isa = PBXSourcesBuildPhase;
-			buildActionMask = 2147483647;
-			files = (
-				0B1C67D82BD9162F00502EB1 /* BackgroundView.swift in Sources */,
-				0B1C67B32BD90B5700502EB1 /* AppManager.swift in Sources */,
-				0B1C67B82BD9128000502EB1 /* BtnStatus.swift in Sources */,
-				0B1C67B52BD9115F00502EB1 /* BranchPicker.swift in Sources */,
-				0B1C67F32BD9E21B00502EB1 /* BtnOpenRemote.swift in Sources */,
-				0B44BCC62BDA947B00FBCF2F /* Branch.swift in Sources */,
-				0BCC6D0B2BD93E8C006ADA94 /* BtnAdd.swift in Sources */,
-				0B1C68042BD9FAE500502EB1 /* BtnOpenXcode.swift in Sources */,
-				0BCC6D112BD94B5B006ADA94 /* BtnLog.swift in Sources */,
-				0B1C67DB2BD9162F00502EB1 /* CloudHandler.swift in Sources */,
-				0B1C67FA2BD9E69100502EB1 /* LogTile.swift in Sources */,
-				0BDE61A32BDB3C9B006E23EA /* Projects.swift in Sources */,
-				0BCC6D132BD94D15006ADA94 /* BtnLogs.swift in Sources */,
-				0BCC6D152BD9526F006ADA94 /* GitCommit.swift in Sources */,
-				0BDE61A92BDB4746006E23EA /* File.swift in Sources */,
-				0B1C67DD2BD9162F00502EB1 /* CommonHelp.swift in Sources */,
-				0BDE61A72BDB4541006E23EA /* StatusExt.swift in Sources */,
-				0B1C67E92BD9162F00502EB1 /* ViewHelper.swift in Sources */,
-				0B1C67C42BD915F200502EB1 /* AppConfig.swift in Sources */,
-				0B0E16832BD89A8F0078942B /* Content.swift in Sources */,
-				0B0E16852BD89A8F0078942B /* Item.swift in Sources */,
-				0BCC6D0D2BD948AB006ADA94 /* BtnSave.swift in Sources */,
-				0B1C67E02BD9162F00502EB1 /* FilePresenter.swift in Sources */,
-				0B1C67DA2BD9162F00502EB1 /* Centered.swift in Sources */,
-				0B1C67EB2BD9181200502EB1 /* BtnPush.swift in Sources */,
-				0B6BE4632BDA783000C8ACB2 /* AppHelper.swift in Sources */,
-				0B1C67C22BD9159900502EB1 /* Project.swift in Sources */,
-				0B1C67BF2BD9157100502EB1 /* DBExt.swift in Sources */,
-				0B1C67E62BD9162F00502EB1 /* MenuTile.swift in Sources */,
-				0B1C67E12BD9162F00502EB1 /* iCloudHelper.swift in Sources */,
-				0BDE61A52BDB408F006E23EA /* RevListExt.swift in Sources */,
-				0BCC6D072BD939BA006ADA94 /* Shell.swift in Sources */,
-				0B1C67DE2BD9162F00502EB1 /* Extensions.swift in Sources */,
-				0BCC6D092BD939FD006ADA94 /* BtnPwd.swift in Sources */,
-				0B1C67E22BD9162F00502EB1 /* ImageHelper.swift in Sources */,
-				0BCC6D032BD932DA006ADA94 /* PathExt.swift in Sources */,
-				0BDE61AB2BDB4AB8006E23EA /* FileList.swift in Sources */,
-				0B1C67FE2BD9F12000502EB1 /* EventManager.swift in Sources */,
-				0B1C67E82BD9162F00502EB1 /* TimeHelper.swift in Sources */,
-				0B1C67E72BD9162F00502EB1 /* SmartProgress.swift in Sources */,
-				0BDE61AD2BDB4E87006E23EA /* FileTile.swift in Sources */,
-				0B0E16932BD89C340078942B /* Detail.swift in Sources */,
-				0B1C67F12BD9DB1F00502EB1 /* CommitCategoryPicker.swift in Sources */,
-				0B1C67DF2BD9162F00502EB1 /* FileHelper.swift in Sources */,
-				0B6BE4652BDA7B5300C8ACB2 /* CommitExt.swift in Sources */,
-				0B1C67EF2BD9DACF00502EB1 /* CommitForm.swift in Sources */,
-				0B1C67B02BD9099800502EB1 /* AppPreview.swift in Sources */,
-				0BB555242BDB7B300044048B /* BranchExt.swift in Sources */,
-				0B1C68022BD9F7B500502EB1 /* BtnOpen.swift in Sources */,
-				0B0E16812BD89A8F0078942B /* GitOKApp.swift in Sources */,
-				0B1C67BC2BD9132500502EB1 /* Git.swift in Sources */,
-				0B1C67DC2BD9162F00502EB1 /* CloudKit.swift in Sources */,
-				0BCC6D012BD92CB2006ADA94 /* DebugCommand.swift in Sources */,
-				0B1C67D92BD9162F00502EB1 /* CardView.swift in Sources */,
-				0B1C67BA2BD912D900502EB1 /* BtnCommit.swift in Sources */,
-				0B1C68002BD9F68F00502EB1 /* BtnFinder.swift in Sources */,
-				0BCC6D0F2BD949B6006ADA94 /* History.swift in Sources */,
-				0B1C67E52BD9162F00502EB1 /* LoggerHelper.swift in Sources */,
-				0B6BE4612BDA603000C8ACB2 /* BtnWhoami.swift in Sources */,
-				0B1C67FC2BD9ED7300502EB1 /* HeadDetail.swift in Sources */,
-				0B1C67F52BD9E4A400502EB1 /* LogDetail.swift in Sources */,
-				0B1C67ED2BD9D9CB00502EB1 /* CommitCategory.swift in Sources */,
-				0B1C67E42BD9162F00502EB1 /* LaunchView.swift in Sources */,
-			);
-			runOnlyForDeploymentPostprocessing = 0;
-		};
-/* End PBXSourcesBuildPhase section */
-
-/* Begin XCBuildConfiguration section */
-		0B0E168C2BD89A910078942B /* Debug */ = {
-			isa = XCBuildConfiguration;
-			buildSettings = {
-				ALWAYS_SEARCH_USER_PATHS = NO;
-				ASSETCATALOG_COMPILER_GENERATE_SWIFT_ASSET_SYMBOL_EXTENSIONS = YES;
-				CLANG_ANALYZER_NONNULL = YES;
-				CLANG_ANALYZER_NUMBER_OBJECT_CONVERSION = YES_AGGRESSIVE;
-				CLANG_CXX_LANGUAGE_STANDARD = "gnu++20";
-				CLANG_ENABLE_MODULES = YES;
-				CLANG_ENABLE_OBJC_ARC = YES;
-				CLANG_ENABLE_OBJC_WEAK = YES;
-				CLANG_WARN_BLOCK_CAPTURE_AUTORELEASING = YES;
-				CLANG_WARN_BOOL_CONVERSION = YES;
-				CLANG_WARN_COMMA = YES;
-				CLANG_WARN_CONSTANT_CONVERSION = YES;
-				CLANG_WARN_DEPRECATED_OBJC_IMPLEMENTATIONS = YES;
-				CLANG_WARN_DIRECT_OBJC_ISA_USAGE = YES_ERROR;
-				CLANG_WARN_DOCUMENTATION_COMMENTS = YES;
-				CLANG_WARN_EMPTY_BODY = YES;
-				CLANG_WARN_ENUM_CONVERSION = YES;
-				CLANG_WARN_INFINITE_RECURSION = YES;
-				CLANG_WARN_INT_CONVERSION = YES;
-				CLANG_WARN_NON_LITERAL_NULL_CONVERSION = YES;
-				CLANG_WARN_OBJC_IMPLICIT_RETAIN_SELF = YES;
-				CLANG_WARN_OBJC_LITERAL_CONVERSION = YES;
-				CLANG_WARN_OBJC_ROOT_CLASS = YES_ERROR;
-				CLANG_WARN_QUOTED_INCLUDE_IN_FRAMEWORK_HEADER = YES;
-				CLANG_WARN_RANGE_LOOP_ANALYSIS = YES;
-				CLANG_WARN_STRICT_PROTOTYPES = YES;
-				CLANG_WARN_SUSPICIOUS_MOVE = YES;
-				CLANG_WARN_UNGUARDED_AVAILABILITY = YES_AGGRESSIVE;
-				CLANG_WARN_UNREACHABLE_CODE = YES;
-				CLANG_WARN__DUPLICATE_METHOD_MATCH = YES;
-				COPY_PHASE_STRIP = NO;
-				DEBUG_INFORMATION_FORMAT = dwarf;
-				ENABLE_STRICT_OBJC_MSGSEND = YES;
-				ENABLE_TESTABILITY = YES;
-				ENABLE_USER_SCRIPT_SANDBOXING = YES;
-				GCC_C_LANGUAGE_STANDARD = gnu17;
-				GCC_DYNAMIC_NO_PIC = NO;
-				GCC_NO_COMMON_BLOCKS = YES;
-				GCC_OPTIMIZATION_LEVEL = 0;
-				GCC_PREPROCESSOR_DEFINITIONS = (
-					"DEBUG=1",
-					"$(inherited)",
-				);
-				GCC_WARN_64_TO_32_BIT_CONVERSION = YES;
-				GCC_WARN_ABOUT_RETURN_TYPE = YES_ERROR;
-				GCC_WARN_UNDECLARED_SELECTOR = YES;
-				GCC_WARN_UNINITIALIZED_AUTOS = YES_AGGRESSIVE;
-				GCC_WARN_UNUSED_FUNCTION = YES;
-				GCC_WARN_UNUSED_VARIABLE = YES;
-				LOCALIZATION_PREFERS_STRING_CATALOGS = YES;
-				MTL_ENABLE_DEBUG_INFO = INCLUDE_SOURCE;
-				MTL_FAST_MATH = YES;
-				ONLY_ACTIVE_ARCH = YES;
-				SWIFT_ACTIVE_COMPILATION_CONDITIONS = "DEBUG $(inherited)";
-				SWIFT_OPTIMIZATION_LEVEL = "-Onone";
-			};
-			name = Debug;
-		};
-		0B0E168D2BD89A910078942B /* Release */ = {
-			isa = XCBuildConfiguration;
-			buildSettings = {
-				ALWAYS_SEARCH_USER_PATHS = NO;
-				ASSETCATALOG_COMPILER_GENERATE_SWIFT_ASSET_SYMBOL_EXTENSIONS = YES;
-				CLANG_ANALYZER_NONNULL = YES;
-				CLANG_ANALYZER_NUMBER_OBJECT_CONVERSION = YES_AGGRESSIVE;
-				CLANG_CXX_LANGUAGE_STANDARD = "gnu++20";
-				CLANG_ENABLE_MODULES = YES;
-				CLANG_ENABLE_OBJC_ARC = YES;
-				CLANG_ENABLE_OBJC_WEAK = YES;
-				CLANG_WARN_BLOCK_CAPTURE_AUTORELEASING = YES;
-				CLANG_WARN_BOOL_CONVERSION = YES;
-				CLANG_WARN_COMMA = YES;
-				CLANG_WARN_CONSTANT_CONVERSION = YES;
-				CLANG_WARN_DEPRECATED_OBJC_IMPLEMENTATIONS = YES;
-				CLANG_WARN_DIRECT_OBJC_ISA_USAGE = YES_ERROR;
-				CLANG_WARN_DOCUMENTATION_COMMENTS = YES;
-				CLANG_WARN_EMPTY_BODY = YES;
-				CLANG_WARN_ENUM_CONVERSION = YES;
-				CLANG_WARN_INFINITE_RECURSION = YES;
-				CLANG_WARN_INT_CONVERSION = YES;
-				CLANG_WARN_NON_LITERAL_NULL_CONVERSION = YES;
-				CLANG_WARN_OBJC_IMPLICIT_RETAIN_SELF = YES;
-				CLANG_WARN_OBJC_LITERAL_CONVERSION = YES;
-				CLANG_WARN_OBJC_ROOT_CLASS = YES_ERROR;
-				CLANG_WARN_QUOTED_INCLUDE_IN_FRAMEWORK_HEADER = YES;
-				CLANG_WARN_RANGE_LOOP_ANALYSIS = YES;
-				CLANG_WARN_STRICT_PROTOTYPES = YES;
-				CLANG_WARN_SUSPICIOUS_MOVE = YES;
-				CLANG_WARN_UNGUARDED_AVAILABILITY = YES_AGGRESSIVE;
-				CLANG_WARN_UNREACHABLE_CODE = YES;
-				CLANG_WARN__DUPLICATE_METHOD_MATCH = YES;
-				COPY_PHASE_STRIP = NO;
-				DEBUG_INFORMATION_FORMAT = "dwarf-with-dsym";
-				ENABLE_NS_ASSERTIONS = NO;
-				ENABLE_STRICT_OBJC_MSGSEND = YES;
-				ENABLE_USER_SCRIPT_SANDBOXING = YES;
-				GCC_C_LANGUAGE_STANDARD = gnu17;
-				GCC_NO_COMMON_BLOCKS = YES;
-				GCC_WARN_64_TO_32_BIT_CONVERSION = YES;
-				GCC_WARN_ABOUT_RETURN_TYPE = YES_ERROR;
-				GCC_WARN_UNDECLARED_SELECTOR = YES;
-				GCC_WARN_UNINITIALIZED_AUTOS = YES_AGGRESSIVE;
-				GCC_WARN_UNUSED_FUNCTION = YES;
-				GCC_WARN_UNUSED_VARIABLE = YES;
-				LOCALIZATION_PREFERS_STRING_CATALOGS = YES;
-				MTL_ENABLE_DEBUG_INFO = NO;
-				MTL_FAST_MATH = YES;
-				SWIFT_COMPILATION_MODE = wholemodule;
-			};
-			name = Release;
-		};
-		0B0E168F2BD89A910078942B /* Debug */ = {
-			isa = XCBuildConfiguration;
-			buildSettings = {
-				ASSETCATALOG_COMPILER_APPICON_NAME = AppIcon;
-				ASSETCATALOG_COMPILER_GLOBAL_ACCENT_COLOR_NAME = AccentColor;
-				CODE_SIGN_ENTITLEMENTS = GitOK.entitlements;
-				CODE_SIGN_IDENTITY = "";
-				CODE_SIGN_STYLE = Automatic;
-				CURRENT_PROJECT_VERSION = 15;
-				DEVELOPMENT_ASSET_PATHS = "\"GitOK/Preview Content\"";
-				DEVELOPMENT_TEAM = Y6HZ9JJYV6;
-				ENABLE_HARDENED_RUNTIME = YES;
-				ENABLE_PREVIEWS = YES;
-				GENERATE_INFOPLIST_FILE = YES;
-				INFOPLIST_FILE = Info.plist;
-				INFOPLIST_KEY_CFBundleDisplayName = GitOK;
-				INFOPLIST_KEY_LSApplicationCategoryType = "public.app-category.developer-tools";
-				"INFOPLIST_KEY_UIApplicationSceneManifest_Generation[sdk=iphoneos*]" = YES;
-				"INFOPLIST_KEY_UIApplicationSceneManifest_Generation[sdk=iphonesimulator*]" = YES;
-				"INFOPLIST_KEY_UIApplicationSupportsIndirectInputEvents[sdk=iphoneos*]" = YES;
-				"INFOPLIST_KEY_UIApplicationSupportsIndirectInputEvents[sdk=iphonesimulator*]" = YES;
-				"INFOPLIST_KEY_UILaunchScreen_Generation[sdk=iphoneos*]" = YES;
-				"INFOPLIST_KEY_UILaunchScreen_Generation[sdk=iphonesimulator*]" = YES;
-				"INFOPLIST_KEY_UIStatusBarStyle[sdk=iphoneos*]" = UIStatusBarStyleDefault;
-				"INFOPLIST_KEY_UIStatusBarStyle[sdk=iphonesimulator*]" = UIStatusBarStyleDefault;
-				INFOPLIST_KEY_UISupportedInterfaceOrientations_iPad = "UIInterfaceOrientationPortrait UIInterfaceOrientationPortraitUpsideDown UIInterfaceOrientationLandscapeLeft UIInterfaceOrientationLandscapeRight";
-				INFOPLIST_KEY_UISupportedInterfaceOrientations_iPhone = "UIInterfaceOrientationPortrait UIInterfaceOrientationLandscapeLeft UIInterfaceOrientationLandscapeRight";
-				IPHONEOS_DEPLOYMENT_TARGET = 17.4;
-				LD_RUNPATH_SEARCH_PATHS = "@executable_path/Frameworks";
-				"LD_RUNPATH_SEARCH_PATHS[sdk=macosx*]" = "@executable_path/../Frameworks";
-				MACOSX_DEPLOYMENT_TARGET = 14.0;
-				MARKETING_VERSION = 1.0.27;
-				PRODUCT_BUNDLE_IDENTIFIER = com.yueyi.GitOK;
-				PRODUCT_NAME = "$(TARGET_NAME)";
-				SDKROOT = auto;
-				SUPPORTED_PLATFORMS = macosx;
-				SUPPORTS_MACCATALYST = NO;
-				SWIFT_EMIT_LOC_STRINGS = YES;
-				SWIFT_VERSION = 5.0;
-			};
-			name = Debug;
-		};
-		0B0E16902BD89A910078942B /* Release */ = {
-			isa = XCBuildConfiguration;
-			buildSettings = {
-				ASSETCATALOG_COMPILER_APPICON_NAME = AppIcon;
-				ASSETCATALOG_COMPILER_GLOBAL_ACCENT_COLOR_NAME = AccentColor;
-				CODE_SIGN_ENTITLEMENTS = GitOK.entitlements;
-				CODE_SIGN_IDENTITY = "";
-				CODE_SIGN_STYLE = Automatic;
-				CURRENT_PROJECT_VERSION = 15;
-				DEVELOPMENT_ASSET_PATHS = "\"GitOK/Preview Content\"";
-				DEVELOPMENT_TEAM = Y6HZ9JJYV6;
-				ENABLE_HARDENED_RUNTIME = YES;
-				ENABLE_PREVIEWS = YES;
-				GENERATE_INFOPLIST_FILE = YES;
-				INFOPLIST_FILE = Info.plist;
-				INFOPLIST_KEY_CFBundleDisplayName = GitOK;
-				INFOPLIST_KEY_LSApplicationCategoryType = "public.app-category.developer-tools";
-				"INFOPLIST_KEY_UIApplicationSceneManifest_Generation[sdk=iphoneos*]" = YES;
-				"INFOPLIST_KEY_UIApplicationSceneManifest_Generation[sdk=iphonesimulator*]" = YES;
-				"INFOPLIST_KEY_UIApplicationSupportsIndirectInputEvents[sdk=iphoneos*]" = YES;
-				"INFOPLIST_KEY_UIApplicationSupportsIndirectInputEvents[sdk=iphonesimulator*]" = YES;
-				"INFOPLIST_KEY_UILaunchScreen_Generation[sdk=iphoneos*]" = YES;
-				"INFOPLIST_KEY_UILaunchScreen_Generation[sdk=iphonesimulator*]" = YES;
-				"INFOPLIST_KEY_UIStatusBarStyle[sdk=iphoneos*]" = UIStatusBarStyleDefault;
-				"INFOPLIST_KEY_UIStatusBarStyle[sdk=iphonesimulator*]" = UIStatusBarStyleDefault;
-				INFOPLIST_KEY_UISupportedInterfaceOrientations_iPad = "UIInterfaceOrientationPortrait UIInterfaceOrientationPortraitUpsideDown UIInterfaceOrientationLandscapeLeft UIInterfaceOrientationLandscapeRight";
-				INFOPLIST_KEY_UISupportedInterfaceOrientations_iPhone = "UIInterfaceOrientationPortrait UIInterfaceOrientationLandscapeLeft UIInterfaceOrientationLandscapeRight";
-				IPHONEOS_DEPLOYMENT_TARGET = 17.4;
-				LD_RUNPATH_SEARCH_PATHS = "@executable_path/Frameworks";
-				"LD_RUNPATH_SEARCH_PATHS[sdk=macosx*]" = "@executable_path/../Frameworks";
-				MACOSX_DEPLOYMENT_TARGET = 14.0;
-				MARKETING_VERSION = 1.0.27;
-				PRODUCT_BUNDLE_IDENTIFIER = com.yueyi.GitOK;
-				PRODUCT_NAME = "$(TARGET_NAME)";
-				SDKROOT = auto;
-				SUPPORTED_PLATFORMS = macosx;
-				SUPPORTS_MACCATALYST = NO;
-				SWIFT_EMIT_LOC_STRINGS = YES;
-				SWIFT_VERSION = 5.0;
-			};
-			name = Release;
-		};
-/* End XCBuildConfiguration section */
-
-/* Begin XCConfigurationList section */
-		0B0E16782BD89A8F0078942B /* Build configuration list for PBXProject "GitOK" */ = {
-			isa = XCConfigurationList;
-			buildConfigurations = (
-				0B0E168C2BD89A910078942B /* Debug */,
-				0B0E168D2BD89A910078942B /* Release */,
-			);
-			defaultConfigurationIsVisible = 0;
-			defaultConfigurationName = Release;
-		};
-		0B0E168E2BD89A910078942B /* Build configuration list for PBXNativeTarget "GitOK" */ = {
-			isa = XCConfigurationList;
-			buildConfigurations = (
-				0B0E168F2BD89A910078942B /* Debug */,
-				0B0E16902BD89A910078942B /* Release */,
-			);
-			defaultConfigurationIsVisible = 0;
-			defaultConfigurationName = Release;
-		};
-/* End XCConfigurationList section */
-	};
-	rootObject = 0B0E16752BD89A8F0078942B /* Project object */;
-}
