// !$*UTF8*$!
{
	archiveVersion = 1;
	classes = {
	};
	objectVersion = 77;
	objects = {

/* Begin PBXBuildFile section */
		GK2BFB000000000000000B001 /* FactoryGitOK in Frameworks */ = {isa = PBXBuildFile; productRef = GK2AFB0000000000000000001 /* FactoryGitOK */; };
/* End PBXBuildFile section */

/* Begin PBXFileReference section */
		7BACB91084647EBF2FC35695 /* Project-Debug.xcconfig */ = {isa = PBXFileReference; includeInIndex = 1; lastKnownFileType = text.xcconfig; name = "Project-Debug.xcconfig"; path = "GitOKApp/Config/Project-Debug.xcconfig"; sourceTree = "<group>"; };
		AE205FD720E849E1FFA4D49C /* Project-Release.xcconfig */ = {isa = PBXFileReference; includeInIndex = 1; lastKnownFileType = text.xcconfig; name = "Project-Release.xcconfig"; path = "GitOKApp/Config/Project-Release.xcconfig"; sourceTree = "<group>"; };
		GK0000000000000000000002 /* GitOK.app */ = {isa = PBXFileReference; explicitFileType = wrapper.application; includeInIndex = 0; path = GitOK.app; sourceTree = BUILT_PRODUCTS_DIR; };
		GKD3D14E57A1B2C3D4E5F6071 /* GitOK.xcconfig */ = {isa = PBXFileReference; includeInIndex = 1; lastKnownFileType = text.xcconfig; name = GitOK.xcconfig; path = GitOKApp/GitOK.xcconfig; sourceTree = "<group>"; };
/* End PBXFileReference section */

/* Begin PBXFileSystemSynchronizedBuildFileExceptionSet section */
		GK0000000000000000000003 /* Exceptions for "GitOKApp" folder in "GitOK" target */ = {
			isa = PBXFileSystemSynchronizedBuildFileExceptionSet;
			membershipExceptions = (
				"GitOK-Info.plist",
			);
			target = GK0000000000000000000009 /* GitOK */;
		};
/* End PBXFileSystemSynchronizedBuildFileExceptionSet section */

/* Begin PBXFileSystemSynchronizedRootGroup section */
		GK0000000000000000000004 /* GitOKApp */ = {
			isa = PBXFileSystemSynchronizedRootGroup;
			exceptions = (
				GK0000000000000000000003 /* Exceptions for "GitOKApp" folder in "GitOK" target */,
			);
			path = GitOKApp;
			sourceTree = "<group>";
		};
/* End PBXFileSystemSynchronizedRootGroup section */

/* Begin PBXFrameworksBuildPhase section */
		GK0000000000000000000005 /* Frameworks */ = {
			isa = PBXFrameworksBuildPhase;
			buildActionMask = 2147483647;
			files = (
				GK2BFB000000000000000B001 /* FactoryGitOK in Frameworks */,
			);
			runOnlyForDeploymentPostprocessing = 0;
		};
/* End PBXFrameworksBuildPhase section */

/* Begin PBXGroup section */
		0BBD822C30067A13005CCD05 /* Frameworks */ = {
			isa = PBXGroup;
			children = (
			);
			name = Frameworks;
			sourceTree = "<group>";
		};
		F54F8C752F1A3B6500AABB2A = {
			isa = PBXGroup;
			children = (
				GK0000000000000000000004 /* GitOKApp */,
				GK0000000000000000000002 /* GitOK.app */,
				0BBD822C30067A13005CCD05 /* Frameworks */,
				7BACB91084647EBF2FC35695 /* Project-Debug.xcconfig */,
				AE205FD720E849E1FFA4D49C /* Project-Release.xcconfig */,
				GKD3D14E57A1B2C3D4E5F6071 /* GitOK.xcconfig */,
			);
			sourceTree = "<group>";
		};
/* End PBXGroup section */

/* Begin PBXNativeTarget section */
		GK0000000000000000000009 /* GitOK */ = {
			isa = PBXNativeTarget;
			buildConfigurationList = GK000000000000000000000F /* Build configuration list for PBXNativeTarget "GitOK" */;
			buildPhases = (
				GK0000000000000000000007 /* Sources */,
				GK0000000000000000000005 /* Frameworks */,
				GK0000000000000000000006 /* Resources */,
			);
			buildRules = (
			);
			dependencies = (
			);
			fileSystemSynchronizedGroups = (
				GK0000000000000000000004 /* GitOKApp */,
			);
			name = GitOK;
			packageProductDependencies = (
				GK2AFB0000000000000000001 /* FactoryGitOK */,
			);
			productName = GitOK;
			productReference = GK0000000000000000000002 /* GitOK.app */;
			productType = "com.apple.product-type.application";
		};
/* End PBXNativeTarget section */

/* Begin PBXProject section */
		F54F8C762F1A3B6500AABB2A /* Project object */ = {
			isa = PBXProject;
			attributes = {
				BuildIndependentTargetsInParallel = 1;
				LastSwiftUpdateCheck = 2620;
				LastUpgradeCheck = 2620;
				TargetAttributes = {
					GK0000000000000000000009 = {
						CreatedOnToolsVersion = 16.4;
					};
				};
			};
			buildConfigurationList = F54F8C792F1A3B6500AABB2A /* Build configuration list for PBXProject "GitOK" */;
			developmentRegion = en;
			hasScannedForEncodings = 0;
			knownRegions = (
				en,
				Base,
				"zh-Hans",
				"zh-Hant",
				"zh-HK",
			);
			mainGroup = F54F8C752F1A3B6500AABB2A;
			minimizedProjectReferenceProxies = 1;
			packageReferences = (
				LF000000000000000017 /* XCLocalSwiftPackageReference "Packages/KitSuperLog" */,
				LF000000000000000018 /* XCLocalSwiftPackageReference "Packages/KitLocalization" */,
				GK2APL0000000000000000001 /* XCLocalSwiftPackageReference "Packages/FactoryGitOK" */,
			);
			preferredProjectObjectVersion = 77;
			productRefGroup = F54F8C752F1A3B6500AABB2A;
			projectDirPath = "";
			projectRoot = "";
			targets = (
				GK0000000000000000000009 /* GitOK */,
			);
		};
/* End PBXProject section */

/* Begin PBXResourcesBuildPhase section */
		GK0000000000000000000006 /* Resources */ = {
			isa = PBXResourcesBuildPhase;
			buildActionMask = 2147483647;
			files = (
			);
			runOnlyForDeploymentPostprocessing = 0;
		};
/* End PBXResourcesBuildPhase section */

/* Begin PBXSourcesBuildPhase section */
		GK0000000000000000000007 /* Sources */ = {
			isa = PBXSourcesBuildPhase;
			buildActionMask = 2147483647;
			files = (
			);
			runOnlyForDeploymentPostprocessing = 0;
		};
/* End PBXSourcesBuildPhase section */

/* Begin XCBuildConfiguration section */
		F54F8C882F1A3B6600AABB2A /* Debug */ = {
			isa = XCBuildConfiguration;
			baseConfigurationReference = 7BACB91084647EBF2FC35695 /* Project-Debug.xcconfig */;
			buildSettings = {
			};
			name = Debug;
		};
		F54F8C892F1A3B6600AABB2A /* Release */ = {
			isa = XCBuildConfiguration;
			baseConfigurationReference = AE205FD720E849E1FFA4D49C /* Project-Release.xcconfig */;
			buildSettings = {
			};
			name = Release;
		};
		GK000000000000000000000D /* Debug */ = {
			isa = XCBuildConfiguration;
			baseConfigurationReference = GKD3D14E57A1B2C3D4E5F6071 /* GitOK.xcconfig */;
			buildSettings = {
			};
			name = Debug;
		};
		GK000000000000000000000E /* Release */ = {
			isa = XCBuildConfiguration;
			baseConfigurationReference = GKD3D14E57A1B2C3D4E5F6071 /* GitOK.xcconfig */;
			buildSettings = {
			};
			name = Release;
		};
/* End XCBuildConfiguration section */

/* Begin XCConfigurationList section */
		F54F8C792F1A3B6500AABB2A /* Build configuration list for PBXProject "GitOK" */ = {
			isa = XCConfigurationList;
			buildConfigurations = (
				F54F8C882F1A3B6600AABB2A /* Debug */,
				F54F8C892F1A3B6600AABB2A /* Release */,
			);
			defaultConfigurationIsVisible = 0;
			defaultConfigurationName = Release;
		};
		GK000000000000000000000F /* Build configuration list for PBXNativeTarget "GitOK" */ = {
			isa = XCConfigurationList;
			buildConfigurations = (
				GK000000000000000000000D /* Debug */,
				GK000000000000000000000E /* Release */,
			);
			defaultConfigurationIsVisible = 0;
			defaultConfigurationName = Release;
		};
/* End XCConfigurationList section */

/* Begin XCLocalSwiftPackageReference section */
		GK2APL0000000000000000001 /* XCLocalSwiftPackageReference "Packages/FactoryGitOK" */ = {
			isa = XCLocalSwiftPackageReference;
			relativePath = Packages/FactoryGitOK;
		};
		LF000000000000000017 /* XCLocalSwiftPackageReference "Packages/KitSuperLog" */ = {
			isa = XCLocalSwiftPackageReference;
			relativePath = Packages/KitSuperLog;
		};
		LF000000000000000018 /* XCLocalSwiftPackageReference "Packages/KitLocalization" */ = {
			isa = XCLocalSwiftPackageReference;
			relativePath = Packages/KitLocalization;
		};
/* End XCLocalSwiftPackageReference section */

/* Begin XCSwiftPackageProductDependency section */
		GK2AFB0000000000000000001 /* FactoryGitOK */ = {
			isa = XCSwiftPackageProductDependency;
			package = GK2APL0000000000000000001 /* XCLocalSwiftPackageReference "Packages/FactoryGitOK" */;
			productName = FactoryGitOK;
		};
/* End XCSwiftPackageProductDependency section */
	};
	rootObject = F54F8C762F1A3B6500AABB2A /* Project object */;
}
