// !$*UTF8*$!
{
	archiveVersion = 1;
	classes = {
	};
	objectVersion = 56;
	objects = {

/* Begin PBXBuildFile section */
		0B0E16812BD89A8F0078942B /* GitOKApp.swift in Sources */ = {isa = PBXBuildFile; fileRef = 0B0E16802BD89A8F0078942B /* GitOKApp.swift */; };
		0B0E16832BD89A8F0078942B /* Content.swift in Sources */ = {isa = PBXBuildFile; fileRef = 0B0E16822BD89A8F0078942B /* Content.swift */; };
		0B0E16872BD89A910078942B /* Assets.xcassets in Resources */ = {isa = PBXBuildFile; fileRef = 0B0E16862BD89A910078942B /* Assets.xcassets */; };
		0B0E168B2BD89A910078942B /* Preview Assets.xcassets in Resources */ = {isa = PBXBuildFile; fileRef = 0B0E168A2BD89A910078942B /* Preview Assets.xcassets */; };
		0B1C67B02BD9099800502EB1 /* AppPreview.swift in Sources */ = {isa = PBXBuildFile; fileRef = 0B1C67AF2BD9099800502EB1 /* AppPreview.swift */; };
		0B1C67B32BD90B5700502EB1 /* AppProvider.swift in Sources */ = {isa = PBXBuildFile; fileRef = 0B1C67B22BD90B5700502EB1 /* AppProvider.swift */; };
		0B1C67B52BD9115F00502EB1 /* Branches.swift in Sources */ = {isa = PBXBuildFile; fileRef = 0B1C67B42BD9115F00502EB1 /* Branches.swift */; };
		0B1C67BA2BD912D900502EB1 /* BtnCommitAndPush.swift in Sources */ = {isa = PBXBuildFile; fileRef = 0B1C67B92BD912D900502EB1 /* BtnCommitAndPush.swift */; };
		0B1C67BC2BD9132500502EB1 /* Git.swift in Sources */ = {isa = PBXBuildFile; fileRef = 0B1C67BB2BD9132500502EB1 /* Git.swift */; };
		0B1C67BF2BD9157100502EB1 /* DBExt.swift in Sources */ = {isa = PBXBuildFile; fileRef = 0B1C67BE2BD9157100502EB1 /* DBExt.swift */; };
		0B1C67C22BD9159900502EB1 /* Project.swift in Sources */ = {isa = PBXBuildFile; fileRef = 0B1C67C12BD9159900502EB1 /* Project.swift */; };
		0B1C67C42BD915F200502EB1 /* AppConfig.swift in Sources */ = {isa = PBXBuildFile; fileRef = 0B1C67C32BD915F200502EB1 /* AppConfig.swift */; };
		0B1C67EB2BD9181200502EB1 /* BtnPush.swift in Sources */ = {isa = PBXBuildFile; fileRef = 0B1C67EA2BD9181200502EB1 /* BtnPush.swift */; };
		0B1C67ED2BD9D9CB00502EB1 /* CommitCategory.swift in Sources */ = {isa = PBXBuildFile; fileRef = 0B1C67EC2BD9D9CB00502EB1 /* CommitCategory.swift */; };
		0B1C67F12BD9DB1F00502EB1 /* CommitCategoryPicker.swift in Sources */ = {isa = PBXBuildFile; fileRef = 0B1C67F02BD9DB1F00502EB1 /* CommitCategoryPicker.swift */; };
		0B1C67F32BD9E21B00502EB1 /* BtnOpenRemote.swift in Sources */ = {isa = PBXBuildFile; fileRef = 0B1C67F22BD9E21B00502EB1 /* BtnOpenRemote.swift */; };
		0B1C68002BD9F68F00502EB1 /* BtnFinder.swift in Sources */ = {isa = PBXBuildFile; fileRef = 0B1C67FF2BD9F68F00502EB1 /* BtnFinder.swift */; };
		0B1C68022BD9F7B500502EB1 /* BtnOpen.swift in Sources */ = {isa = PBXBuildFile; fileRef = 0B1C68012BD9F7B500502EB1 /* BtnOpen.swift */; };
		0B1C68042BD9FAE500502EB1 /* BtnOpenXcode.swift in Sources */ = {isa = PBXBuildFile; fileRef = 0B1C68032BD9FAE500502EB1 /* BtnOpenXcode.swift */; };
		0B44BCC62BDA947B00FBCF2F /* Branch.swift in Sources */ = {isa = PBXBuildFile; fileRef = 0B44BCC52BDA947B00FBCF2F /* Branch.swift */; };
		0B6BE4612BDA603000C8ACB2 /* BtnWhoami.swift in Sources */ = {isa = PBXBuildFile; fileRef = 0B6BE4602BDA603000C8ACB2 /* BtnWhoami.swift */; };
		0B6BE4652BDA7B5300C8ACB2 /* CommitExt.swift in Sources */ = {isa = PBXBuildFile; fileRef = 0B6BE4642BDA7B5300C8ACB2 /* CommitExt.swift */; };
		0B76FCEF2BDDD12A00501F1F /* WebConfig.swift in Sources */ = {isa = PBXBuildFile; fileRef = 0B76FCEE2BDDD12A00501F1F /* WebConfig.swift */; };
		0B76FCF12BDDD18400501F1F /* WebView.swift in Sources */ = {isa = PBXBuildFile; fileRef = 0B76FCF02BDDD18400501F1F /* WebView.swift */; };
		0B76FCF42BDDD1BD00501F1F /* WebContent.swift in Sources */ = {isa = PBXBuildFile; fileRef = 0B76FCF32BDDD1BD00501F1F /* WebContent.swift */; };
		0B76FCF62BDDD1DE00501F1F /* WKDelegate.swift in Sources */ = {isa = PBXBuildFile; fileRef = 0B76FCF52BDDD1DE00501F1F /* WKDelegate.swift */; };
		0B76FCFB2BDDD4D300501F1F /* sample_macOS in Resources */ = {isa = PBXBuildFile; fileRef = 0B76FCF92BDDD4D300501F1F /* sample_macOS */; };
		0B76FCFD2BDDE0E700501F1F /* webview in Resources */ = {isa = PBXBuildFile; fileRef = 0B76FCFC2BDDE0E700501F1F /* webview */; };
		0B76FCFF2BDDE6F200501F1F /* WebApiSample.swift in Sources */ = {isa = PBXBuildFile; fileRef = 0B76FCFE2BDDE6F200501F1F /* WebApiSample.swift */; };
		0B76FD062BDDF79600501F1F /* WebApi.swift in Sources */ = {isa = PBXBuildFile; fileRef = 0B76FD052BDDF79600501F1F /* WebApi.swift */; };
		0B76FD102BDDFC0100501F1F /* WebOption.swift in Sources */ = {isa = PBXBuildFile; fileRef = 0B76FD0F2BDDFC0100501F1F /* WebOption.swift */; };
		0B76FD182BDE27D000501F1F /* DefaultMessageHandler.swift in Sources */ = {isa = PBXBuildFile; fileRef = 0B76FD172BDE27D000501F1F /* DefaultMessageHandler.swift */; };
		0B76FD1B2BDE2B2F00501F1F /* WebHandler.swift in Sources */ = {isa = PBXBuildFile; fileRef = 0B76FD1A2BDE2B2F00501F1F /* WebHandler.swift */; };
		0B76FD1D2BDE2D7900501F1F /* DefaultDownloadHandler.swift in Sources */ = {isa = PBXBuildFile; fileRef = 0B76FD1C2BDE2D7900501F1F /* DefaultDownloadHandler.swift */; };
		0B76FD1F2BDE2FB700501F1F /* DefaultReadyHandler.swift in Sources */ = {isa = PBXBuildFile; fileRef = 0B76FD1E2BDE2FB700501F1F /* DefaultReadyHandler.swift */; };
		0B76FD222BDE315800501F1F /* ReadyHandler.swift in Sources */ = {isa = PBXBuildFile; fileRef = 0B76FD212BDE315800501F1F /* ReadyHandler.swift */; };
		0B76FD242BDE326300501F1F /* FileExt.swift in Sources */ = {isa = PBXBuildFile; fileRef = 0B76FD232BDE326300501F1F /* FileExt.swift */; };
		0B8C7A5D2BE08BF600B4E817 /* IconPng.swift in Sources */ = {isa = PBXBuildFile; fileRef = 0B8C7A582BE08BF600B4E817 /* IconPng.swift */; };
		0B8C7A662BE08C8700B4E817 /* DB.swift in Sources */ = {isa = PBXBuildFile; fileRef = 0B8C7A632BE08C8600B4E817 /* DB.swift */; };
		0B8C7A672BE08C8700B4E817 /* DBTask.swift in Sources */ = {isa = PBXBuildFile; fileRef = 0B8C7A642BE08C8600B4E817 /* DBTask.swift */; };
		0B8C7A6C2BE08CA800B4E817 /* Device.swift in Sources */ = {isa = PBXBuildFile; fileRef = 0B8C7A682BE08CA800B4E817 /* Device.swift */; };
		0B8C7A6D2BE08CA800B4E817 /* DeviceType.swift in Sources */ = {isa = PBXBuildFile; fileRef = 0B8C7A692BE08CA800B4E817 /* DeviceType.swift */; };
		0B8C7A6F2BE08CA800B4E817 /* ToolName.swift in Sources */ = {isa = PBXBuildFile; fileRef = 0B8C7A6B2BE08CA800B4E817 /* ToolName.swift */; };
		0B8C7A722BE08CBF00B4E817 /* MacAgent.swift in Sources */ = {isa = PBXBuildFile; fileRef = 0B8C7A702BE08CBF00B4E817 /* MacAgent.swift */; };
		0B8C7AAF2BE08D1800B4E817 /* Icons in Resources */ = {isa = PBXBuildFile; fileRef = 0B8C7AAE2BE08D1800B4E817 /* Icons */; };
		0B8C7AB32BE08DD100B4E817 /* RootView.swift in Sources */ = {isa = PBXBuildFile; fileRef = 0B8C7AB22BE08DD100B4E817 /* RootView.swift */; };
		0B8C7AC42BE08E0F00B4E817 /* ScreeniMac.swift in Sources */ = {isa = PBXBuildFile; fileRef = 0B8C7ABF2BE08E0F00B4E817 /* ScreeniMac.swift */; };
		0B8C7AC52BE08E0F00B4E817 /* ScreeniPad.swift in Sources */ = {isa = PBXBuildFile; fileRef = 0B8C7AC02BE08E0F00B4E817 /* ScreeniPad.swift */; };
		0B8C7AC62BE08E0F00B4E817 /* ScreeniPhone.swift in Sources */ = {isa = PBXBuildFile; fileRef = 0B8C7AC12BE08E0F00B4E817 /* ScreeniPhone.swift */; };
		0B8C7AC72BE08E0F00B4E817 /* ScreenMacBook.swift in Sources */ = {isa = PBXBuildFile; fileRef = 0B8C7AC22BE08E0F00B4E817 /* ScreenMacBook.swift */; };
		0B8C7AD52BE08E1900B4E817 /* Feature.swift in Sources */ = {isa = PBXBuildFile; fileRef = 0B8C7AC82BE08E1900B4E817 /* Feature.swift */; };
		0B8C7AD62BE08E1900B4E817 /* Features.swift in Sources */ = {isa = PBXBuildFile; fileRef = 0B8C7AC92BE08E1900B4E817 /* Features.swift */; };
		0B8C7AD72BE08E1900B4E817 /* BannerLayout.swift in Sources */ = {isa = PBXBuildFile; fileRef = 0B8C7ACA2BE08E1900B4E817 /* BannerLayout.swift */; };
		0B8C7AEB2BE08E2200B4E817 /* IconItem.swift in Sources */ = {isa = PBXBuildFile; fileRef = 0B8C7AE42BE08E2200B4E817 /* IconItem.swift */; };
		0B8C7AEC2BE08E2200B4E817 /* IconAsset.swift in Sources */ = {isa = PBXBuildFile; fileRef = 0B8C7AE52BE08E2200B4E817 /* IconAsset.swift */; };
		0B8C7AED2BE08E2200B4E817 /* IconMaker.swift in Sources */ = {isa = PBXBuildFile; fileRef = 0B8C7AE62BE08E2200B4E817 /* IconMaker.swift */; };
		0B8C7AF22BE08E2D00B4E817 /* Operator.swift in Sources */ = {isa = PBXBuildFile; fileRef = 0B8C7AEE2BE08E2D00B4E817 /* Operator.swift */; };
		0B8C7AF32BE08E2D00B4E817 /* Message.swift in Sources */ = {isa = PBXBuildFile; fileRef = 0B8C7AEF2BE08E2D00B4E817 /* Message.swift */; };
		0B8C7AF42BE08E2D00B4E817 /* Snapshot.swift in Sources */ = {isa = PBXBuildFile; fileRef = 0B8C7AF02BE08E2D00B4E817 /* Snapshot.swift */; };
		0B8C7AF52BE08E2D00B4E817 /* Backgrounds.swift in Sources */ = {isa = PBXBuildFile; fileRef = 0B8C7AF12BE08E2D00B4E817 /* Backgrounds.swift */; };
		0B8C7AF72BE08E4200B4E817 /* SmartButton.swift in Sources */ = {isa = PBXBuildFile; fileRef = 0B8C7AF62BE08E4200B4E817 /* SmartButton.swift */; };
		0B8C7B0E2BE08EDA00B4E817 /* Card.swift in Sources */ = {isa = PBXBuildFile; fileRef = 0B8C7B042BE08ED900B4E817 /* Card.swift */; };
		0B8C7B102BE08EDA00B4E817 /* ImageHelper.swift in Sources */ = {isa = PBXBuildFile; fileRef = 0B8C7B062BE08ED900B4E817 /* ImageHelper.swift */; };
		0B8C7B112BE08EDA00B4E817 /* CloudKitHelper.swift in Sources */ = {isa = PBXBuildFile; fileRef = 0B8C7B072BE08ED900B4E817 /* CloudKitHelper.swift */; };
		0B8C7B122BE08EDA00B4E817 /* ViewHelper.swift in Sources */ = {isa = PBXBuildFile; fileRef = 0B8C7B082BE08ED900B4E817 /* ViewHelper.swift */; };
		0B8C7B132BE08EDA00B4E817 /* TimeHelper.swift in Sources */ = {isa = PBXBuildFile; fileRef = 0B8C7B092BE08ED900B4E817 /* TimeHelper.swift */; };
		0B8C7B142BE08EDA00B4E817 /* BackgroundGroup.swift in Sources */ = {isa = PBXBuildFile; fileRef = 0B8C7B0A2BE08ED900B4E817 /* BackgroundGroup.swift */; };
		0B8C7B152BE08EDA00B4E817 /* Toast.swift in Sources */ = {isa = PBXBuildFile; fileRef = 0B8C7B0B2BE08EDA00B4E817 /* Toast.swift */; };
		0B8C7B172BE08EDA00B4E817 /* Loading.swift in Sources */ = {isa = PBXBuildFile; fileRef = 0B8C7B0D2BE08EDA00B4E817 /* Loading.swift */; };
		0B8C7B1E2BE09B1500B4E817 /* BannerShell.swift in Sources */ = {isa = PBXBuildFile; fileRef = 0B8C7B1D2BE09B1500B4E817 /* BannerShell.swift */; };
		0B8C7B212BE0A86000B4E817 /* ShellFileExt.swift in Sources */ = {isa = PBXBuildFile; fileRef = 0B8C7B202BE0A86000B4E817 /* ShellFileExt.swift */; };
		0B8C7B232BE0AD1D00B4E817 /* BannerModel.swift in Sources */ = {isa = PBXBuildFile; fileRef = 0B8C7B222BE0AD1D00B4E817 /* BannerModel.swift */; };
		0B8C7B252BE0BB7500B4E817 /* BannerList.swift in Sources */ = {isa = PBXBuildFile; fileRef = 0B8C7B242BE0BB7500B4E817 /* BannerList.swift */; };
		0B8C7B292BE0C6DB00B4E817 /* IconModel.swift in Sources */ = {isa = PBXBuildFile; fileRef = 0B8C7B282BE0C6DB00B4E817 /* IconModel.swift */; };
		0B8C7B2B2BE0C8F100B4E817 /* IconList.swift in Sources */ = {isa = PBXBuildFile; fileRef = 0B8C7B2A2BE0C8F100B4E817 /* IconList.swift */; };
		0B8C7B2F2BE0E5F100B4E817 /* Tabs.swift in Sources */ = {isa = PBXBuildFile; fileRef = 0B8C7B2E2BE0E5F100B4E817 /* Tabs.swift */; };
		0B8C7B332BE0EAE900B4E817 /* ActionTab.swift in Sources */ = {isa = PBXBuildFile; fileRef = 0B8C7B322BE0EAE900B4E817 /* ActionTab.swift */; };
		0B9EA3542C1D314200A4059A /* BannerOpacity.swift in Sources */ = {isa = PBXBuildFile; fileRef = 0B9EA3532C1D314200A4059A /* BannerOpacity.swift */; };
		0B9EA3562C1ECF5A00A4059A /* IconOpacity.swift in Sources */ = {isa = PBXBuildFile; fileRef = 0B9EA3552C1ECF5A00A4059A /* IconOpacity.swift */; };
		0BB4278E2BE72512004E6F82 /* QueueExt.swift in Sources */ = {isa = PBXBuildFile; fileRef = 0BB4278D2BE72512004E6F82 /* QueueExt.swift */; };
		0BB543E02BE8875700D7A2B2 /* BtnDelBanner.swift in Sources */ = {isa = PBXBuildFile; fileRef = 0BB543DF2BE8875700D7A2B2 /* BtnDelBanner.swift */; };
		0BB543E92BE890F200D7A2B2 /* JsonModel.swift in Sources */ = {isa = PBXBuildFile; fileRef = 0BB543E82BE890F200D7A2B2 /* JsonModel.swift */; };
		0BB543EC2BE8932300D7A2B2 /* BtnDelIcon.swift in Sources */ = {isa = PBXBuildFile; fileRef = 0BB543EB2BE8932300D7A2B2 /* BtnDelIcon.swift */; };
		0BB543F62BE9C3A800D7A2B2 /* EventExt.swift in Sources */ = {isa = PBXBuildFile; fileRef = 0BB543F52BE9C3A800D7A2B2 /* EventExt.swift */; };
		0BB555242BDB7B300044048B /* BranchExt.swift in Sources */ = {isa = PBXBuildFile; fileRef = 0BB555232BDB7B300044048B /* BranchExt.swift */; };
		0BCC6D012BD92CB2006ADA94 /* DebugCommand.swift in Sources */ = {isa = PBXBuildFile; fileRef = 0BCC6D002BD92CB2006ADA94 /* DebugCommand.swift */; };
		0BCC6D032BD932DA006ADA94 /* PathExt.swift in Sources */ = {isa = PBXBuildFile; fileRef = 0BCC6D022BD932DA006ADA94 /* PathExt.swift */; };
		0BCC6D072BD939BA006ADA94 /* Shell.swift in Sources */ = {isa = PBXBuildFile; fileRef = 0BCC6D062BD939BA006ADA94 /* Shell.swift */; };
		0BCC6D092BD939FD006ADA94 /* BtnPwd.swift in Sources */ = {isa = PBXBuildFile; fileRef = 0BCC6D082BD939FD006ADA94 /* BtnPwd.swift */; };
		0BCC6D0B2BD93E8C006ADA94 /* BtnAdd.swift in Sources */ = {isa = PBXBuildFile; fileRef = 0BCC6D0A2BD93E8C006ADA94 /* BtnAdd.swift */; };
		0BCC6D0D2BD948AB006ADA94 /* BtnSync.swift in Sources */ = {isa = PBXBuildFile; fileRef = 0BCC6D0C2BD948AB006ADA94 /* BtnSync.swift */; };
		0BCC6D112BD94B5B006ADA94 /* BtnLog.swift in Sources */ = {isa = PBXBuildFile; fileRef = 0BCC6D102BD94B5B006ADA94 /* BtnLog.swift */; };
		0BCC6D132BD94D15006ADA94 /* BtnLogs.swift in Sources */ = {isa = PBXBuildFile; fileRef = 0BCC6D122BD94D15006ADA94 /* BtnLogs.swift */; };
		0BCC6D152BD9526F006ADA94 /* GitCommit.swift in Sources */ = {isa = PBXBuildFile; fileRef = 0BCC6D142BD9526F006ADA94 /* GitCommit.swift */; };
		0BD15C4C2BDBE959004024CF /* StateExt.swift in Sources */ = {isa = PBXBuildFile; fileRef = 0BD15C4B2BDBE959004024CF /* StateExt.swift */; };
		0BD15C4E2BDBF360004024CF /* BtnMerge.swift in Sources */ = {isa = PBXBuildFile; fileRef = 0BD15C4D2BDBF360004024CF /* BtnMerge.swift */; };
		0BD15C502BDBF3BD004024CF /* MergeForm.swift in Sources */ = {isa = PBXBuildFile; fileRef = 0BD15C4F2BDBF3BD004024CF /* MergeForm.swift */; };
		0BD15C522BDC8D91004024CF /* SmartError.swift in Sources */ = {isa = PBXBuildFile; fileRef = 0BD15C512BDC8D91004024CF /* SmartError.swift */; };
		0BD15C562BDD23E1004024CF /* DiffExt.swift in Sources */ = {isa = PBXBuildFile; fileRef = 0BD15C552BDD23E1004024CF /* DiffExt.swift */; };
		0BD15C582BDD26DE004024CF /* Diff.swift in Sources */ = {isa = PBXBuildFile; fileRef = 0BD15C572BDD26DE004024CF /* Diff.swift */; };
		0BD15C5A2BDD275C004024CF /* DiffBlock.swift in Sources */ = {isa = PBXBuildFile; fileRef = 0BD15C592BDD275C004024CF /* DiffBlock.swift */; };
		0BD15C632BDD40E1004024CF /* ListPlay.swift in Sources */ = {isa = PBXBuildFile; fileRef = 0BD15C622BDD40E1004024CF /* ListPlay.swift */; };
		0BD15C672BDFE4F9004024CF /* NotGit.swift in Sources */ = {isa = PBXBuildFile; fileRef = 0BD15C662BDFE4F9004024CF /* NotGit.swift */; };
		0BD650A12CA1856000BA3CB8 /* ConfigExt.swift in Sources */ = {isa = PBXBuildFile; fileRef = 0BD650A02CA1855D00BA3CB8 /* ConfigExt.swift */; };
		0BD650C72CA18A7000BA3CB8 /* MenuTile.swift in Sources */ = {isa = PBXBuildFile; fileRef = 0BD650BB2CA18A7000BA3CB8 /* MenuTile.swift */; };
		0BD650CB2CA18A7000BA3CB8 /* CollectionExt.swift in Sources */ = {isa = PBXBuildFile; fileRef = 0BD650A22CA18A7000BA3CB8 /* CollectionExt.swift */; };
		0BD650CC2CA18A7000BA3CB8 /* DataExt.swift in Sources */ = {isa = PBXBuildFile; fileRef = 0BD650A42CA18A7000BA3CB8 /* DataExt.swift */; };
		0BD650CD2CA18A7000BA3CB8 /* ContextExt.swift in Sources */ = {isa = PBXBuildFile; fileRef = 0BD650B62CA18A7000BA3CB8 /* ContextExt.swift */; };
		0BD650CE2CA18A7000BA3CB8 /* SuperLog.swift in Sources */ = {isa = PBXBuildFile; fileRef = 0BD650AB2CA18A7000BA3CB8 /* SuperLog.swift */; };
		0BD650CF2CA18A7000BA3CB8 /* Markdown.swift in Sources */ = {isa = PBXBuildFile; fileRef = 0BD650B32CA18A7000BA3CB8 /* Markdown.swift */; };
		0BD650D02CA18A7000BA3CB8 /* MetaWrapper.swift in Sources */ = {isa = PBXBuildFile; fileRef = 0BD650A92CA18A7000BA3CB8 /* MetaWrapper.swift */; };
		0BD650D12CA18A7000BA3CB8 /* HttpClient.swift in Sources */ = {isa = PBXBuildFile; fileRef = 0BD650A72CA18A7000BA3CB8 /* HttpClient.swift */; };
		0BD650D22CA18A7000BA3CB8 /* Logger.swift in Sources */ = {isa = PBXBuildFile; fileRef = 0BD650C32CA18A7000BA3CB8 /* Logger.swift */; };
		0BD650D42CA18A7000BA3CB8 /* StringExt.swift in Sources */ = {isa = PBXBuildFile; fileRef = 0BD650B42CA18A7000BA3CB8 /* StringExt.swift */; };
		0BD650D52CA18A7000BA3CB8 /* URLExt.swift in Sources */ = {isa = PBXBuildFile; fileRef = 0BD650A52CA18A7000BA3CB8 /* URLExt.swift */; };
		0BD650D62CA18A7000BA3CB8 /* ViewExt.swift in Sources */ = {isa = PBXBuildFile; fileRef = 0BD650BD2CA18A7000BA3CB8 /* ViewExt.swift */; };
		0BD650D82CA18A7000BA3CB8 /* BtnOpenURL.swift in Sources */ = {isa = PBXBuildFile; fileRef = 0BD650B92CA18A7000BA3CB8 /* BtnOpenURL.swift */; };
		0BD650D92CA18A7000BA3CB8 /* SuperThread.swift in Sources */ = {isa = PBXBuildFile; fileRef = 0BD650AC2CA18A7000BA3CB8 /* SuperThread.swift */; };
		0BD650DA2CA18A7000BA3CB8 /* IntExt.swift in Sources */ = {isa = PBXBuildFile; fileRef = 0BD650AE2CA18A7000BA3CB8 /* IntExt.swift */; };
		0BD650DB2CA18A7000BA3CB8 /* BackgroundView.swift in Sources */ = {isa = PBXBuildFile; fileRef = 0BD650B82CA18A7000BA3CB8 /* BackgroundView.swift */; };
		0BD650DC2CA18A7000BA3CB8 /* JSON.swift in Sources */ = {isa = PBXBuildFile; fileRef = 0BD650B22CA18A7000BA3CB8 /* JSON.swift */; };
		0BD650DE2CA18A7000BA3CB8 /* Base64.swift in Sources */ = {isa = PBXBuildFile; fileRef = 0BD650B02CA18A7000BA3CB8 /* Base64.swift */; };
		0BD650DF2CA18A7000BA3CB8 /* HTML.swift in Sources */ = {isa = PBXBuildFile; fileRef = 0BD650B12CA18A7000BA3CB8 /* HTML.swift */; };
		0BD650E12CA18C6100BA3CB8 /* HttpError.swift in Sources */ = {isa = PBXBuildFile; fileRef = 0BD650E02CA18C5E00BA3CB8 /* HttpError.swift */; };
		0BD650E32CA192E600BA3CB8 /* StatusBar.swift in Sources */ = {isa = PBXBuildFile; fileRef = 0BD650E22CA192E600BA3CB8 /* StatusBar.swift */; };
		0BD650E62CA195EA00BA3CB8 /* PluginProvider.swift in Sources */ = {isa = PBXBuildFile; fileRef = 0BD650E52CA195EA00BA3CB8 /* PluginProvider.swift */; };
		0BD650E92CA1969100BA3CB8 /* SmartLog.swift in Sources */ = {isa = PBXBuildFile; fileRef = 0BD650E72CA1969100BA3CB8 /* SmartLog.swift */; };
		0BD650ED2CA196BD00BA3CB8 /* SmartMessage.swift in Sources */ = {isa = PBXBuildFile; fileRef = 0BD650EA2CA196BD00BA3CB8 /* SmartMessage.swift */; };
		0BD650EE2CA196BD00BA3CB8 /* TileMessage.swift in Sources */ = {isa = PBXBuildFile; fileRef = 0BD650EB2CA196BD00BA3CB8 /* TileMessage.swift */; };
		0BD650F02CA196EA00BA3CB8 /* MessageProvider.swift in Sources */ = {isa = PBXBuildFile; fileRef = 0BD650EF2CA196EA00BA3CB8 /* MessageProvider.swift */; };
		0BD650F32CA1A8F900BA3CB8 /* TileFile.swift in Sources */ = {isa = PBXBuildFile; fileRef = 0BD650F22CA1A8F900BA3CB8 /* TileFile.swift */; };
		0BD650F52CA1AA5D00BA3CB8 /* JSEvent.swift in Sources */ = {isa = PBXBuildFile; fileRef = 0BD650F42CA1AA5D00BA3CB8 /* JSEvent.swift */; };
		0BD650F72CA1AC6700BA3CB8 /* AppEvent.swift in Sources */ = {isa = PBXBuildFile; fileRef = 0BD650F62CA1AC6400BA3CB8 /* AppEvent.swift */; };
		0BD650F92CA1B98A00BA3CB8 /* CommitForm.swift in Sources */ = {isa = PBXBuildFile; fileRef = 0BD650F82CA1B98A00BA3CB8 /* CommitForm.swift */; };
		0BD650FB2CA2E09F00BA3CB8 /* BannerProvider.swift in Sources */ = {isa = PBXBuildFile; fileRef = 0BD650FA2CA2E09F00BA3CB8 /* BannerProvider.swift */; };
		0BD650FD2CA2E49F00BA3CB8 /* IconProvider.swift in Sources */ = {isa = PBXBuildFile; fileRef = 0BD650FC2CA2E49F00BA3CB8 /* IconProvider.swift */; };
		0BD650FF2CA2E9B100BA3CB8 /* BannerHome.swift in Sources */ = {isa = PBXBuildFile; fileRef = 0BD650FE2CA2E9B100BA3CB8 /* BannerHome.swift */; };
		0BD651012CA2EA6800BA3CB8 /* IconHome.swift in Sources */ = {isa = PBXBuildFile; fileRef = 0BD651002CA2EA6800BA3CB8 /* IconHome.swift */; };
		0BD651032CA2F51500BA3CB8 /* DetailBanner.swift in Sources */ = {isa = PBXBuildFile; fileRef = 0BD651022CA2F51500BA3CB8 /* DetailBanner.swift */; };
		0BD651052CA2F52400BA3CB8 /* DetailIcon.swift in Sources */ = {isa = PBXBuildFile; fileRef = 0BD651042CA2F52400BA3CB8 /* DetailIcon.swift */; };
		0BDE61A32BDB3C9B006E23EA /* Projects.swift in Sources */ = {isa = PBXBuildFile; fileRef = 0BDE61A22BDB3C9B006E23EA /* Projects.swift */; };
		0BDE61A52BDB408F006E23EA /* RevListExt.swift in Sources */ = {isa = PBXBuildFile; fileRef = 0BDE61A42BDB408F006E23EA /* RevListExt.swift */; };
		0BDE61A72BDB4541006E23EA /* StatusExt.swift in Sources */ = {isa = PBXBuildFile; fileRef = 0BDE61A62BDB4541006E23EA /* StatusExt.swift */; };
		0BDE61A92BDB4746006E23EA /* File.swift in Sources */ = {isa = PBXBuildFile; fileRef = 0BDE61A82BDB4746006E23EA /* File.swift */; };
		0BDE61AD2BDB4E87006E23EA /* FileTile.swift in Sources */ = {isa = PBXBuildFile; fileRef = 0BDE61AC2BDB4E86006E23EA /* FileTile.swift */; };
		0BF75EE02BDE4C0C00A553CD /* CommitTile.swift in Sources */ = {isa = PBXBuildFile; fileRef = 0BF75EDF2BDE4C0C00A553CD /* CommitTile.swift */; };
		0BF75EE22BDE5CE500A553CD /* Stage.swift in Sources */ = {isa = PBXBuildFile; fileRef = 0BF75EE12BDE5CE500A553CD /* Stage.swift */; };
		0BF75EE42BDF2CCD00A553CD /* CommitList.swift in Sources */ = {isa = PBXBuildFile; fileRef = 0BF75EE32BDF2CCD00A553CD /* CommitList.swift */; };
		0BF75EE82BDF39B500A553CD /* PushExt.swift in Sources */ = {isa = PBXBuildFile; fileRef = 0BF75EE72BDF39B500A553CD /* PushExt.swift */; };
		0BF75EEA2BDFA2FB00A553CD /* BtnOpenTerminal.swift in Sources */ = {isa = PBXBuildFile; fileRef = 0BF75EE92BDFA2FB00A553CD /* BtnOpenTerminal.swift */; };
		0BFA2E5F2BE111AA00AD98D7 /* TabBtn.swift in Sources */ = {isa = PBXBuildFile; fileRef = 0BFA2E5E2BE111AA00AD98D7 /* TabBtn.swift */; };
		F53412912C75955F0006937C /* IconScale.swift in Sources */ = {isa = PBXBuildFile; fileRef = F53412902C75955F0006937C /* IconScale.swift */; };
		F545D1602C1AD436006A6AFA /* BannerTile.swift in Sources */ = {isa = PBXBuildFile; fileRef = F545D15F2C1AD436006A6AFA /* BannerTile.swift */; };
		F545D1622C1AD6F1006A6AFA /* BannerTopBar.swift in Sources */ = {isa = PBXBuildFile; fileRef = F545D1612C1AD6F1006A6AFA /* BannerTopBar.swift */; };
		F545D1642C1ADBD0006A6AFA /* IconTile.swift in Sources */ = {isa = PBXBuildFile; fileRef = F545D1632C1ADBD0006A6AFA /* IconTile.swift */; };
		F545D1662C1ADE8B006A6AFA /* IconTopBar.swift in Sources */ = {isa = PBXBuildFile; fileRef = F545D1652C1ADE8B006A6AFA /* IconTopBar.swift */; };
		F545D1682C1AEBF1006A6AFA /* FileDetail.swift in Sources */ = {isa = PBXBuildFile; fileRef = F545D1672C1AEBF1006A6AFA /* FileDetail.swift */; };
		F545D16D2C1BF6E9006A6AFA /* BannerTitle.swift in Sources */ = {isa = PBXBuildFile; fileRef = F545D16C2C1BF6E9006A6AFA /* BannerTitle.swift */; };
		F545D16F2C1C0CF3006A6AFA /* BannerSubTitle.swift in Sources */ = {isa = PBXBuildFile; fileRef = F545D16E2C1C0CF3006A6AFA /* BannerSubTitle.swift */; };
		F545D1712C1C155E006A6AFA /* BannerImage.swift in Sources */ = {isa = PBXBuildFile; fileRef = F545D1702C1C155E006A6AFA /* BannerImage.swift */; };
		F54DFA3A2CA2991500F81BE3 /* PullExt.swift in Sources */ = {isa = PBXBuildFile; fileRef = F54DFA392CA2991300F81BE3 /* PullExt.swift */; };
		F54DFA3C2CA38EFC00F81BE3 /* URLHelper.swift in Sources */ = {isa = PBXBuildFile; fileRef = F54DFA3B2CA38EF800F81BE3 /* URLHelper.swift */; };
		F54DFA3E2CA395D800F81BE3 /* SmartImage.swift in Sources */ = {isa = PBXBuildFile; fileRef = F54DFA3D2CA395C200F81BE3 /* SmartImage.swift */; };
		F54DFA402CA3ABB800F81BE3 /* BannerEvent.swift in Sources */ = {isa = PBXBuildFile; fileRef = F54DFA3F2CA3ABB200F81BE3 /* BannerEvent.swift */; };
		F54DFA422CA3B5B900F81BE3 /* IconEvent.swift in Sources */ = {isa = PBXBuildFile; fileRef = F54DFA412CA3B5B600F81BE3 /* IconEvent.swift */; };
		F54DFA452CA3E5F200F81BE3 /* TileMerge.swift in Sources */ = {isa = PBXBuildFile; fileRef = F54DFA442CA3E5F200F81BE3 /* TileMerge.swift */; };
		F54DFA472CA4034B00F81BE3 /* ProjectPicker.swift in Sources */ = {isa = PBXBuildFile; fileRef = F54DFA462CA4034600F81BE3 /* ProjectPicker.swift */; };
		F54DFA4A2CA40BC100F81BE3 /* TileProject.swift in Sources */ = {isa = PBXBuildFile; fileRef = F54DFA492CA40BC100F81BE3 /* TileProject.swift */; };
		F588FB702CA15D5200F6AE42 /* GitEvent.swift in Sources */ = {isa = PBXBuildFile; fileRef = F588FB6F2CA15D5200F6AE42 /* GitEvent.swift */; };
		F588FB722CA15DAD00F6AE42 /* SuperEvent.swift in Sources */ = {isa = PBXBuildFile; fileRef = F588FB712CA15DAD00F6AE42 /* SuperEvent.swift */; };
		F588FB752CA16B4F00F6AE42 /* GitError.swift in Sources */ = {isa = PBXBuildFile; fileRef = F588FB742CA16B4F00F6AE42 /* GitError.swift */; };
		F588FB772CA1718800F6AE42 /* ShellError.swift in Sources */ = {isa = PBXBuildFile; fileRef = F588FB762CA1718800F6AE42 /* ShellError.swift */; };
		F588FB792CA2494E00F6AE42 /* GitProvider.swift in Sources */ = {isa = PBXBuildFile; fileRef = F588FB782CA2494E00F6AE42 /* GitProvider.swift */; };
		F5F794DC2C5A0D7D00DCB824 /* CommitSample.swift in Sources */ = {isa = PBXBuildFile; fileRef = F5F794DB2C5A0D7D00DCB824 /* CommitSample.swift */; };
		F5F794E02C5A1D2600DCB824 /* FileList.swift in Sources */ = {isa = PBXBuildFile; fileRef = F5F794DF2C5A1D2600DCB824 /* FileList.swift */; };
		F5F794E92C5B192600DCB824 /* Sparkle in Frameworks */ = {isa = PBXBuildFile; productRef = F5F794E82C5B192600DCB824 /* Sparkle */; };
		F5F794EB2C5B3E8100DCB824 /* UpdaterView.swift in Sources */ = {isa = PBXBuildFile; fileRef = F5F794EA2C5B3E8100DCB824 /* UpdaterView.swift */; };
		F5FBCC342C3FB96000CED4F1 /* DetailGit.swift in Sources */ = {isa = PBXBuildFile; fileRef = F5FBCC332C3FB96000CED4F1 /* DetailGit.swift */; };
/* End PBXBuildFile section */

/* Begin PBXCopyFilesBuildPhase section */
		0BCC6D552BDA19D4006ADA94 /* Embed XPC Services */ = {
			isa = PBXCopyFilesBuildPhase;
			buildActionMask = 2147483647;
			dstPath = "$(CONTENTS_FOLDER_PATH)/XPCServices";
			dstSubfolderSpec = 16;
			files = (
			);
			name = "Embed XPC Services";
			runOnlyForDeploymentPostprocessing = 0;
		};
/* End PBXCopyFilesBuildPhase section */

/* Begin PBXFileReference section */
		0B0E167D2BD89A8F0078942B /* GitOK.app */ = {isa = PBXFileReference; explicitFileType = wrapper.application; includeInIndex = 0; path = GitOK.app; sourceTree = BUILT_PRODUCTS_DIR; };
		0B0E16802BD89A8F0078942B /* GitOKApp.swift */ = {isa = PBXFileReference; lastKnownFileType = sourcecode.swift; path = GitOKApp.swift; sourceTree = "<group>"; };
		0B0E16822BD89A8F0078942B /* Content.swift */ = {isa = PBXFileReference; lastKnownFileType = sourcecode.swift; path = Content.swift; sourceTree = "<group>"; };
		0B0E16862BD89A910078942B /* Assets.xcassets */ = {isa = PBXFileReference; lastKnownFileType = folder.assetcatalog; path = Assets.xcassets; sourceTree = "<group>"; };
		0B0E16882BD89A910078942B /* GitOK.entitlements */ = {isa = PBXFileReference; lastKnownFileType = text.plist.entitlements; path = GitOK.entitlements; sourceTree = "<group>"; };
		0B0E168A2BD89A910078942B /* Preview Assets.xcassets */ = {isa = PBXFileReference; lastKnownFileType = folder.assetcatalog; path = "Preview Assets.xcassets"; sourceTree = "<group>"; };
		0B1C67AF2BD9099800502EB1 /* AppPreview.swift */ = {isa = PBXFileReference; lastKnownFileType = sourcecode.swift; path = AppPreview.swift; sourceTree = "<group>"; };
		0B1C67B22BD90B5700502EB1 /* AppProvider.swift */ = {isa = PBXFileReference; lastKnownFileType = sourcecode.swift; path = AppProvider.swift; sourceTree = "<group>"; };
		0B1C67B42BD9115F00502EB1 /* Branches.swift */ = {isa = PBXFileReference; lastKnownFileType = sourcecode.swift; path = Branches.swift; sourceTree = "<group>"; };
		0B1C67B92BD912D900502EB1 /* BtnCommitAndPush.swift */ = {isa = PBXFileReference; lastKnownFileType = sourcecode.swift; path = BtnCommitAndPush.swift; sourceTree = "<group>"; };
		0B1C67BB2BD9132500502EB1 /* Git.swift */ = {isa = PBXFileReference; lastKnownFileType = sourcecode.swift; path = Git.swift; sourceTree = "<group>"; };
		0B1C67BE2BD9157100502EB1 /* DBExt.swift */ = {isa = PBXFileReference; lastKnownFileType = sourcecode.swift; path = DBExt.swift; sourceTree = "<group>"; };
		0B1C67C12BD9159900502EB1 /* Project.swift */ = {isa = PBXFileReference; lastKnownFileType = sourcecode.swift; path = Project.swift; sourceTree = "<group>"; };
		0B1C67C32BD915F200502EB1 /* AppConfig.swift */ = {isa = PBXFileReference; lastKnownFileType = sourcecode.swift; path = AppConfig.swift; sourceTree = "<group>"; };
		0B1C67EA2BD9181200502EB1 /* BtnPush.swift */ = {isa = PBXFileReference; lastKnownFileType = sourcecode.swift; path = BtnPush.swift; sourceTree = "<group>"; };
		0B1C67EC2BD9D9CB00502EB1 /* CommitCategory.swift */ = {isa = PBXFileReference; lastKnownFileType = sourcecode.swift; path = CommitCategory.swift; sourceTree = "<group>"; };
		0B1C67F02BD9DB1F00502EB1 /* CommitCategoryPicker.swift */ = {isa = PBXFileReference; lastKnownFileType = sourcecode.swift; path = CommitCategoryPicker.swift; sourceTree = "<group>"; };
		0B1C67F22BD9E21B00502EB1 /* BtnOpenRemote.swift */ = {isa = PBXFileReference; lastKnownFileType = sourcecode.swift; path = BtnOpenRemote.swift; sourceTree = "<group>"; };
		0B1C67FF2BD9F68F00502EB1 /* BtnFinder.swift */ = {isa = PBXFileReference; lastKnownFileType = sourcecode.swift; path = BtnFinder.swift; sourceTree = "<group>"; };
		0B1C68012BD9F7B500502EB1 /* BtnOpen.swift */ = {isa = PBXFileReference; lastKnownFileType = sourcecode.swift; path = BtnOpen.swift; sourceTree = "<group>"; };
		0B1C68032BD9FAE500502EB1 /* BtnOpenXcode.swift */ = {isa = PBXFileReference; lastKnownFileType = sourcecode.swift; path = BtnOpenXcode.swift; sourceTree = "<group>"; };
		0B332F052BDA01E600DFA5BB /* README.md */ = {isa = PBXFileReference; lastKnownFileType = net.daringfireball.markdown; path = README.md; sourceTree = "<group>"; };
		0B332F062BDA02BC00DFA5BB /* Info.plist */ = {isa = PBXFileReference; lastKnownFileType = text.plist.xml; path = Info.plist; sourceTree = "<group>"; };
		0B44BCC52BDA947B00FBCF2F /* Branch.swift */ = {isa = PBXFileReference; lastKnownFileType = sourcecode.swift; path = Branch.swift; sourceTree = "<group>"; };
		0B6BE4602BDA603000C8ACB2 /* BtnWhoami.swift */ = {isa = PBXFileReference; lastKnownFileType = sourcecode.swift; path = BtnWhoami.swift; sourceTree = "<group>"; };
		0B6BE4642BDA7B5300C8ACB2 /* CommitExt.swift */ = {isa = PBXFileReference; lastKnownFileType = sourcecode.swift; path = CommitExt.swift; sourceTree = "<group>"; };
		0B76FCEE2BDDD12A00501F1F /* WebConfig.swift */ = {isa = PBXFileReference; lastKnownFileType = sourcecode.swift; path = WebConfig.swift; sourceTree = "<group>"; };
		0B76FCF02BDDD18400501F1F /* WebView.swift */ = {isa = PBXFileReference; lastKnownFileType = sourcecode.swift; path = WebView.swift; sourceTree = "<group>"; };
		0B76FCF32BDDD1BD00501F1F /* WebContent.swift */ = {isa = PBXFileReference; lastKnownFileType = sourcecode.swift; path = WebContent.swift; sourceTree = "<group>"; };
		0B76FCF52BDDD1DE00501F1F /* WKDelegate.swift */ = {isa = PBXFileReference; lastKnownFileType = sourcecode.swift; path = WKDelegate.swift; sourceTree = "<group>"; };
		0B76FCF92BDDD4D300501F1F /* sample_macOS */ = {isa = PBXFileReference; lastKnownFileType = folder; path = sample_macOS; sourceTree = "<group>"; };
		0B76FCFC2BDDE0E700501F1F /* webview */ = {isa = PBXFileReference; lastKnownFileType = folder; path = webview; sourceTree = "<group>"; };
		0B76FCFE2BDDE6F200501F1F /* WebApiSample.swift */ = {isa = PBXFileReference; lastKnownFileType = sourcecode.swift; path = WebApiSample.swift; sourceTree = "<group>"; };
		0B76FD052BDDF79600501F1F /* WebApi.swift */ = {isa = PBXFileReference; lastKnownFileType = sourcecode.swift; path = WebApi.swift; sourceTree = "<group>"; };
		0B76FD0F2BDDFC0100501F1F /* WebOption.swift */ = {isa = PBXFileReference; lastKnownFileType = sourcecode.swift; path = WebOption.swift; sourceTree = "<group>"; };
		0B76FD172BDE27D000501F1F /* DefaultMessageHandler.swift */ = {isa = PBXFileReference; lastKnownFileType = sourcecode.swift; path = DefaultMessageHandler.swift; sourceTree = "<group>"; };
		0B76FD1A2BDE2B2F00501F1F /* WebHandler.swift */ = {isa = PBXFileReference; lastKnownFileType = sourcecode.swift; path = WebHandler.swift; sourceTree = "<group>"; };
		0B76FD1C2BDE2D7900501F1F /* DefaultDownloadHandler.swift */ = {isa = PBXFileReference; lastKnownFileType = sourcecode.swift; path = DefaultDownloadHandler.swift; sourceTree = "<group>"; };
		0B76FD1E2BDE2FB700501F1F /* DefaultReadyHandler.swift */ = {isa = PBXFileReference; lastKnownFileType = sourcecode.swift; path = DefaultReadyHandler.swift; sourceTree = "<group>"; };
		0B76FD212BDE315800501F1F /* ReadyHandler.swift */ = {isa = PBXFileReference; lastKnownFileType = sourcecode.swift; path = ReadyHandler.swift; sourceTree = "<group>"; };
		0B76FD232BDE326300501F1F /* FileExt.swift */ = {isa = PBXFileReference; lastKnownFileType = sourcecode.swift; path = FileExt.swift; sourceTree = "<group>"; };
		0B8C7A582BE08BF600B4E817 /* IconPng.swift */ = {isa = PBXFileReference; fileEncoding = 4; lastKnownFileType = sourcecode.swift; path = IconPng.swift; sourceTree = "<group>"; };
		0B8C7A632BE08C8600B4E817 /* DB.swift */ = {isa = PBXFileReference; fileEncoding = 4; lastKnownFileType = sourcecode.swift; path = DB.swift; sourceTree = "<group>"; };
		0B8C7A642BE08C8600B4E817 /* DBTask.swift */ = {isa = PBXFileReference; fileEncoding = 4; lastKnownFileType = sourcecode.swift; path = DBTask.swift; sourceTree = "<group>"; };
		0B8C7A682BE08CA800B4E817 /* Device.swift */ = {isa = PBXFileReference; fileEncoding = 4; lastKnownFileType = sourcecode.swift; path = Device.swift; sourceTree = "<group>"; };
		0B8C7A692BE08CA800B4E817 /* DeviceType.swift */ = {isa = PBXFileReference; fileEncoding = 4; lastKnownFileType = sourcecode.swift; path = DeviceType.swift; sourceTree = "<group>"; };
		0B8C7A6B2BE08CA800B4E817 /* ToolName.swift */ = {isa = PBXFileReference; fileEncoding = 4; lastKnownFileType = sourcecode.swift; path = ToolName.swift; sourceTree = "<group>"; };
		0B8C7A702BE08CBF00B4E817 /* MacAgent.swift */ = {isa = PBXFileReference; fileEncoding = 4; lastKnownFileType = sourcecode.swift; path = MacAgent.swift; sourceTree = "<group>"; };
		0B8C7AAE2BE08D1800B4E817 /* Icons */ = {isa = PBXFileReference; lastKnownFileType = folder; path = Icons; sourceTree = "<group>"; };
		0B8C7AB22BE08DD100B4E817 /* RootView.swift */ = {isa = PBXFileReference; fileEncoding = 4; lastKnownFileType = sourcecode.swift; path = RootView.swift; sourceTree = "<group>"; };
		0B8C7ABF2BE08E0F00B4E817 /* ScreeniMac.swift */ = {isa = PBXFileReference; fileEncoding = 4; lastKnownFileType = sourcecode.swift; path = ScreeniMac.swift; sourceTree = "<group>"; };
		0B8C7AC02BE08E0F00B4E817 /* ScreeniPad.swift */ = {isa = PBXFileReference; fileEncoding = 4; lastKnownFileType = sourcecode.swift; path = ScreeniPad.swift; sourceTree = "<group>"; };
		0B8C7AC12BE08E0F00B4E817 /* ScreeniPhone.swift */ = {isa = PBXFileReference; fileEncoding = 4; lastKnownFileType = sourcecode.swift; path = ScreeniPhone.swift; sourceTree = "<group>"; };
		0B8C7AC22BE08E0F00B4E817 /* ScreenMacBook.swift */ = {isa = PBXFileReference; fileEncoding = 4; lastKnownFileType = sourcecode.swift; path = ScreenMacBook.swift; sourceTree = "<group>"; };
		0B8C7AC82BE08E1900B4E817 /* Feature.swift */ = {isa = PBXFileReference; fileEncoding = 4; lastKnownFileType = sourcecode.swift; path = Feature.swift; sourceTree = "<group>"; };
		0B8C7AC92BE08E1900B4E817 /* Features.swift */ = {isa = PBXFileReference; fileEncoding = 4; lastKnownFileType = sourcecode.swift; path = Features.swift; sourceTree = "<group>"; };
		0B8C7ACA2BE08E1900B4E817 /* BannerLayout.swift */ = {isa = PBXFileReference; fileEncoding = 4; lastKnownFileType = sourcecode.swift; path = BannerLayout.swift; sourceTree = "<group>"; };
		0B8C7AE42BE08E2200B4E817 /* IconItem.swift */ = {isa = PBXFileReference; fileEncoding = 4; lastKnownFileType = sourcecode.swift; path = IconItem.swift; sourceTree = "<group>"; };
		0B8C7AE52BE08E2200B4E817 /* IconAsset.swift */ = {isa = PBXFileReference; fileEncoding = 4; lastKnownFileType = sourcecode.swift; path = IconAsset.swift; sourceTree = "<group>"; };
		0B8C7AE62BE08E2200B4E817 /* IconMaker.swift */ = {isa = PBXFileReference; fileEncoding = 4; lastKnownFileType = sourcecode.swift; path = IconMaker.swift; sourceTree = "<group>"; };
		0B8C7AEE2BE08E2D00B4E817 /* Operator.swift */ = {isa = PBXFileReference; fileEncoding = 4; lastKnownFileType = sourcecode.swift; path = Operator.swift; sourceTree = "<group>"; };
		0B8C7AEF2BE08E2D00B4E817 /* Message.swift */ = {isa = PBXFileReference; fileEncoding = 4; lastKnownFileType = sourcecode.swift; path = Message.swift; sourceTree = "<group>"; };
		0B8C7AF02BE08E2D00B4E817 /* Snapshot.swift */ = {isa = PBXFileReference; fileEncoding = 4; lastKnownFileType = sourcecode.swift; path = Snapshot.swift; sourceTree = "<group>"; };
		0B8C7AF12BE08E2D00B4E817 /* Backgrounds.swift */ = {isa = PBXFileReference; fileEncoding = 4; lastKnownFileType = sourcecode.swift; path = Backgrounds.swift; sourceTree = "<group>"; };
		0B8C7AF62BE08E4200B4E817 /* SmartButton.swift */ = {isa = PBXFileReference; fileEncoding = 4; lastKnownFileType = sourcecode.swift; path = SmartButton.swift; sourceTree = "<group>"; };
		0B8C7B042BE08ED900B4E817 /* Card.swift */ = {isa = PBXFileReference; fileEncoding = 4; lastKnownFileType = sourcecode.swift; path = Card.swift; sourceTree = "<group>"; };
		0B8C7B062BE08ED900B4E817 /* ImageHelper.swift */ = {isa = PBXFileReference; fileEncoding = 4; lastKnownFileType = sourcecode.swift; path = ImageHelper.swift; sourceTree = "<group>"; };
		0B8C7B072BE08ED900B4E817 /* CloudKitHelper.swift */ = {isa = PBXFileReference; fileEncoding = 4; lastKnownFileType = sourcecode.swift; path = CloudKitHelper.swift; sourceTree = "<group>"; };
		0B8C7B082BE08ED900B4E817 /* ViewHelper.swift */ = {isa = PBXFileReference; fileEncoding = 4; lastKnownFileType = sourcecode.swift; path = ViewHelper.swift; sourceTree = "<group>"; };
		0B8C7B092BE08ED900B4E817 /* TimeHelper.swift */ = {isa = PBXFileReference; fileEncoding = 4; lastKnownFileType = sourcecode.swift; path = TimeHelper.swift; sourceTree = "<group>"; };
		0B8C7B0A2BE08ED900B4E817 /* BackgroundGroup.swift */ = {isa = PBXFileReference; fileEncoding = 4; lastKnownFileType = sourcecode.swift; path = BackgroundGroup.swift; sourceTree = "<group>"; };
		0B8C7B0B2BE08EDA00B4E817 /* Toast.swift */ = {isa = PBXFileReference; fileEncoding = 4; lastKnownFileType = sourcecode.swift; path = Toast.swift; sourceTree = "<group>"; };
		0B8C7B0D2BE08EDA00B4E817 /* Loading.swift */ = {isa = PBXFileReference; fileEncoding = 4; lastKnownFileType = sourcecode.swift; path = Loading.swift; sourceTree = "<group>"; };
		0B8C7B1D2BE09B1500B4E817 /* BannerShell.swift */ = {isa = PBXFileReference; lastKnownFileType = sourcecode.swift; path = BannerShell.swift; sourceTree = "<group>"; };
		0B8C7B202BE0A86000B4E817 /* ShellFileExt.swift */ = {isa = PBXFileReference; lastKnownFileType = sourcecode.swift; path = ShellFileExt.swift; sourceTree = "<group>"; };
		0B8C7B222BE0AD1D00B4E817 /* BannerModel.swift */ = {isa = PBXFileReference; lastKnownFileType = sourcecode.swift; path = BannerModel.swift; sourceTree = "<group>"; };
		0B8C7B242BE0BB7500B4E817 /* BannerList.swift */ = {isa = PBXFileReference; lastKnownFileType = sourcecode.swift; path = BannerList.swift; sourceTree = "<group>"; };
		0B8C7B282BE0C6DB00B4E817 /* IconModel.swift */ = {isa = PBXFileReference; lastKnownFileType = sourcecode.swift; path = IconModel.swift; sourceTree = "<group>"; };
		0B8C7B2A2BE0C8F100B4E817 /* IconList.swift */ = {isa = PBXFileReference; lastKnownFileType = sourcecode.swift; path = IconList.swift; sourceTree = "<group>"; };
		0B8C7B2E2BE0E5F100B4E817 /* Tabs.swift */ = {isa = PBXFileReference; lastKnownFileType = sourcecode.swift; path = Tabs.swift; sourceTree = "<group>"; };
		0B8C7B322BE0EAE900B4E817 /* ActionTab.swift */ = {isa = PBXFileReference; lastKnownFileType = sourcecode.swift; path = ActionTab.swift; sourceTree = "<group>"; };
		0B9EA3532C1D314200A4059A /* BannerOpacity.swift */ = {isa = PBXFileReference; lastKnownFileType = sourcecode.swift; path = BannerOpacity.swift; sourceTree = "<group>"; };
		0B9EA3552C1ECF5A00A4059A /* IconOpacity.swift */ = {isa = PBXFileReference; lastKnownFileType = sourcecode.swift; path = IconOpacity.swift; sourceTree = "<group>"; };
		0BB4278D2BE72512004E6F82 /* QueueExt.swift */ = {isa = PBXFileReference; lastKnownFileType = sourcecode.swift; path = QueueExt.swift; sourceTree = "<group>"; };
		0BB543DF2BE8875700D7A2B2 /* BtnDelBanner.swift */ = {isa = PBXFileReference; lastKnownFileType = sourcecode.swift; path = BtnDelBanner.swift; sourceTree = "<group>"; };
		0BB543E82BE890F200D7A2B2 /* JsonModel.swift */ = {isa = PBXFileReference; lastKnownFileType = sourcecode.swift; path = JsonModel.swift; sourceTree = "<group>"; };
		0BB543EB2BE8932300D7A2B2 /* BtnDelIcon.swift */ = {isa = PBXFileReference; lastKnownFileType = sourcecode.swift; path = BtnDelIcon.swift; sourceTree = "<group>"; };
		0BB543F52BE9C3A800D7A2B2 /* EventExt.swift */ = {isa = PBXFileReference; lastKnownFileType = sourcecode.swift; path = EventExt.swift; sourceTree = "<group>"; };
		0BB555232BDB7B300044048B /* BranchExt.swift */ = {isa = PBXFileReference; lastKnownFileType = sourcecode.swift; path = BranchExt.swift; sourceTree = "<group>"; };
		0BCC6D002BD92CB2006ADA94 /* DebugCommand.swift */ = {isa = PBXFileReference; lastKnownFileType = sourcecode.swift; path = DebugCommand.swift; sourceTree = "<group>"; };
		0BCC6D022BD932DA006ADA94 /* PathExt.swift */ = {isa = PBXFileReference; lastKnownFileType = sourcecode.swift; path = PathExt.swift; sourceTree = "<group>"; };
		0BCC6D062BD939BA006ADA94 /* Shell.swift */ = {isa = PBXFileReference; lastKnownFileType = sourcecode.swift; path = Shell.swift; sourceTree = "<group>"; };
		0BCC6D082BD939FD006ADA94 /* BtnPwd.swift */ = {isa = PBXFileReference; lastKnownFileType = sourcecode.swift; path = BtnPwd.swift; sourceTree = "<group>"; };
		0BCC6D0A2BD93E8C006ADA94 /* BtnAdd.swift */ = {isa = PBXFileReference; lastKnownFileType = sourcecode.swift; path = BtnAdd.swift; sourceTree = "<group>"; };
		0BCC6D0C2BD948AB006ADA94 /* BtnSync.swift */ = {isa = PBXFileReference; lastKnownFileType = sourcecode.swift; path = BtnSync.swift; sourceTree = "<group>"; };
		0BCC6D102BD94B5B006ADA94 /* BtnLog.swift */ = {isa = PBXFileReference; lastKnownFileType = sourcecode.swift; path = BtnLog.swift; sourceTree = "<group>"; };
		0BCC6D122BD94D15006ADA94 /* BtnLogs.swift */ = {isa = PBXFileReference; lastKnownFileType = sourcecode.swift; path = BtnLogs.swift; sourceTree = "<group>"; };
		0BCC6D142BD9526F006ADA94 /* GitCommit.swift */ = {isa = PBXFileReference; lastKnownFileType = sourcecode.swift; path = GitCommit.swift; sourceTree = "<group>"; };
		0BD15C4B2BDBE959004024CF /* StateExt.swift */ = {isa = PBXFileReference; lastKnownFileType = sourcecode.swift; path = StateExt.swift; sourceTree = "<group>"; };
		0BD15C4D2BDBF360004024CF /* BtnMerge.swift */ = {isa = PBXFileReference; lastKnownFileType = sourcecode.swift; path = BtnMerge.swift; sourceTree = "<group>"; };
		0BD15C4F2BDBF3BD004024CF /* MergeForm.swift */ = {isa = PBXFileReference; lastKnownFileType = sourcecode.swift; path = MergeForm.swift; sourceTree = "<group>"; };
		0BD15C512BDC8D91004024CF /* SmartError.swift */ = {isa = PBXFileReference; lastKnownFileType = sourcecode.swift; path = SmartError.swift; sourceTree = "<group>"; };
		0BD15C552BDD23E1004024CF /* DiffExt.swift */ = {isa = PBXFileReference; lastKnownFileType = sourcecode.swift; path = DiffExt.swift; sourceTree = "<group>"; };
		0BD15C572BDD26DE004024CF /* Diff.swift */ = {isa = PBXFileReference; lastKnownFileType = sourcecode.swift; path = Diff.swift; sourceTree = "<group>"; };
		0BD15C592BDD275C004024CF /* DiffBlock.swift */ = {isa = PBXFileReference; lastKnownFileType = sourcecode.swift; path = DiffBlock.swift; sourceTree = "<group>"; };
		0BD15C622BDD40E1004024CF /* ListPlay.swift */ = {isa = PBXFileReference; lastKnownFileType = sourcecode.swift; path = ListPlay.swift; sourceTree = "<group>"; };
		0BD15C662BDFE4F9004024CF /* NotGit.swift */ = {isa = PBXFileReference; lastKnownFileType = sourcecode.swift; path = NotGit.swift; sourceTree = "<group>"; };
		0BD650A02CA1855D00BA3CB8 /* ConfigExt.swift */ = {isa = PBXFileReference; lastKnownFileType = sourcecode.swift; path = ConfigExt.swift; sourceTree = "<group>"; };
		0BD650A22CA18A7000BA3CB8 /* CollectionExt.swift */ = {isa = PBXFileReference; lastKnownFileType = sourcecode.swift; path = CollectionExt.swift; sourceTree = "<group>"; };
		0BD650A42CA18A7000BA3CB8 /* DataExt.swift */ = {isa = PBXFileReference; lastKnownFileType = sourcecode.swift; path = DataExt.swift; sourceTree = "<group>"; };
		0BD650A52CA18A7000BA3CB8 /* URLExt.swift */ = {isa = PBXFileReference; lastKnownFileType = sourcecode.swift; path = URLExt.swift; sourceTree = "<group>"; };
		0BD650A72CA18A7000BA3CB8 /* HttpClient.swift */ = {isa = PBXFileReference; lastKnownFileType = sourcecode.swift; path = HttpClient.swift; sourceTree = "<group>"; };
		0BD650A92CA18A7000BA3CB8 /* MetaWrapper.swift */ = {isa = PBXFileReference; lastKnownFileType = sourcecode.swift; path = MetaWrapper.swift; sourceTree = "<group>"; };
		0BD650AB2CA18A7000BA3CB8 /* SuperLog.swift */ = {isa = PBXFileReference; lastKnownFileType = sourcecode.swift; path = SuperLog.swift; sourceTree = "<group>"; };
		0BD650AC2CA18A7000BA3CB8 /* SuperThread.swift */ = {isa = PBXFileReference; lastKnownFileType = sourcecode.swift; path = SuperThread.swift; sourceTree = "<group>"; };
		0BD650AE2CA18A7000BA3CB8 /* IntExt.swift */ = {isa = PBXFileReference; lastKnownFileType = sourcecode.swift; path = IntExt.swift; sourceTree = "<group>"; };
		0BD650B02CA18A7000BA3CB8 /* Base64.swift */ = {isa = PBXFileReference; lastKnownFileType = sourcecode.swift; path = Base64.swift; sourceTree = "<group>"; };
		0BD650B12CA18A7000BA3CB8 /* HTML.swift */ = {isa = PBXFileReference; lastKnownFileType = sourcecode.swift; path = HTML.swift; sourceTree = "<group>"; };
		0BD650B22CA18A7000BA3CB8 /* JSON.swift */ = {isa = PBXFileReference; lastKnownFileType = sourcecode.swift; path = JSON.swift; sourceTree = "<group>"; };
		0BD650B32CA18A7000BA3CB8 /* Markdown.swift */ = {isa = PBXFileReference; lastKnownFileType = sourcecode.swift; path = Markdown.swift; sourceTree = "<group>"; };
		0BD650B42CA18A7000BA3CB8 /* StringExt.swift */ = {isa = PBXFileReference; lastKnownFileType = sourcecode.swift; path = StringExt.swift; sourceTree = "<group>"; };
		0BD650B62CA18A7000BA3CB8 /* ContextExt.swift */ = {isa = PBXFileReference; lastKnownFileType = sourcecode.swift; path = ContextExt.swift; sourceTree = "<group>"; };
		0BD650B82CA18A7000BA3CB8 /* BackgroundView.swift */ = {isa = PBXFileReference; lastKnownFileType = sourcecode.swift; path = BackgroundView.swift; sourceTree = "<group>"; };
		0BD650B92CA18A7000BA3CB8 /* BtnOpenURL.swift */ = {isa = PBXFileReference; lastKnownFileType = sourcecode.swift; path = BtnOpenURL.swift; sourceTree = "<group>"; };
		0BD650BB2CA18A7000BA3CB8 /* MenuTile.swift */ = {isa = PBXFileReference; lastKnownFileType = sourcecode.swift; path = MenuTile.swift; sourceTree = "<group>"; };
		0BD650BD2CA18A7000BA3CB8 /* ViewExt.swift */ = {isa = PBXFileReference; lastKnownFileType = sourcecode.swift; path = ViewExt.swift; sourceTree = "<group>"; };
		0BD650C32CA18A7000BA3CB8 /* Logger.swift */ = {isa = PBXFileReference; lastKnownFileType = sourcecode.swift; path = Logger.swift; sourceTree = "<group>"; };
		0BD650E02CA18C5E00BA3CB8 /* HttpError.swift */ = {isa = PBXFileReference; lastKnownFileType = sourcecode.swift; path = HttpError.swift; sourceTree = "<group>"; };
		0BD650E22CA192E600BA3CB8 /* StatusBar.swift */ = {isa = PBXFileReference; lastKnownFileType = sourcecode.swift; path = StatusBar.swift; sourceTree = "<group>"; };
		0BD650E52CA195EA00BA3CB8 /* PluginProvider.swift */ = {isa = PBXFileReference; lastKnownFileType = sourcecode.swift; path = PluginProvider.swift; sourceTree = "<group>"; };
		0BD650E72CA1969100BA3CB8 /* SmartLog.swift */ = {isa = PBXFileReference; lastKnownFileType = sourcecode.swift; path = SmartLog.swift; sourceTree = "<group>"; };
		0BD650EA2CA196BD00BA3CB8 /* SmartMessage.swift */ = {isa = PBXFileReference; lastKnownFileType = sourcecode.swift; path = SmartMessage.swift; sourceTree = "<group>"; };
		0BD650EB2CA196BD00BA3CB8 /* TileMessage.swift */ = {isa = PBXFileReference; lastKnownFileType = sourcecode.swift; path = TileMessage.swift; sourceTree = "<group>"; };
		0BD650EF2CA196EA00BA3CB8 /* MessageProvider.swift */ = {isa = PBXFileReference; lastKnownFileType = sourcecode.swift; path = MessageProvider.swift; sourceTree = "<group>"; };
		0BD650F22CA1A8F900BA3CB8 /* TileFile.swift */ = {isa = PBXFileReference; lastKnownFileType = sourcecode.swift; path = TileFile.swift; sourceTree = "<group>"; };
		0BD650F42CA1AA5D00BA3CB8 /* JSEvent.swift */ = {isa = PBXFileReference; lastKnownFileType = sourcecode.swift; path = JSEvent.swift; sourceTree = "<group>"; };
		0BD650F62CA1AC6400BA3CB8 /* AppEvent.swift */ = {isa = PBXFileReference; lastKnownFileType = sourcecode.swift; path = AppEvent.swift; sourceTree = "<group>"; };
		0BD650F82CA1B98A00BA3CB8 /* CommitForm.swift */ = {isa = PBXFileReference; lastKnownFileType = sourcecode.swift; path = CommitForm.swift; sourceTree = "<group>"; };
		0BD650FA2CA2E09F00BA3CB8 /* BannerProvider.swift */ = {isa = PBXFileReference; lastKnownFileType = sourcecode.swift; path = BannerProvider.swift; sourceTree = "<group>"; };
		0BD650FC2CA2E49F00BA3CB8 /* IconProvider.swift */ = {isa = PBXFileReference; lastKnownFileType = sourcecode.swift; path = IconProvider.swift; sourceTree = "<group>"; };
		0BD650FE2CA2E9B100BA3CB8 /* BannerHome.swift */ = {isa = PBXFileReference; lastKnownFileType = sourcecode.swift; path = BannerHome.swift; sourceTree = "<group>"; };
		0BD651002CA2EA6800BA3CB8 /* IconHome.swift */ = {isa = PBXFileReference; lastKnownFileType = sourcecode.swift; path = IconHome.swift; sourceTree = "<group>"; };
		0BD651022CA2F51500BA3CB8 /* DetailBanner.swift */ = {isa = PBXFileReference; lastKnownFileType = sourcecode.swift; path = DetailBanner.swift; sourceTree = "<group>"; };
		0BD651042CA2F52400BA3CB8 /* DetailIcon.swift */ = {isa = PBXFileReference; lastKnownFileType = sourcecode.swift; path = DetailIcon.swift; sourceTree = "<group>"; };
		0BDE61A22BDB3C9B006E23EA /* Projects.swift */ = {isa = PBXFileReference; lastKnownFileType = sourcecode.swift; path = Projects.swift; sourceTree = "<group>"; };
		0BDE61A42BDB408F006E23EA /* RevListExt.swift */ = {isa = PBXFileReference; lastKnownFileType = sourcecode.swift; path = RevListExt.swift; sourceTree = "<group>"; };
		0BDE61A62BDB4541006E23EA /* StatusExt.swift */ = {isa = PBXFileReference; lastKnownFileType = sourcecode.swift; path = StatusExt.swift; sourceTree = "<group>"; };
		0BDE61A82BDB4746006E23EA /* File.swift */ = {isa = PBXFileReference; lastKnownFileType = sourcecode.swift; path = File.swift; sourceTree = "<group>"; };
		0BDE61AC2BDB4E86006E23EA /* FileTile.swift */ = {isa = PBXFileReference; lastKnownFileType = sourcecode.swift; path = FileTile.swift; sourceTree = "<group>"; };
		0BF75EDF2BDE4C0C00A553CD /* CommitTile.swift */ = {isa = PBXFileReference; lastKnownFileType = sourcecode.swift; path = CommitTile.swift; sourceTree = "<group>"; };
		0BF75EE12BDE5CE500A553CD /* Stage.swift */ = {isa = PBXFileReference; lastKnownFileType = sourcecode.swift; path = Stage.swift; sourceTree = "<group>"; };
		0BF75EE32BDF2CCD00A553CD /* CommitList.swift */ = {isa = PBXFileReference; lastKnownFileType = sourcecode.swift; path = CommitList.swift; sourceTree = "<group>"; };
		0BF75EE72BDF39B500A553CD /* PushExt.swift */ = {isa = PBXFileReference; lastKnownFileType = sourcecode.swift; path = PushExt.swift; sourceTree = "<group>"; };
		0BF75EE92BDFA2FB00A553CD /* BtnOpenTerminal.swift */ = {isa = PBXFileReference; lastKnownFileType = sourcecode.swift; path = BtnOpenTerminal.swift; sourceTree = "<group>"; };
		0BFA2E5E2BE111AA00AD98D7 /* TabBtn.swift */ = {isa = PBXFileReference; lastKnownFileType = sourcecode.swift; path = TabBtn.swift; sourceTree = "<group>"; };
		F53412902C75955F0006937C /* IconScale.swift */ = {isa = PBXFileReference; lastKnownFileType = sourcecode.swift; path = IconScale.swift; sourceTree = "<group>"; };
		F545D15F2C1AD436006A6AFA /* BannerTile.swift */ = {isa = PBXFileReference; lastKnownFileType = sourcecode.swift; path = BannerTile.swift; sourceTree = "<group>"; };
		F545D1612C1AD6F1006A6AFA /* BannerTopBar.swift */ = {isa = PBXFileReference; lastKnownFileType = sourcecode.swift; path = BannerTopBar.swift; sourceTree = "<group>"; };
		F545D1632C1ADBD0006A6AFA /* IconTile.swift */ = {isa = PBXFileReference; lastKnownFileType = sourcecode.swift; path = IconTile.swift; sourceTree = "<group>"; };
		F545D1652C1ADE8B006A6AFA /* IconTopBar.swift */ = {isa = PBXFileReference; lastKnownFileType = sourcecode.swift; path = IconTopBar.swift; sourceTree = "<group>"; };
		F545D1672C1AEBF1006A6AFA /* FileDetail.swift */ = {isa = PBXFileReference; lastKnownFileType = sourcecode.swift; path = FileDetail.swift; sourceTree = "<group>"; };
		F545D16C2C1BF6E9006A6AFA /* BannerTitle.swift */ = {isa = PBXFileReference; lastKnownFileType = sourcecode.swift; path = BannerTitle.swift; sourceTree = "<group>"; };
		F545D16E2C1C0CF3006A6AFA /* BannerSubTitle.swift */ = {isa = PBXFileReference; lastKnownFileType = sourcecode.swift; path = BannerSubTitle.swift; sourceTree = "<group>"; };
		F545D1702C1C155E006A6AFA /* BannerImage.swift */ = {isa = PBXFileReference; lastKnownFileType = sourcecode.swift; path = BannerImage.swift; sourceTree = "<group>"; };
		F54DFA392CA2991300F81BE3 /* PullExt.swift */ = {isa = PBXFileReference; lastKnownFileType = sourcecode.swift; path = PullExt.swift; sourceTree = "<group>"; };
		F54DFA3B2CA38EF800F81BE3 /* URLHelper.swift */ = {isa = PBXFileReference; lastKnownFileType = sourcecode.swift; path = URLHelper.swift; sourceTree = "<group>"; };
		F54DFA3D2CA395C200F81BE3 /* SmartImage.swift */ = {isa = PBXFileReference; lastKnownFileType = sourcecode.swift; path = SmartImage.swift; sourceTree = "<group>"; };
		F54DFA3F2CA3ABB200F81BE3 /* BannerEvent.swift */ = {isa = PBXFileReference; lastKnownFileType = sourcecode.swift; path = BannerEvent.swift; sourceTree = "<group>"; };
		F54DFA412CA3B5B600F81BE3 /* IconEvent.swift */ = {isa = PBXFileReference; lastKnownFileType = sourcecode.swift; path = IconEvent.swift; sourceTree = "<group>"; };
		F54DFA442CA3E5F200F81BE3 /* TileMerge.swift */ = {isa = PBXFileReference; lastKnownFileType = sourcecode.swift; path = TileMerge.swift; sourceTree = "<group>"; };
		F54DFA462CA4034600F81BE3 /* ProjectPicker.swift */ = {isa = PBXFileReference; lastKnownFileType = sourcecode.swift; path = ProjectPicker.swift; sourceTree = "<group>"; };
		F54DFA492CA40BC100F81BE3 /* TileProject.swift */ = {isa = PBXFileReference; lastKnownFileType = sourcecode.swift; path = TileProject.swift; sourceTree = "<group>"; };
		F588FB6F2CA15D5200F6AE42 /* GitEvent.swift */ = {isa = PBXFileReference; lastKnownFileType = sourcecode.swift; path = GitEvent.swift; sourceTree = "<group>"; };
		F588FB712CA15DAD00F6AE42 /* SuperEvent.swift */ = {isa = PBXFileReference; lastKnownFileType = sourcecode.swift; path = SuperEvent.swift; sourceTree = "<group>"; };
		F588FB742CA16B4F00F6AE42 /* GitError.swift */ = {isa = PBXFileReference; lastKnownFileType = sourcecode.swift; path = GitError.swift; sourceTree = "<group>"; };
		F588FB762CA1718800F6AE42 /* ShellError.swift */ = {isa = PBXFileReference; lastKnownFileType = sourcecode.swift; path = ShellError.swift; sourceTree = "<group>"; };
		F588FB782CA2494E00F6AE42 /* GitProvider.swift */ = {isa = PBXFileReference; lastKnownFileType = sourcecode.swift; path = GitProvider.swift; sourceTree = "<group>"; };
		F5F794DB2C5A0D7D00DCB824 /* CommitSample.swift */ = {isa = PBXFileReference; lastKnownFileType = sourcecode.swift; path = CommitSample.swift; sourceTree = "<group>"; };
		F5F794DF2C5A1D2600DCB824 /* FileList.swift */ = {isa = PBXFileReference; lastKnownFileType = sourcecode.swift; path = FileList.swift; sourceTree = "<group>"; };
		F5F794EA2C5B3E8100DCB824 /* UpdaterView.swift */ = {isa = PBXFileReference; lastKnownFileType = sourcecode.swift; path = UpdaterView.swift; sourceTree = "<group>"; };
		F5FBCC332C3FB96000CED4F1 /* DetailGit.swift */ = {isa = PBXFileReference; lastKnownFileType = sourcecode.swift; path = DetailGit.swift; sourceTree = "<group>"; };
/* End PBXFileReference section */

/* Begin PBXFrameworksBuildPhase section */
		0B0E167A2BD89A8F0078942B /* Frameworks */ = {
			isa = PBXFrameworksBuildPhase;
			buildActionMask = 2147483647;
			files = (
				F5F794E92C5B192600DCB824 /* Sparkle in Frameworks */,
			);
			runOnlyForDeploymentPostprocessing = 0;
		};
/* End PBXFrameworksBuildPhase section */

/* Begin PBXGroup section */
		0B0E16742BD89A8F0078942B = {
			isa = PBXGroup;
			children = (
				0B332F062BDA02BC00DFA5BB /* Info.plist */,
				0B0E16882BD89A910078942B /* GitOK.entitlements */,
				0BD650C52CA18A7000BA3CB8 /* Helper */,
				0B0E167F2BD89A8F0078942B /* App */,
				0BD650E42CA1956D00BA3CB8 /* Plugins */,
				0B0E16892BD89A910078942B /* Preview Content */,
				0B0E167E2BD89A8F0078942B /* Products */,
				0B332F052BDA01E600DFA5BB /* README.md */,
				0B76FCF72BDDD4C600501F1F /* Resources */,
			);
			sourceTree = "<group>";
		};
		0B0E167E2BD89A8F0078942B /* Products */ = {
			isa = PBXGroup;
			children = (
				0B0E167D2BD89A8F0078942B /* GitOK.app */,
			);
			name = Products;
			sourceTree = "<group>";
		};
		0B0E167F2BD89A8F0078942B /* App */ = {
			isa = PBXGroup;
			children = (
				0B0E16862BD89A910078942B /* Assets.xcassets */,
				0BCC6CFE2BD92C31006ADA94 /* Bootstrap */,
				0BCC6CFF2BD92CA2006ADA94 /* Command */,
				0B1C67BD2BD9156600502EB1 /* Config */,
				0BB543E72BE890DA00D7A2B2 /* Contact */,
				0B8C7A652BE08C8600B4E817 /* Database */,
				0B8C7A712BE08CBF00B4E817 /* Delegate */,
				0B1C67AE2BD9098400502EB1 /* Dev */,
				F5F794DA2C5A0D6100DCB824 /* Entity */,
				F588FB6E2CA15D4100F6AE42 /* Event */,
				F588FB732CA16B3A00F6AE42 /* Exception */,
				0B1C67C02BD9157A00502EB1 /* Models */,
				0B1C67B12BD90B4A00502EB1 /* Providers */,
				0BDE61A12BDB37C6006E23EA /* Terminal */,
				0B0E16912BD89C240078942B /* Views */,
				0B76FD202BDE302C00501F1F /* WebView */,
			);
			path = App;
			sourceTree = "<group>";
		};
		0B0E16892BD89A910078942B /* Preview Content */ = {
			isa = PBXGroup;
			children = (
				0B0E168A2BD89A910078942B /* Preview Assets.xcassets */,
			);
			path = "Preview Content";
			sourceTree = "<group>";
		};
		0B0E16912BD89C240078942B /* Views */ = {
			isa = PBXGroup;
			children = (
				0B1C67B62BD9127000502EB1 /* Button */,
				0BFA2E602BE11E7200AD98D7 /* Content */,
				0B1C67F72BD9E60500502EB1 /* Detail */,
				0B1C67F62BD9E5E700502EB1 /* Layout */,
			);
			path = Views;
			sourceTree = "<group>";
		};
		0B1C67AE2BD9098400502EB1 /* Dev */ = {
			isa = PBXGroup;
			children = (
				0B1C67AF2BD9099800502EB1 /* AppPreview.swift */,
				0BD15C622BDD40E1004024CF /* ListPlay.swift */,
			);
			path = Dev;
			sourceTree = "<group>";
		};
		0B1C67B12BD90B4A00502EB1 /* Providers */ = {
			isa = PBXGroup;
			children = (
				0B1C67B22BD90B5700502EB1 /* AppProvider.swift */,
				0BD650FA2CA2E09F00BA3CB8 /* BannerProvider.swift */,
				F588FB782CA2494E00F6AE42 /* GitProvider.swift */,
				0BD650FC2CA2E49F00BA3CB8 /* IconProvider.swift */,
				0BD650EF2CA196EA00BA3CB8 /* MessageProvider.swift */,
				0BD650E52CA195EA00BA3CB8 /* PluginProvider.swift */,
			);
			path = Providers;
			sourceTree = "<group>";
		};
		0B1C67B62BD9127000502EB1 /* Button */ = {
			isa = PBXGroup;
			children = (
				0BB543DE2BE8874600D7A2B2 /* Banner */,
				0BCC6D0A2BD93E8C006ADA94 /* BtnAdd.swift */,
				0B1C67B92BD912D900502EB1 /* BtnCommitAndPush.swift */,
				0B1C67FF2BD9F68F00502EB1 /* BtnFinder.swift */,
				0BCC6D102BD94B5B006ADA94 /* BtnLog.swift */,
				0BCC6D122BD94D15006ADA94 /* BtnLogs.swift */,
				0B1C68012BD9F7B500502EB1 /* BtnOpen.swift */,
				0B1C67F22BD9E21B00502EB1 /* BtnOpenRemote.swift */,
				0BF75EE92BDFA2FB00A553CD /* BtnOpenTerminal.swift */,
				0B1C68032BD9FAE500502EB1 /* BtnOpenXcode.swift */,
				0B1C67EA2BD9181200502EB1 /* BtnPush.swift */,
				0BCC6D082BD939FD006ADA94 /* BtnPwd.swift */,
				0BCC6D0C2BD948AB006ADA94 /* BtnSync.swift */,
				0B6BE4602BDA603000C8ACB2 /* BtnWhoami.swift */,
				0BB543EA2BE8931500D7A2B2 /* Icon */,
				0B8C7AF62BE08E4200B4E817 /* SmartButton.swift */,
			);
			path = Button;
			sourceTree = "<group>";
		};
		0B1C67BD2BD9156600502EB1 /* Config */ = {
			isa = PBXGroup;
			children = (
				0B1C67C32BD915F200502EB1 /* AppConfig.swift */,
				0B1C67BE2BD9157100502EB1 /* DBExt.swift */,
				0B8C7A682BE08CA800B4E817 /* Device.swift */,
				0B8C7A692BE08CA800B4E817 /* DeviceType.swift */,
				0BB543F52BE9C3A800D7A2B2 /* EventExt.swift */,
				0BCC6D022BD932DA006ADA94 /* PathExt.swift */,
				0BB4278D2BE72512004E6F82 /* QueueExt.swift */,
				0BD15C512BDC8D91004024CF /* SmartError.swift */,
				0BD15C4B2BDBE959004024CF /* StateExt.swift */,
				0B8C7A6B2BE08CA800B4E817 /* ToolName.swift */,
				0B76FCEE2BDDD12A00501F1F /* WebConfig.swift */,
			);
			path = Config;
			sourceTree = "<group>";
		};
		0B1C67C02BD9157A00502EB1 /* Models */ = {
			isa = PBXGroup;
			children = (
				0B1C67C12BD9159900502EB1 /* Project.swift */,
			);
			path = Models;
			sourceTree = "<group>";
		};
		0B1C67F62BD9E5E700502EB1 /* Layout */ = {
			isa = PBXGroup;
			children = (
				F54DFA462CA4034600F81BE3 /* ProjectPicker.swift */,
				0B1C67B42BD9115F00502EB1 /* Branches.swift */,
				0B0E16822BD89A8F0078942B /* Content.swift */,
				0B8C7AEF2BE08E2D00B4E817 /* Message.swift */,
				0BD15C662BDFE4F9004024CF /* NotGit.swift */,
				0BDE61A22BDB3C9B006E23EA /* Projects.swift */,
				0BD650E22CA192E600BA3CB8 /* StatusBar.swift */,
			);
			path = Layout;
			sourceTree = "<group>";
		};
		0B1C67F72BD9E60500502EB1 /* Detail */ = {
			isa = PBXGroup;
			children = (
				0B8C7AD42BE08E1900B4E817 /* Banner */,
				F545D16B2C1AF525006A6AFA /* Commit */,
				F5FBCC332C3FB96000CED4F1 /* DetailGit.swift */,
				0BD651022CA2F51500BA3CB8 /* DetailBanner.swift */,
				0BD651042CA2F52400BA3CB8 /* DetailIcon.swift */,
				F5F794DF2C5A1D2600DCB824 /* FileList.swift */,
				0B8C7AE72BE08E2200B4E817 /* Icon */,
			);
			path = Detail;
			sourceTree = "<group>";
		};
		0B76FCF22BDDD1B000501F1F /* WebView */ = {
			isa = PBXGroup;
			children = (
				0B8C7B0A2BE08ED900B4E817 /* BackgroundGroup.swift */,
				0B8C7B072BE08ED900B4E817 /* CloudKitHelper.swift */,
				0B8C7B0D2BE08EDA00B4E817 /* Loading.swift */,
				0B8C7B082BE08ED900B4E817 /* ViewHelper.swift */,
				0B76FD192BDE2AFF00501F1F /* Hanlder */,
				0B76FCF02BDDD18400501F1F /* WebView.swift */,
				0B76FCF32BDDD1BD00501F1F /* WebContent.swift */,
				0B76FCF52BDDD1DE00501F1F /* WKDelegate.swift */,
				0B76FCFE2BDDE6F200501F1F /* WebApiSample.swift */,
				0B76FD0F2BDDFC0100501F1F /* WebOption.swift */,
				0B76FD1A2BDE2B2F00501F1F /* WebHandler.swift */,
			);
			path = WebView;
			sourceTree = "<group>";
		};
		0B76FCF72BDDD4C600501F1F /* Resources */ = {
			isa = PBXGroup;
			children = (
				0B8C7AAE2BE08D1800B4E817 /* Icons */,
				0B76FCFC2BDDE0E700501F1F /* webview */,
				0B76FCF92BDDD4D300501F1F /* sample_macOS */,
			);
			path = Resources;
			sourceTree = "<group>";
		};
		0B76FD192BDE2AFF00501F1F /* Hanlder */ = {
			isa = PBXGroup;
			children = (
				0B76FD172BDE27D000501F1F /* DefaultMessageHandler.swift */,
				0B76FD1C2BDE2D7900501F1F /* DefaultDownloadHandler.swift */,
				0B76FD1E2BDE2FB700501F1F /* DefaultReadyHandler.swift */,
			);
			path = Hanlder;
			sourceTree = "<group>";
		};
		0B76FD202BDE302C00501F1F /* WebView */ = {
			isa = PBXGroup;
			children = (
				0B76FD052BDDF79600501F1F /* WebApi.swift */,
				0B76FD212BDE315800501F1F /* ReadyHandler.swift */,
			);
			path = WebView;
			sourceTree = "<group>";
		};
		0B8C7A652BE08C8600B4E817 /* Database */ = {
			isa = PBXGroup;
			children = (
				0B8C7A632BE08C8600B4E817 /* DB.swift */,
				0B8C7A642BE08C8600B4E817 /* DBTask.swift */,
			);
			path = Database;
			sourceTree = "<group>";
		};
		0B8C7A712BE08CBF00B4E817 /* Delegate */ = {
			isa = PBXGroup;
			children = (
				0B8C7A702BE08CBF00B4E817 /* MacAgent.swift */,
			);
			path = Delegate;
			sourceTree = "<group>";
		};
		0B8C7AC32BE08E0F00B4E817 /* Screens */ = {
			isa = PBXGroup;
			children = (
				0B8C7ABF2BE08E0F00B4E817 /* ScreeniMac.swift */,
				0B8C7AC02BE08E0F00B4E817 /* ScreeniPad.swift */,
				0B8C7AC12BE08E0F00B4E817 /* ScreeniPhone.swift */,
				0B8C7AC22BE08E0F00B4E817 /* ScreenMacBook.swift */,
			);
			path = Screens;
			sourceTree = "<group>";
		};
		0B8C7AD42BE08E1900B4E817 /* Banner */ = {
			isa = PBXGroup;
			children = (
				0BD650FE2CA2E9B100BA3CB8 /* BannerHome.swift */,
				0B8C7AF12BE08E2D00B4E817 /* Backgrounds.swift */,
				0B8C7ACA2BE08E1900B4E817 /* BannerLayout.swift */,
				F545D16C2C1BF6E9006A6AFA /* BannerTitle.swift */,
				F545D1612C1AD6F1006A6AFA /* BannerTopBar.swift */,
				0B8C7AC82BE08E1900B4E817 /* Feature.swift */,
				0B8C7AC92BE08E1900B4E817 /* Features.swift */,
				0B8C7AEE2BE08E2D00B4E817 /* Operator.swift */,
				0B8C7AC32BE08E0F00B4E817 /* Screens */,
				0B8C7AF02BE08E2D00B4E817 /* Snapshot.swift */,
				F545D16E2C1C0CF3006A6AFA /* BannerSubTitle.swift */,
				F545D1702C1C155E006A6AFA /* BannerImage.swift */,
				0B9EA3532C1D314200A4059A /* BannerOpacity.swift */,
			);
			path = Banner;
			sourceTree = "<group>";
		};
		0B8C7AE72BE08E2200B4E817 /* Icon */ = {
			isa = PBXGroup;
			children = (
				0BD651002CA2EA6800BA3CB8 /* IconHome.swift */,
				0B8C7AE52BE08E2200B4E817 /* IconAsset.swift */,
				0B8C7AE42BE08E2200B4E817 /* IconItem.swift */,
				0B8C7AE62BE08E2200B4E817 /* IconMaker.swift */,
				F545D1652C1ADE8B006A6AFA /* IconTopBar.swift */,
				0B9EA3552C1ECF5A00A4059A /* IconOpacity.swift */,
				F53412902C75955F0006937C /* IconScale.swift */,
			);
			path = Icon;
			sourceTree = "<group>";
		};
		0B8C7B1C2BE09B0700B4E817 /* Banner */ = {
			isa = PBXGroup;
			children = (
				0B8C7B1D2BE09B1500B4E817 /* BannerShell.swift */,
			);
			path = Banner;
			sourceTree = "<group>";
		};
		0B8C7B1F2BE0A85200B4E817 /* Shell */ = {
			isa = PBXGroup;
			children = (
				0BCC6D062BD939BA006ADA94 /* Shell.swift */,
				0B8C7B202BE0A86000B4E817 /* ShellFileExt.swift */,
			);
			path = Shell;
			sourceTree = "<group>";
		};
		0BB543DE2BE8874600D7A2B2 /* Banner */ = {
			isa = PBXGroup;
			children = (
				0BB543DF2BE8875700D7A2B2 /* BtnDelBanner.swift */,
			);
			path = Banner;
			sourceTree = "<group>";
		};
		0BB543E72BE890DA00D7A2B2 /* Contact */ = {
			isa = PBXGroup;
			children = (
				0BB543E82BE890F200D7A2B2 /* JsonModel.swift */,
				F588FB712CA15DAD00F6AE42 /* SuperEvent.swift */,
			);
			path = Contact;
			sourceTree = "<group>";
		};
		0BB543EA2BE8931500D7A2B2 /* Icon */ = {
			isa = PBXGroup;
			children = (
				0BB543EB2BE8932300D7A2B2 /* BtnDelIcon.swift */,
			);
			path = Icon;
			sourceTree = "<group>";
		};
		0BCC6CFE2BD92C31006ADA94 /* Bootstrap */ = {
			isa = PBXGroup;
			children = (
				0B0E16802BD89A8F0078942B /* GitOKApp.swift */,
				0B8C7AB22BE08DD100B4E817 /* RootView.swift */,
				F5F794EA2C5B3E8100DCB824 /* UpdaterView.swift */,
			);
			path = Bootstrap;
			sourceTree = "<group>";
		};
		0BCC6CFF2BD92CA2006ADA94 /* Command */ = {
			isa = PBXGroup;
			children = (
				0BCC6D002BD92CB2006ADA94 /* DebugCommand.swift */,
			);
			path = Command;
			sourceTree = "<group>";
		};
		0BD650A32CA18A7000BA3CB8 /* Collection */ = {
			isa = PBXGroup;
			children = (
				0BD650A22CA18A7000BA3CB8 /* CollectionExt.swift */,
			);
			path = Collection;
			sourceTree = "<group>";
		};
		0BD650A62CA18A7000BA3CB8 /* File */ = {
			isa = PBXGroup;
			children = (
				0BD650A42CA18A7000BA3CB8 /* DataExt.swift */,
				0BD650A52CA18A7000BA3CB8 /* URLExt.swift */,
			);
			path = File;
			sourceTree = "<group>";
		};
		0BD650A82CA18A7000BA3CB8 /* HTTP */ = {
			isa = PBXGroup;
			children = (
				0BD650E02CA18C5E00BA3CB8 /* HttpError.swift */,
				0BD650A72CA18A7000BA3CB8 /* HttpClient.swift */,
			);
			path = HTTP;
			sourceTree = "<group>";
		};
		0BD650AA2CA18A7000BA3CB8 /* iCloud */ = {
			isa = PBXGroup;
			children = (
				0BD650A92CA18A7000BA3CB8 /* MetaWrapper.swift */,
			);
			path = iCloud;
			sourceTree = "<group>";
		};
		0BD650AD2CA18A7000BA3CB8 /* Log */ = {
			isa = PBXGroup;
			children = (
				0BD650AB2CA18A7000BA3CB8 /* SuperLog.swift */,
				0BD650AC2CA18A7000BA3CB8 /* SuperThread.swift */,
				0BD650C32CA18A7000BA3CB8 /* Logger.swift */,
			);
			path = Log;
			sourceTree = "<group>";
		};
		0BD650AF2CA18A7000BA3CB8 /* Number */ = {
			isa = PBXGroup;
			children = (
				0BD650AE2CA18A7000BA3CB8 /* IntExt.swift */,
			);
			path = Number;
			sourceTree = "<group>";
		};
		0BD650B52CA18A7000BA3CB8 /* String */ = {
			isa = PBXGroup;
			children = (
				0BD650B02CA18A7000BA3CB8 /* Base64.swift */,
				0BD650B12CA18A7000BA3CB8 /* HTML.swift */,
				0BD650B22CA18A7000BA3CB8 /* JSON.swift */,
				0BD650B32CA18A7000BA3CB8 /* Markdown.swift */,
				0BD650B42CA18A7000BA3CB8 /* StringExt.swift */,
			);
			path = String;
			sourceTree = "<group>";
		};
		0BD650B72CA18A7000BA3CB8 /* SwiftData */ = {
			isa = PBXGroup;
			children = (
				0BD650B62CA18A7000BA3CB8 /* ContextExt.swift */,
			);
			path = SwiftData;
			sourceTree = "<group>";
		};
		0BD650C02CA18A7000BA3CB8 /* View */ = {
			isa = PBXGroup;
			children = (
				0B8C7B0B2BE08EDA00B4E817 /* Toast.swift */,
				0B8C7B042BE08ED900B4E817 /* Card.swift */,
				0BD650B82CA18A7000BA3CB8 /* BackgroundView.swift */,
				0BD650B92CA18A7000BA3CB8 /* BtnOpenURL.swift */,
				0BD650BB2CA18A7000BA3CB8 /* MenuTile.swift */,
				0BD650BD2CA18A7000BA3CB8 /* ViewExt.swift */,
			);
			path = View;
			sourceTree = "<group>";
		};
		0BD650C52CA18A7000BA3CB8 /* Helper */ = {
			isa = PBXGroup;
			children = (
				0BD650A32CA18A7000BA3CB8 /* Collection */,
				0BD650A62CA18A7000BA3CB8 /* File */,
				0BD650A82CA18A7000BA3CB8 /* HTTP */,
				0BD650AA2CA18A7000BA3CB8 /* iCloud */,
				0B8C7B062BE08ED900B4E817 /* ImageHelper.swift */,
				0BD650AD2CA18A7000BA3CB8 /* Log */,
				0BD650AF2CA18A7000BA3CB8 /* Number */,
				0BD650B52CA18A7000BA3CB8 /* String */,
				0BD650B72CA18A7000BA3CB8 /* SwiftData */,
				0B8C7B092BE08ED900B4E817 /* TimeHelper.swift */,
				F54DFA3B2CA38EF800F81BE3 /* URLHelper.swift */,
				0BD650C02CA18A7000BA3CB8 /* View */,
				0B76FCF22BDDD1B000501F1F /* WebView */,
			);
			path = Helper;
			sourceTree = "<group>";
		};
		0BD650E42CA1956D00BA3CB8 /* Plugins */ = {
			isa = PBXGroup;
			children = (
				0BD650F12CA1A8E800BA3CB8 /* FileInfo */,
				F54DFA482CA40BB200F81BE3 /* ProjectInfo */,
				0BD650E82CA1969100BA3CB8 /* SmartLog */,
				F54DFA432CA3E5E300F81BE3 /* SmartMerge */,
				0BD650EC2CA196BD00BA3CB8 /* SmartMessage */,
			);
			path = Plugins;
			sourceTree = "<group>";
		};
		0BD650E82CA1969100BA3CB8 /* SmartLog */ = {
			isa = PBXGroup;
			children = (
				0BD650E72CA1969100BA3CB8 /* SmartLog.swift */,
			);
			path = SmartLog;
			sourceTree = "<group>";
		};
		0BD650EC2CA196BD00BA3CB8 /* SmartMessage */ = {
			isa = PBXGroup;
			children = (
				0BD650EA2CA196BD00BA3CB8 /* SmartMessage.swift */,
				0BD650EB2CA196BD00BA3CB8 /* TileMessage.swift */,
			);
			path = SmartMessage;
			sourceTree = "<group>";
		};
		0BD650F12CA1A8E800BA3CB8 /* FileInfo */ = {
			isa = PBXGroup;
			children = (
				0BD650F22CA1A8F900BA3CB8 /* TileFile.swift */,
			);
			path = FileInfo;
			sourceTree = "<group>";
		};
		0BDE619E2BDB2C51006E23EA /* Git */ = {
			isa = PBXGroup;
			children = (
				0BB555232BDB7B300044048B /* BranchExt.swift */,
				0B6BE4642BDA7B5300C8ACB2 /* CommitExt.swift */,
				0BD650A02CA1855D00BA3CB8 /* ConfigExt.swift */,
				0BD15C552BDD23E1004024CF /* DiffExt.swift */,
				0B76FD232BDE326300501F1F /* FileExt.swift */,
				0B1C67BB2BD9132500502EB1 /* Git.swift */,
				F54DFA392CA2991300F81BE3 /* PullExt.swift */,
				0BF75EE72BDF39B500A553CD /* PushExt.swift */,
				0BDE61A42BDB408F006E23EA /* RevListExt.swift */,
				0BDE61A62BDB4541006E23EA /* StatusExt.swift */,
			);
			path = Git;
			sourceTree = "<group>";
		};
		0BDE61A12BDB37C6006E23EA /* Terminal */ = {
			isa = PBXGroup;
			children = (
				0B8C7B1F2BE0A85200B4E817 /* Shell */,
				0B8C7B1C2BE09B0700B4E817 /* Banner */,
				0BDE619E2BDB2C51006E23EA /* Git */,
			);
			path = Terminal;
			sourceTree = "<group>";
		};
		0BFA2E602BE11E7200AD98D7 /* Content */ = {
			isa = PBXGroup;
			children = (
				0BD650F82CA1B98A00BA3CB8 /* CommitForm.swift */,
				0B8C7B322BE0EAE900B4E817 /* ActionTab.swift */,
				0B8C7B242BE0BB7500B4E817 /* BannerList.swift */,
				F545D15F2C1AD436006A6AFA /* BannerTile.swift */,
				0BF75EE32BDF2CCD00A553CD /* CommitList.swift */,
				0BF75EDF2BDE4C0C00A553CD /* CommitTile.swift */,
				0BDE61AC2BDB4E86006E23EA /* FileTile.swift */,
				0B8C7B2A2BE0C8F100B4E817 /* IconList.swift */,
				F545D1632C1ADBD0006A6AFA /* IconTile.swift */,
				0BFA2E5E2BE111AA00AD98D7 /* TabBtn.swift */,
				0B8C7B2E2BE0E5F100B4E817 /* Tabs.swift */,
			);
			path = Content;
			sourceTree = "<group>";
		};
		F545D16B2C1AF525006A6AFA /* Commit */ = {
			isa = PBXGroup;
			children = (
				0B1C67F02BD9DB1F00502EB1 /* CommitCategoryPicker.swift */,
				F545D1672C1AEBF1006A6AFA /* FileDetail.swift */,
			);
			path = Commit;
			sourceTree = "<group>";
		};
		F54DFA432CA3E5E300F81BE3 /* SmartMerge */ = {
			isa = PBXGroup;
			children = (
				0BD15C4D2BDBF360004024CF /* BtnMerge.swift */,
				0BD15C4F2BDBF3BD004024CF /* MergeForm.swift */,
				F54DFA442CA3E5F200F81BE3 /* TileMerge.swift */,
			);
			path = SmartMerge;
			sourceTree = "<group>";
		};
		F54DFA482CA40BB200F81BE3 /* ProjectInfo */ = {
			isa = PBXGroup;
			children = (
				F54DFA492CA40BC100F81BE3 /* TileProject.swift */,
			);
			path = ProjectInfo;
			sourceTree = "<group>";
		};
		F588FB6E2CA15D4100F6AE42 /* Event */ = {
			isa = PBXGroup;
			children = (
				F54DFA412CA3B5B600F81BE3 /* IconEvent.swift */,
				F54DFA3F2CA3ABB200F81BE3 /* BannerEvent.swift */,
				0BD650F62CA1AC6400BA3CB8 /* AppEvent.swift */,
				0BD650F42CA1AA5D00BA3CB8 /* JSEvent.swift */,
				F588FB6F2CA15D5200F6AE42 /* GitEvent.swift */,
			);
			path = Event;
			sourceTree = "<group>";
		};
		F588FB732CA16B3A00F6AE42 /* Exception */ = {
			isa = PBXGroup;
			children = (
				F588FB742CA16B4F00F6AE42 /* GitError.swift */,
				F588FB762CA1718800F6AE42 /* ShellError.swift */,
			);
			path = Exception;
			sourceTree = "<group>";
		};
		F5F794DA2C5A0D6100DCB824 /* Entity */ = {
			isa = PBXGroup;
			children = (
				F54DFA3D2CA395C200F81BE3 /* SmartImage.swift */,
				0B8C7B222BE0AD1D00B4E817 /* BannerModel.swift */,
				0B44BCC52BDA947B00FBCF2F /* Branch.swift */,
				0B1C67EC2BD9D9CB00502EB1 /* CommitCategory.swift */,
				F5F794DB2C5A0D7D00DCB824 /* CommitSample.swift */,
				0BD15C572BDD26DE004024CF /* Diff.swift */,
				0BD15C592BDD275C004024CF /* DiffBlock.swift */,
				0BDE61A82BDB4746006E23EA /* File.swift */,
				0BCC6D142BD9526F006ADA94 /* GitCommit.swift */,
				0B8C7B282BE0C6DB00B4E817 /* IconModel.swift */,
				0B8C7A582BE08BF600B4E817 /* IconPng.swift */,
				0BF75EE12BDE5CE500A553CD /* Stage.swift */,
			);
			path = Entity;
			sourceTree = "<group>";
		};
/* End PBXGroup section */

/* Begin PBXNativeTarget section */
		0B0E167C2BD89A8F0078942B /* GitOK */ = {
			isa = PBXNativeTarget;
			buildConfigurationList = 0B0E168E2BD89A910078942B /* Build configuration list for PBXNativeTarget "GitOK" */;
			buildPhases = (
				0B0E16792BD89A8F0078942B /* Sources */,
				0B0E167A2BD89A8F0078942B /* Frameworks */,
				0B0E167B2BD89A8F0078942B /* Resources */,
				0BCC6D552BDA19D4006ADA94 /* Embed XPC Services */,
			);
			buildRules = (
			);
			dependencies = (
			);
			name = GitOK;
			packageProductDependencies = (
				F5F794E82C5B192600DCB824 /* Sparkle */,
			);
			productName = GitOK;
			productReference = 0B0E167D2BD89A8F0078942B /* GitOK.app */;
			productType = "com.apple.product-type.application";
		};
/* End PBXNativeTarget section */

/* Begin PBXProject section */
		0B0E16752BD89A8F0078942B /* Project object */ = {
			isa = PBXProject;
			attributes = {
				BuildIndependentTargetsInParallel = 1;
				LastSwiftUpdateCheck = 1530;
				LastUpgradeCheck = 1600;
				TargetAttributes = {
					0B0E167C2BD89A8F0078942B = {
						CreatedOnToolsVersion = 15.3;
					};
				};
			};
			buildConfigurationList = 0B0E16782BD89A8F0078942B /* Build configuration list for PBXProject "GitOK" */;
			compatibilityVersion = "Xcode 14.0";
			developmentRegion = en;
			hasScannedForEncodings = 0;
			knownRegions = (
				en,
				Base,
			);
			mainGroup = 0B0E16742BD89A8F0078942B;
			packageReferences = (
				F5F794E72C5B192600DCB824 /* XCRemoteSwiftPackageReference "Sparkle" */,
			);
			productRefGroup = 0B0E167E2BD89A8F0078942B /* Products */;
			projectDirPath = "";
			projectRoot = "";
			targets = (
				0B0E167C2BD89A8F0078942B /* GitOK */,
			);
		};
/* End PBXProject section */

/* Begin PBXResourcesBuildPhase section */
		0B0E167B2BD89A8F0078942B /* Resources */ = {
			isa = PBXResourcesBuildPhase;
			buildActionMask = 2147483647;
			files = (
				0B76FCFD2BDDE0E700501F1F /* webview in Resources */,
				0B0E168B2BD89A910078942B /* Preview Assets.xcassets in Resources */,
				0B8C7AAF2BE08D1800B4E817 /* Icons in Resources */,
				0B76FCFB2BDDD4D300501F1F /* sample_macOS in Resources */,
				0B0E16872BD89A910078942B /* Assets.xcassets in Resources */,
			);
			runOnlyForDeploymentPostprocessing = 0;
		};
/* End PBXResourcesBuildPhase section */

/* Begin PBXSourcesBuildPhase section */
		0B0E16792BD89A8F0078942B /* Sources */ = {
			isa = PBXSourcesBuildPhase;
			buildActionMask = 2147483647;
			files = (
				0B1C67B32BD90B5700502EB1 /* AppProvider.swift in Sources */,
				F588FB722CA15DAD00F6AE42 /* SuperEvent.swift in Sources */,
				0BF75EE82BDF39B500A553CD /* PushExt.swift in Sources */,
				0BD15C4E2BDBF360004024CF /* BtnMerge.swift in Sources */,
				0B8C7A6F2BE08CA800B4E817 /* ToolName.swift in Sources */,
				0B1C67B52BD9115F00502EB1 /* Branches.swift in Sources */,
				F54DFA3A2CA2991500F81BE3 /* PullExt.swift in Sources */,
				0B8C7B232BE0AD1D00B4E817 /* BannerModel.swift in Sources */,
				0B1C67F32BD9E21B00502EB1 /* BtnOpenRemote.swift in Sources */,
				F545D1662C1ADE8B006A6AFA /* IconTopBar.swift in Sources */,
				0B8C7AF52BE08E2D00B4E817 /* Backgrounds.swift in Sources */,
				0B44BCC62BDA947B00FBCF2F /* Branch.swift in Sources */,
				0B8C7AC52BE08E0F00B4E817 /* ScreeniPad.swift in Sources */,
				0BD650E62CA195EA00BA3CB8 /* PluginProvider.swift in Sources */,
				0BB543EC2BE8932300D7A2B2 /* BtnDelIcon.swift in Sources */,
				F545D16D2C1BF6E9006A6AFA /* BannerTitle.swift in Sources */,
				0B8C7B122BE08EDA00B4E817 /* ViewHelper.swift in Sources */,
				F588FB702CA15D5200F6AE42 /* GitEvent.swift in Sources */,
				0BCC6D0B2BD93E8C006ADA94 /* BtnAdd.swift in Sources */,
				0BD15C632BDD40E1004024CF /* ListPlay.swift in Sources */,
				0B1C68042BD9FAE500502EB1 /* BtnOpenXcode.swift in Sources */,
				0BCC6D112BD94B5B006ADA94 /* BtnLog.swift in Sources */,
				0B9EA3562C1ECF5A00A4059A /* IconOpacity.swift in Sources */,
				0BD650F32CA1A8F900BA3CB8 /* TileFile.swift in Sources */,
				0B76FCF12BDDD18400501F1F /* WebView.swift in Sources */,
				0BDE61A32BDB3C9B006E23EA /* Projects.swift in Sources */,
				0B8C7B212BE0A86000B4E817 /* ShellFileExt.swift in Sources */,
				0BCC6D132BD94D15006ADA94 /* BtnLogs.swift in Sources */,
				0B76FD222BDE315800501F1F /* ReadyHandler.swift in Sources */,
				0BCC6D152BD9526F006ADA94 /* GitCommit.swift in Sources */,
				0BDE61A92BDB4746006E23EA /* File.swift in Sources */,
				F54DFA4A2CA40BC100F81BE3 /* TileProject.swift in Sources */,
				0B8C7AD62BE08E1900B4E817 /* Features.swift in Sources */,
				0BF75EEA2BDFA2FB00A553CD /* BtnOpenTerminal.swift in Sources */,
				0BDE61A72BDB4541006E23EA /* StatusExt.swift in Sources */,
				F588FB792CA2494E00F6AE42 /* GitProvider.swift in Sources */,
				F545D1682C1AEBF1006A6AFA /* FileDetail.swift in Sources */,
				0BB543F62BE9C3A800D7A2B2 /* EventExt.swift in Sources */,
				0B8C7AED2BE08E2200B4E817 /* IconMaker.swift in Sources */,
				0BD650ED2CA196BD00BA3CB8 /* SmartMessage.swift in Sources */,
				0BD650EE2CA196BD00BA3CB8 /* TileMessage.swift in Sources */,
				0BD650C72CA18A7000BA3CB8 /* MenuTile.swift in Sources */,
				0BD650CB2CA18A7000BA3CB8 /* CollectionExt.swift in Sources */,
				0BD650FF2CA2E9B100BA3CB8 /* BannerHome.swift in Sources */,
				0BD650CC2CA18A7000BA3CB8 /* DataExt.swift in Sources */,
				0BD650CD2CA18A7000BA3CB8 /* ContextExt.swift in Sources */,
				0BD650F52CA1AA5D00BA3CB8 /* JSEvent.swift in Sources */,
				0BD651052CA2F52400BA3CB8 /* DetailIcon.swift in Sources */,
				0BD650CE2CA18A7000BA3CB8 /* SuperLog.swift in Sources */,
				0BD650CF2CA18A7000BA3CB8 /* Markdown.swift in Sources */,
				0BD650D02CA18A7000BA3CB8 /* MetaWrapper.swift in Sources */,
				0BD650D12CA18A7000BA3CB8 /* HttpClient.swift in Sources */,
				0BD650D22CA18A7000BA3CB8 /* Logger.swift in Sources */,
				0BD650D42CA18A7000BA3CB8 /* StringExt.swift in Sources */,
				0BD650D52CA18A7000BA3CB8 /* URLExt.swift in Sources */,
				0BD650D62CA18A7000BA3CB8 /* ViewExt.swift in Sources */,
				0BD650D82CA18A7000BA3CB8 /* BtnOpenURL.swift in Sources */,
				0BD650D92CA18A7000BA3CB8 /* SuperThread.swift in Sources */,
				0BD650DA2CA18A7000BA3CB8 /* IntExt.swift in Sources */,
				0BD650DB2CA18A7000BA3CB8 /* BackgroundView.swift in Sources */,
				0BD650DC2CA18A7000BA3CB8 /* JSON.swift in Sources */,
				0BD650DE2CA18A7000BA3CB8 /* Base64.swift in Sources */,
				F54DFA3E2CA395D800F81BE3 /* SmartImage.swift in Sources */,
				0BD650DF2CA18A7000BA3CB8 /* HTML.swift in Sources */,
				0B76FCFF2BDDE6F200501F1F /* WebApiSample.swift in Sources */,
				0B1C67C42BD915F200502EB1 /* AppConfig.swift in Sources */,
				0BFA2E5F2BE111AA00AD98D7 /* TabBtn.swift in Sources */,
				0B0E16832BD89A8F0078942B /* Content.swift in Sources */,
				0B76FCF42BDDD1BD00501F1F /* WebContent.swift in Sources */,
				0BCC6D0D2BD948AB006ADA94 /* BtnSync.swift in Sources */,
				0B8C7A5D2BE08BF600B4E817 /* IconPng.swift in Sources */,
				0B8C7AD52BE08E1900B4E817 /* Feature.swift in Sources */,
				0BF75EE02BDE4C0C00A553CD /* CommitTile.swift in Sources */,
				0BD650E32CA192E600BA3CB8 /* StatusBar.swift in Sources */,
				0B8C7AB32BE08DD100B4E817 /* RootView.swift in Sources */,
				0B1C67EB2BD9181200502EB1 /* BtnPush.swift in Sources */,
				0B1C67C22BD9159900502EB1 /* Project.swift in Sources */,
				0B1C67BF2BD9157100502EB1 /* DBExt.swift in Sources */,
				F545D1712C1C155E006A6AFA /* BannerImage.swift in Sources */,
				F54DFA452CA3E5F200F81BE3 /* TileMerge.swift in Sources */,
				0B8C7AF32BE08E2D00B4E817 /* Message.swift in Sources */,
				0B8C7B0E2BE08EDA00B4E817 /* Card.swift in Sources */,
				0BD650FB2CA2E09F00BA3CB8 /* BannerProvider.swift in Sources */,
				0BB4278E2BE72512004E6F82 /* QueueExt.swift in Sources */,
				0BDE61A52BDB408F006E23EA /* RevListExt.swift in Sources */,
				0BCC6D072BD939BA006ADA94 /* Shell.swift in Sources */,
				F5F794DC2C5A0D7D00DCB824 /* CommitSample.swift in Sources */,
				0BD15C522BDC8D91004024CF /* SmartError.swift in Sources */,
				0BD651012CA2EA6800BA3CB8 /* IconHome.swift in Sources */,
				0BCC6D092BD939FD006ADA94 /* BtnPwd.swift in Sources */,
				0B8C7B2B2BE0C8F100B4E817 /* IconList.swift in Sources */,
				0B8C7AF72BE08E4200B4E817 /* SmartButton.swift in Sources */,
				F588FB752CA16B4F00F6AE42 /* GitError.swift in Sources */,
				0B8C7B332BE0EAE900B4E817 /* ActionTab.swift in Sources */,
				0BCC6D032BD932DA006ADA94 /* PathExt.swift in Sources */,
				F545D1642C1ADBD0006A6AFA /* IconTile.swift in Sources */,
				0B8C7AF42BE08E2D00B4E817 /* Snapshot.swift in Sources */,
				0BF75EE42BDF2CCD00A553CD /* CommitList.swift in Sources */,
				0B8C7B132BE08EDA00B4E817 /* TimeHelper.swift in Sources */,
				0B76FD242BDE326300501F1F /* FileExt.swift in Sources */,
				0BDE61AD2BDB4E87006E23EA /* FileTile.swift in Sources */,
				0B1C67F12BD9DB1F00502EB1 /* CommitCategoryPicker.swift in Sources */,
				0B6BE4652BDA7B5300C8ACB2 /* CommitExt.swift in Sources */,
				0B8C7AEC2BE08E2200B4E817 /* IconAsset.swift in Sources */,
				F54DFA3C2CA38EFC00F81BE3 /* URLHelper.swift in Sources */,
				F54DFA422CA3B5B900F81BE3 /* IconEvent.swift in Sources */,
				0BD15C562BDD23E1004024CF /* DiffExt.swift in Sources */,
				0B8C7A6D2BE08CA800B4E817 /* DeviceType.swift in Sources */,
				0B1C67B02BD9099800502EB1 /* AppPreview.swift in Sources */,
				0BD15C5A2BDD275C004024CF /* DiffBlock.swift in Sources */,
				0B76FCF62BDDD1DE00501F1F /* WKDelegate.swift in Sources */,
				0BB555242BDB7B300044048B /* BranchExt.swift in Sources */,
				0BD650F72CA1AC6700BA3CB8 /* AppEvent.swift in Sources */,
				0B8C7B2F2BE0E5F100B4E817 /* Tabs.swift in Sources */,
				0B1C68022BD9F7B500502EB1 /* BtnOpen.swift in Sources */,
				0B8C7B152BE08EDA00B4E817 /* Toast.swift in Sources */,
				0B8C7AC72BE08E0F00B4E817 /* ScreenMacBook.swift in Sources */,
				0B0E16812BD89A8F0078942B /* GitOKApp.swift in Sources */,
				0BD650E12CA18C6100BA3CB8 /* HttpError.swift in Sources */,
				0B8C7B102BE08EDA00B4E817 /* ImageHelper.swift in Sources */,
				0BD651032CA2F51500BA3CB8 /* DetailBanner.swift in Sources */,
				0B8C7B1E2BE09B1500B4E817 /* BannerShell.swift in Sources */,
				0B1C67BC2BD9132500502EB1 /* Git.swift in Sources */,
				F54DFA472CA4034B00F81BE3 /* ProjectPicker.swift in Sources */,
				0BD15C502BDBF3BD004024CF /* MergeForm.swift in Sources */,
				0BD15C582BDD26DE004024CF /* Diff.swift in Sources */,
				0B8C7AC42BE08E0F00B4E817 /* ScreeniMac.swift in Sources */,
				0BD15C4C2BDBE959004024CF /* StateExt.swift in Sources */,
				0B76FD1D2BDE2D7900501F1F /* DefaultDownloadHandler.swift in Sources */,
				0BCC6D012BD92CB2006ADA94 /* DebugCommand.swift in Sources */,
				0B1C67BA2BD912D900502EB1 /* BtnCommitAndPush.swift in Sources */,
				F545D1602C1AD436006A6AFA /* BannerTile.swift in Sources */,
				0B8C7B252BE0BB7500B4E817 /* BannerList.swift in Sources */,
				0B1C68002BD9F68F00502EB1 /* BtnFinder.swift in Sources */,
				0B8C7AF22BE08E2D00B4E817 /* Operator.swift in Sources */,
				0B8C7A722BE08CBF00B4E817 /* MacAgent.swift in Sources */,
				0B8C7A672BE08C8700B4E817 /* DBTask.swift in Sources */,
				F5F794E02C5A1D2600DCB824 /* FileList.swift in Sources */,
				0BD650F02CA196EA00BA3CB8 /* MessageProvider.swift in Sources */,
				0B8C7AC62BE08E0F00B4E817 /* ScreeniPhone.swift in Sources */,
				0B6BE4612BDA603000C8ACB2 /* BtnWhoami.swift in Sources */,
				0B8C7A6C2BE08CA800B4E817 /* Device.swift in Sources */,
				0B8C7B292BE0C6DB00B4E817 /* IconModel.swift in Sources */,
				0B9EA3542C1D314200A4059A /* BannerOpacity.swift in Sources */,
				F54DFA402CA3ABB800F81BE3 /* BannerEvent.swift in Sources */,
				0B8C7AEB2BE08E2200B4E817 /* IconItem.swift in Sources */,
				0B8C7B112BE08EDA00B4E817 /* CloudKitHelper.swift in Sources */,
				0BD650A12CA1856000BA3CB8 /* ConfigExt.swift in Sources */,
				0BD650F92CA1B98A00BA3CB8 /* CommitForm.swift in Sources */,
				0BB543E92BE890F200D7A2B2 /* JsonModel.swift in Sources */,
				0B76FD1B2BDE2B2F00501F1F /* WebHandler.swift in Sources */,
				0B76FD182BDE27D000501F1F /* DefaultMessageHandler.swift in Sources */,
				F5FBCC342C3FB96000CED4F1 /* DetailGit.swift in Sources */,
				F545D16F2C1C0CF3006A6AFA /* BannerSubTitle.swift in Sources */,
				0BD15C672BDFE4F9004024CF /* NotGit.swift in Sources */,
				0B8C7A662BE08C8700B4E817 /* DB.swift in Sources */,
				0BD650E92CA1969100BA3CB8 /* SmartLog.swift in Sources */,
				0B76FD102BDDFC0100501F1F /* WebOption.swift in Sources */,
				0B76FD1F2BDE2FB700501F1F /* DefaultReadyHandler.swift in Sources */,
				F545D1622C1AD6F1006A6AFA /* BannerTopBar.swift in Sources */,
				0BF75EE22BDE5CE500A553CD /* Stage.swift in Sources */,
				F588FB772CA1718800F6AE42 /* ShellError.swift in Sources */,
				0BD650FD2CA2E49F00BA3CB8 /* IconProvider.swift in Sources */,
				0B1C67ED2BD9D9CB00502EB1 /* CommitCategory.swift in Sources */,
				0B8C7AD72BE08E1900B4E817 /* BannerLayout.swift in Sources */,
				0B8C7B142BE08EDA00B4E817 /* BackgroundGroup.swift in Sources */,
				F53412912C75955F0006937C /* IconScale.swift in Sources */,
				0BB543E02BE8875700D7A2B2 /* BtnDelBanner.swift in Sources */,
				0B8C7B172BE08EDA00B4E817 /* Loading.swift in Sources */,
				0B76FD062BDDF79600501F1F /* WebApi.swift in Sources */,
				F5F794EB2C5B3E8100DCB824 /* UpdaterView.swift in Sources */,
				0B76FCEF2BDDD12A00501F1F /* WebConfig.swift in Sources */,
			);
			runOnlyForDeploymentPostprocessing = 0;
		};
/* End PBXSourcesBuildPhase section */

/* Begin XCBuildConfiguration section */
		0B0E168C2BD89A910078942B /* Debug */ = {
			isa = XCBuildConfiguration;
			buildSettings = {
				ALWAYS_SEARCH_USER_PATHS = NO;
				ASSETCATALOG_COMPILER_GENERATE_SWIFT_ASSET_SYMBOL_EXTENSIONS = YES;
				CLANG_ANALYZER_NONNULL = YES;
				CLANG_ANALYZER_NUMBER_OBJECT_CONVERSION = YES_AGGRESSIVE;
				CLANG_CXX_LANGUAGE_STANDARD = "gnu++20";
				CLANG_ENABLE_MODULES = YES;
				CLANG_ENABLE_OBJC_ARC = YES;
				CLANG_ENABLE_OBJC_WEAK = YES;
				CLANG_WARN_BLOCK_CAPTURE_AUTORELEASING = YES;
				CLANG_WARN_BOOL_CONVERSION = YES;
				CLANG_WARN_COMMA = YES;
				CLANG_WARN_CONSTANT_CONVERSION = YES;
				CLANG_WARN_DEPRECATED_OBJC_IMPLEMENTATIONS = YES;
				CLANG_WARN_DIRECT_OBJC_ISA_USAGE = YES_ERROR;
				CLANG_WARN_DOCUMENTATION_COMMENTS = YES;
				CLANG_WARN_EMPTY_BODY = YES;
				CLANG_WARN_ENUM_CONVERSION = YES;
				CLANG_WARN_INFINITE_RECURSION = YES;
				CLANG_WARN_INT_CONVERSION = YES;
				CLANG_WARN_NON_LITERAL_NULL_CONVERSION = YES;
				CLANG_WARN_OBJC_IMPLICIT_RETAIN_SELF = YES;
				CLANG_WARN_OBJC_LITERAL_CONVERSION = YES;
				CLANG_WARN_OBJC_ROOT_CLASS = YES_ERROR;
				CLANG_WARN_QUOTED_INCLUDE_IN_FRAMEWORK_HEADER = YES;
				CLANG_WARN_RANGE_LOOP_ANALYSIS = YES;
				CLANG_WARN_STRICT_PROTOTYPES = YES;
				CLANG_WARN_SUSPICIOUS_MOVE = YES;
				CLANG_WARN_UNGUARDED_AVAILABILITY = YES_AGGRESSIVE;
				CLANG_WARN_UNREACHABLE_CODE = YES;
				CLANG_WARN__DUPLICATE_METHOD_MATCH = YES;
				COPY_PHASE_STRIP = NO;
				DEAD_CODE_STRIPPING = YES;
				DEBUG_INFORMATION_FORMAT = dwarf;
				ENABLE_STRICT_OBJC_MSGSEND = YES;
				ENABLE_TESTABILITY = YES;
				ENABLE_USER_SCRIPT_SANDBOXING = YES;
				GCC_C_LANGUAGE_STANDARD = gnu17;
				GCC_DYNAMIC_NO_PIC = NO;
				GCC_NO_COMMON_BLOCKS = YES;
				GCC_OPTIMIZATION_LEVEL = 0;
				GCC_PREPROCESSOR_DEFINITIONS = (
					"DEBUG=1",
					"$(inherited)",
				);
				GCC_WARN_64_TO_32_BIT_CONVERSION = YES;
				GCC_WARN_ABOUT_RETURN_TYPE = YES_ERROR;
				GCC_WARN_UNDECLARED_SELECTOR = YES;
				GCC_WARN_UNINITIALIZED_AUTOS = YES_AGGRESSIVE;
				GCC_WARN_UNUSED_FUNCTION = YES;
				GCC_WARN_UNUSED_VARIABLE = YES;
				LOCALIZATION_PREFERS_STRING_CATALOGS = YES;
				MTL_ENABLE_DEBUG_INFO = INCLUDE_SOURCE;
				MTL_FAST_MATH = YES;
				ONLY_ACTIVE_ARCH = YES;
				SWIFT_ACTIVE_COMPILATION_CONDITIONS = "DEBUG $(inherited)";
				SWIFT_OPTIMIZATION_LEVEL = "-Onone";
			};
			name = Debug;
		};
		0B0E168D2BD89A910078942B /* Release */ = {
			isa = XCBuildConfiguration;
			buildSettings = {
				ALWAYS_SEARCH_USER_PATHS = NO;
				ASSETCATALOG_COMPILER_GENERATE_SWIFT_ASSET_SYMBOL_EXTENSIONS = YES;
				CLANG_ANALYZER_NONNULL = YES;
				CLANG_ANALYZER_NUMBER_OBJECT_CONVERSION = YES_AGGRESSIVE;
				CLANG_CXX_LANGUAGE_STANDARD = "gnu++20";
				CLANG_ENABLE_MODULES = YES;
				CLANG_ENABLE_OBJC_ARC = YES;
				CLANG_ENABLE_OBJC_WEAK = YES;
				CLANG_WARN_BLOCK_CAPTURE_AUTORELEASING = YES;
				CLANG_WARN_BOOL_CONVERSION = YES;
				CLANG_WARN_COMMA = YES;
				CLANG_WARN_CONSTANT_CONVERSION = YES;
				CLANG_WARN_DEPRECATED_OBJC_IMPLEMENTATIONS = YES;
				CLANG_WARN_DIRECT_OBJC_ISA_USAGE = YES_ERROR;
				CLANG_WARN_DOCUMENTATION_COMMENTS = YES;
				CLANG_WARN_EMPTY_BODY = YES;
				CLANG_WARN_ENUM_CONVERSION = YES;
				CLANG_WARN_INFINITE_RECURSION = YES;
				CLANG_WARN_INT_CONVERSION = YES;
				CLANG_WARN_NON_LITERAL_NULL_CONVERSION = YES;
				CLANG_WARN_OBJC_IMPLICIT_RETAIN_SELF = YES;
				CLANG_WARN_OBJC_LITERAL_CONVERSION = YES;
				CLANG_WARN_OBJC_ROOT_CLASS = YES_ERROR;
				CLANG_WARN_QUOTED_INCLUDE_IN_FRAMEWORK_HEADER = YES;
				CLANG_WARN_RANGE_LOOP_ANALYSIS = YES;
				CLANG_WARN_STRICT_PROTOTYPES = YES;
				CLANG_WARN_SUSPICIOUS_MOVE = YES;
				CLANG_WARN_UNGUARDED_AVAILABILITY = YES_AGGRESSIVE;
				CLANG_WARN_UNREACHABLE_CODE = YES;
				CLANG_WARN__DUPLICATE_METHOD_MATCH = YES;
				COPY_PHASE_STRIP = NO;
				DEAD_CODE_STRIPPING = YES;
				DEBUG_INFORMATION_FORMAT = "dwarf-with-dsym";
				ENABLE_NS_ASSERTIONS = NO;
				ENABLE_STRICT_OBJC_MSGSEND = YES;
				ENABLE_USER_SCRIPT_SANDBOXING = YES;
				GCC_C_LANGUAGE_STANDARD = gnu17;
				GCC_NO_COMMON_BLOCKS = YES;
				GCC_WARN_64_TO_32_BIT_CONVERSION = YES;
				GCC_WARN_ABOUT_RETURN_TYPE = YES_ERROR;
				GCC_WARN_UNDECLARED_SELECTOR = YES;
				GCC_WARN_UNINITIALIZED_AUTOS = YES_AGGRESSIVE;
				GCC_WARN_UNUSED_FUNCTION = YES;
				GCC_WARN_UNUSED_VARIABLE = YES;
				LOCALIZATION_PREFERS_STRING_CATALOGS = YES;
				MTL_ENABLE_DEBUG_INFO = NO;
				MTL_FAST_MATH = YES;
				SWIFT_COMPILATION_MODE = wholemodule;
			};
			name = Release;
		};
		0B0E168F2BD89A910078942B /* Debug */ = {
			isa = XCBuildConfiguration;
			buildSettings = {
				ASSETCATALOG_COMPILER_APPICON_NAME = AppIcon;
				ASSETCATALOG_COMPILER_GLOBAL_ACCENT_COLOR_NAME = AccentColor;
				CODE_SIGN_ENTITLEMENTS = GitOK.entitlements;
				CODE_SIGN_IDENTITY = "-";
				"CODE_SIGN_IDENTITY[sdk=macosx*]" = "-";
				CODE_SIGN_STYLE = Automatic;
				CURRENT_PROJECT_VERSION = 121;
				DEAD_CODE_STRIPPING = YES;
				DEVELOPMENT_ASSET_PATHS = "\"Preview Content\"";
				DEVELOPMENT_TEAM = Y6HZ9JJYV6;
				ENABLE_HARDENED_RUNTIME = YES;
				ENABLE_PREVIEWS = YES;
				GENERATE_INFOPLIST_FILE = YES;
				INFOPLIST_FILE = Info.plist;
				INFOPLIST_KEY_CFBundleDisplayName = GitOK;
				INFOPLIST_KEY_LSApplicationCategoryType = "public.app-category.developer-tools";
				"INFOPLIST_KEY_UIApplicationSceneManifest_Generation[sdk=iphoneos*]" = YES;
				"INFOPLIST_KEY_UIApplicationSceneManifest_Generation[sdk=iphonesimulator*]" = YES;
				"INFOPLIST_KEY_UIApplicationSupportsIndirectInputEvents[sdk=iphoneos*]" = YES;
				"INFOPLIST_KEY_UIApplicationSupportsIndirectInputEvents[sdk=iphonesimulator*]" = YES;
				"INFOPLIST_KEY_UILaunchScreen_Generation[sdk=iphoneos*]" = YES;
				"INFOPLIST_KEY_UILaunchScreen_Generation[sdk=iphonesimulator*]" = YES;
				"INFOPLIST_KEY_UIStatusBarStyle[sdk=iphoneos*]" = UIStatusBarStyleDefault;
				"INFOPLIST_KEY_UIStatusBarStyle[sdk=iphonesimulator*]" = UIStatusBarStyleDefault;
				INFOPLIST_KEY_UISupportedInterfaceOrientations_iPad = "UIInterfaceOrientationPortrait UIInterfaceOrientationPortraitUpsideDown UIInterfaceOrientationLandscapeLeft UIInterfaceOrientationLandscapeRight";
				INFOPLIST_KEY_UISupportedInterfaceOrientations_iPhone = "UIInterfaceOrientationPortrait UIInterfaceOrientationLandscapeLeft UIInterfaceOrientationLandscapeRight";
				IPHONEOS_DEPLOYMENT_TARGET = 17.4;
				LD_RUNPATH_SEARCH_PATHS = "@executable_path/Frameworks";
				"LD_RUNPATH_SEARCH_PATHS[sdk=macosx*]" = "@executable_path/../Frameworks";
				MACOSX_DEPLOYMENT_TARGET = 14.0;
				MARKETING_VERSION = 1.1.13;
				PRODUCT_BUNDLE_IDENTIFIER = com.yueyi.GitOK;
				PRODUCT_NAME = "$(TARGET_NAME)";
				SDKROOT = auto;
				SUPPORTED_PLATFORMS = macosx;
				SUPPORTS_MACCATALYST = NO;
				SWIFT_EMIT_LOC_STRINGS = YES;
				SWIFT_VERSION = 5.0;
			};
			name = Debug;
		};
		0B0E16902BD89A910078942B /* Release */ = {
			isa = XCBuildConfiguration;
			buildSettings = {
				ASSETCATALOG_COMPILER_APPICON_NAME = AppIcon;
				ASSETCATALOG_COMPILER_GLOBAL_ACCENT_COLOR_NAME = AccentColor;
				CODE_SIGN_ENTITLEMENTS = GitOK.entitlements;
				CODE_SIGN_IDENTITY = "-";
				"CODE_SIGN_IDENTITY[sdk=macosx*]" = "-";
				CODE_SIGN_STYLE = Automatic;
				CURRENT_PROJECT_VERSION = 121;
				DEAD_CODE_STRIPPING = YES;
				DEVELOPMENT_ASSET_PATHS = "\"Preview Content\"";
				DEVELOPMENT_TEAM = Y6HZ9JJYV6;
				ENABLE_HARDENED_RUNTIME = YES;
				ENABLE_PREVIEWS = YES;
				GENERATE_INFOPLIST_FILE = YES;
				INFOPLIST_FILE = Info.plist;
				INFOPLIST_KEY_CFBundleDisplayName = GitOK;
				INFOPLIST_KEY_LSApplicationCategoryType = "public.app-category.developer-tools";
				"INFOPLIST_KEY_UIApplicationSceneManifest_Generation[sdk=iphoneos*]" = YES;
				"INFOPLIST_KEY_UIApplicationSceneManifest_Generation[sdk=iphonesimulator*]" = YES;
				"INFOPLIST_KEY_UIApplicationSupportsIndirectInputEvents[sdk=iphoneos*]" = YES;
				"INFOPLIST_KEY_UIApplicationSupportsIndirectInputEvents[sdk=iphonesimulator*]" = YES;
				"INFOPLIST_KEY_UILaunchScreen_Generation[sdk=iphoneos*]" = YES;
				"INFOPLIST_KEY_UILaunchScreen_Generation[sdk=iphonesimulator*]" = YES;
				"INFOPLIST_KEY_UIStatusBarStyle[sdk=iphoneos*]" = UIStatusBarStyleDefault;
				"INFOPLIST_KEY_UIStatusBarStyle[sdk=iphonesimulator*]" = UIStatusBarStyleDefault;
				INFOPLIST_KEY_UISupportedInterfaceOrientations_iPad = "UIInterfaceOrientationPortrait UIInterfaceOrientationPortraitUpsideDown UIInterfaceOrientationLandscapeLeft UIInterfaceOrientationLandscapeRight";
				INFOPLIST_KEY_UISupportedInterfaceOrientations_iPhone = "UIInterfaceOrientationPortrait UIInterfaceOrientationLandscapeLeft UIInterfaceOrientationLandscapeRight";
				IPHONEOS_DEPLOYMENT_TARGET = 17.4;
				LD_RUNPATH_SEARCH_PATHS = "@executable_path/Frameworks";
				"LD_RUNPATH_SEARCH_PATHS[sdk=macosx*]" = "@executable_path/../Frameworks";
				MACOSX_DEPLOYMENT_TARGET = 14.0;
				MARKETING_VERSION = 1.1.13;
				PRODUCT_BUNDLE_IDENTIFIER = com.yueyi.GitOK;
				PRODUCT_NAME = "$(TARGET_NAME)";
				SDKROOT = auto;
				SUPPORTED_PLATFORMS = macosx;
				SUPPORTS_MACCATALYST = NO;
				SWIFT_EMIT_LOC_STRINGS = YES;
				SWIFT_VERSION = 5.0;
			};
			name = Release;
		};
/* End XCBuildConfiguration section */

/* Begin XCConfigurationList section */
		0B0E16782BD89A8F0078942B /* Build configuration list for PBXProject "GitOK" */ = {
			isa = XCConfigurationList;
			buildConfigurations = (
				0B0E168C2BD89A910078942B /* Debug */,
				0B0E168D2BD89A910078942B /* Release */,
			);
			defaultConfigurationIsVisible = 0;
			defaultConfigurationName = Release;
		};
		0B0E168E2BD89A910078942B /* Build configuration list for PBXNativeTarget "GitOK" */ = {
			isa = XCConfigurationList;
			buildConfigurations = (
				0B0E168F2BD89A910078942B /* Debug */,
				0B0E16902BD89A910078942B /* Release */,
			);
			defaultConfigurationIsVisible = 0;
			defaultConfigurationName = Release;
		};
/* End XCConfigurationList section */

/* Begin XCRemoteSwiftPackageReference section */
		F5F794E72C5B192600DCB824 /* XCRemoteSwiftPackageReference "Sparkle" */ = {
			isa = XCRemoteSwiftPackageReference;
			repositoryURL = "https://github.com/sparkle-project/Sparkle";
			requirement = {
				kind = upToNextMajorVersion;
				minimumVersion = 2.6.4;
			};
		};
/* End XCRemoteSwiftPackageReference section */

/* Begin XCSwiftPackageProductDependency section */
		F5F794E82C5B192600DCB824 /* Sparkle */ = {
			isa = XCSwiftPackageProductDependency;
			package = F5F794E72C5B192600DCB824 /* XCRemoteSwiftPackageReference "Sparkle" */;
			productName = Sparkle;
		};
/* End XCSwiftPackageProductDependency section */
	};
	rootObject = 0B0E16752BD89A8F0078942B /* Project object */;
}
