// !$*UTF8*$!
{
	archiveVersion = 1;
	classes = {
	};
	objectVersion = 77;
	objects = {

/* Begin PBXBuildFile section */
		02876C46801E9A3DF5BC2FEA /* GitOKApp.swift in Sources */ = {isa = PBXBuildFile; fileRef = 880FB53D03ED896EA489BC55 /* GitOKApp.swift */; };
		07DEF9A9438697DC0192D870 /* main.swift in Sources */ = {isa = PBXBuildFile; fileRef = 57B679096B352FF3F00852CF /* main.swift */; };
		0F5BE5E28C52B160DA2F856E /* ProviderProject in Frameworks */ = {isa = PBXBuildFile; productRef = D05E9DE7338679D137A2C087 /* ProviderProject */; };
		11E5996DF849C3F4DB0835B9 /* KitGitOKUpdate in Frameworks */ = {isa = PBXBuildFile; productRef = 43E658693F6DBAD5F2163B53 /* KitGitOKUpdate */; };
		2B094A76F6DD21069E0507D5 /* GitOKUI in Frameworks */ = {isa = PBXBuildFile; productRef = E337B624E88FA1CDC0835C2D /* GitOKUI */; };
		3C2528D06C17CBD502690E76 /* KitGitOKSupport in Frameworks */ = {isa = PBXBuildFile; productRef = 9CC43BFAE9CDC3FE2336A7E7 /* KitGitOKSupport */; };
		438F91BA256724F8253B526F /* KitGitOKCore in Frameworks */ = {isa = PBXBuildFile; productRef = B76527B152C97E34BC0C6258 /* KitGitOKCore */; };
		58411979BDE9BA8D1EC015A4 /* KitGitCore in Frameworks */ = {isa = PBXBuildFile; productRef = 2606349671D7FFED7FD490B8 /* KitGitCore */; };
		5BC9912FE36317A11BDDB316 /* KernelCore in Frameworks */ = {isa = PBXBuildFile; productRef = AD310BDD05591D11A6C8D3D8 /* KernelCore */; };
		8FB0AD722943EF381E106F42 /* GitOKAppCore in Frameworks */ = {isa = PBXBuildFile; productRef = 1BFD598CC0F5EF710324ABEE /* GitOKAppCore */; };
		9730547FFF6C26BE7BCBDD65 /* FactoryGitOK in Frameworks */ = {isa = PBXBuildFile; productRef = 5B22F798E4AE15172F878763 /* FactoryGitOK */; };
		9785FC5031C5CAA63753C70E /* GitOperationService.xpc in CopyFiles */ = {isa = PBXBuildFile; fileRef = 7F44E5735D00E5EEEE54A327 /* GitOperationService.xpc */; settings = {ATTRIBUTES = (CodeSignOnCopy, RemoveHeadersOnCopy, ); }; };
		9B0DE195496061BA0A12900D /* Sparkle in Frameworks */ = {isa = PBXBuildFile; productRef = 1375C08FA6BFA5769BCA5B2D /* Sparkle */; };
		9E374C1679CC99ECF86C5B18 /* KitGitCore in Frameworks */ = {isa = PBXBuildFile; productRef = 3BDF7CC73908543964D7CEE7 /* KitGitCore */; };
		9F41C77D6B713E408E8A06DC /* ProviderGit in Frameworks */ = {isa = PBXBuildFile; productRef = 516180A9C070365B40C0636D /* ProviderGit */; };
		A3AF4381B8C95734FE0CA7E2 /* KitProjectSupport in Frameworks */ = {isa = PBXBuildFile; productRef = 01FBE598541D4E70E21EF2E7 /* KitProjectSupport */; };
		BA1BD4CC5350F3E83047C063 /* ProviderTheme in Frameworks */ = {isa = PBXBuildFile; productRef = 5F770FAEED3FA029D7F01176 /* ProviderTheme */; };
		E736C98A6207206C2FD1191F /* FactoryCore in Frameworks */ = {isa = PBXBuildFile; productRef = 48825A0157545D14F47E8D67 /* FactoryCore */; };
		EB668512FE5E485F8F19E3DD /* ProviderNavigation in Frameworks */ = {isa = PBXBuildFile; productRef = E4BB73B802FBAEDD90FD79F1 /* ProviderNavigation */; };
/* End PBXBuildFile section */

/* Begin PBXContainerItemProxy section */
		31E58DB555EDE2476AA2A165 /* PBXContainerItemProxy */ = {
			isa = PBXContainerItemProxy;
			containerPortal = 1E0A0215BABCE5EA44BB6413 /* Project object */;
			proxyType = 1;
			remoteGlobalIDString = 97A2513140E2FA389CBDDACA;
			remoteInfo = GitOperationService;
		};
/* End PBXContainerItemProxy section */

/* Begin PBXCopyFilesBuildPhase section */
		0E5FE620CD6B96AA97C7EFFC /* CopyFiles */ = {
			isa = PBXCopyFilesBuildPhase;
			buildActionMask = 2147483647;
			dstPath = "$(CONTENTS_FOLDER_PATH)/XPCServices";
			dstSubfolderSpec = 16;
			files = (
				9785FC5031C5CAA63753C70E /* GitOperationService.xpc in CopyFiles */,
			);
			runOnlyForDeploymentPostprocessing = 0;
		};
/* End PBXCopyFilesBuildPhase section */

/* Begin PBXFileReference section */
		57B679096B352FF3F00852CF /* main.swift */ = {isa = PBXFileReference; lastKnownFileType = sourcecode.swift; path = main.swift; sourceTree = "<group>"; };
		7F44E5735D00E5EEEE54A327 /* GitOperationService.xpc */ = {isa = PBXFileReference; explicitFileType = "wrapper.xpc-service"; includeInIndex = 0; path = GitOperationService.xpc; sourceTree = BUILT_PRODUCTS_DIR; };
		880FB53D03ED896EA489BC55 /* GitOKApp.swift */ = {isa = PBXFileReference; lastKnownFileType = sourcecode.swift; path = GitOKApp.swift; sourceTree = "<group>"; };
		CCB768FACFCC2C6B7AE07940 /* GitOK.app */ = {isa = PBXFileReference; explicitFileType = wrapper.application; includeInIndex = 0; path = GitOK.app; sourceTree = BUILT_PRODUCTS_DIR; };
/* End PBXFileReference section */

/* Begin PBXFrameworksBuildPhase section */
		535CA03013EBB12916C88987 /* Frameworks */ = {
			isa = PBXFrameworksBuildPhase;
			buildActionMask = 2147483647;
			files = (
				2B094A76F6DD21069E0507D5 /* GitOKUI in Frameworks */,
				3C2528D06C17CBD502690E76 /* KitGitOKSupport in Frameworks */,
				A3AF4381B8C95734FE0CA7E2 /* KitProjectSupport in Frameworks */,
				0F5BE5E28C52B160DA2F856E /* ProviderProject in Frameworks */,
				9F41C77D6B713E408E8A06DC /* ProviderGit in Frameworks */,
				BA1BD4CC5350F3E83047C063 /* ProviderTheme in Frameworks */,
				EB668512FE5E485F8F19E3DD /* ProviderNavigation in Frameworks */,
				438F91BA256724F8253B526F /* KitGitOKCore in Frameworks */,
				9730547FFF6C26BE7BCBDD65 /* FactoryGitOK in Frameworks */,
				8FB0AD722943EF381E106F42 /* GitOKAppCore in Frameworks */,
				11E5996DF849C3F4DB0835B9 /* KitGitOKUpdate in Frameworks */,
				E736C98A6207206C2FD1191F /* FactoryCore in Frameworks */,
				5BC9912FE36317A11BDDB316 /* KernelCore in Frameworks */,
				9E374C1679CC99ECF86C5B18 /* KitGitCore in Frameworks */,
				9B0DE195496061BA0A12900D /* Sparkle in Frameworks */,
			);
			runOnlyForDeploymentPostprocessing = 0;
		};
		9FC4027D06C70711222FD4EA /* Frameworks */ = {
			isa = PBXFrameworksBuildPhase;
			buildActionMask = 2147483647;
			files = (
				58411979BDE9BA8D1EC015A4 /* KitGitCore in Frameworks */,
			);
			runOnlyForDeploymentPostprocessing = 0;
		};
/* End PBXFrameworksBuildPhase section */

/* Begin PBXGroup section */
		1E0AE8F0BAB245387EF682E1 /* Products */ = {
			isa = PBXGroup;
			children = (
				CCB768FACFCC2C6B7AE07940 /* GitOK.app */,
				7F44E5735D00E5EEEE54A327 /* GitOperationService.xpc */,
			);
			name = Products;
			sourceTree = "<group>";
		};
		325CA20BC9ACD1E2E1641FEB /* GitOKApp */ = {
			isa = PBXGroup;
			children = (
				880FB53D03ED896EA489BC55 /* GitOKApp.swift */,
			);
			path = GitOKApp;
			sourceTree = "<group>";
		};
		81E75666537CD5D05883F951 /* GitOperationService */ = {
			isa = PBXGroup;
			children = (
				57B679096B352FF3F00852CF /* main.swift */,
			);
			path = GitOperationService;
			sourceTree = "<group>";
		};
		E5FC169192B5762E37D73A05 = {
			isa = PBXGroup;
			children = (
				325CA20BC9ACD1E2E1641FEB /* GitOKApp */,
				81E75666537CD5D05883F951 /* GitOperationService */,
				1E0AE8F0BAB245387EF682E1 /* Products */,
			);
			sourceTree = "<group>";
		};
/* End PBXGroup section */

/* Begin PBXNativeTarget section */
		97A2513140E2FA389CBDDACA /* GitOperationService */ = {
			isa = PBXNativeTarget;
			buildConfigurationList = B0393DDEB25BC1AD409953B4 /* Build configuration list for PBXNativeTarget "GitOperationService" */;
			buildPhases = (
				A7A744F848B1DDBE16DA7A49 /* Sources */,
				9FC4027D06C70711222FD4EA /* Frameworks */,
			);
			buildRules = (
			);
			dependencies = (
			);
			name = GitOperationService;
			packageProductDependencies = (
				2606349671D7FFED7FD490B8 /* KitGitCore */,
			);
			productName = GitOperationService;
			productReference = 7F44E5735D00E5EEEE54A327 /* GitOperationService.xpc */;
			productType = "com.apple.product-type.xpc-service";
		};
		9C9B8F1AB3E5D64A55EEA879 /* GitOK */ = {
			isa = PBXNativeTarget;
			buildConfigurationList = F5BF430888C3B904193D1A5E /* Build configuration list for PBXNativeTarget "GitOK" */;
			buildPhases = (
				7C00EB6979259DC28A5F065A /* Sources */,
				0E5FE620CD6B96AA97C7EFFC /* CopyFiles */,
				535CA03013EBB12916C88987 /* Frameworks */,
			);
			buildRules = (
			);
			dependencies = (
				FC707CF6EC4532BB90F536B1 /* PBXTargetDependency */,
			);
			name = GitOK;
			packageProductDependencies = (
				E337B624E88FA1CDC0835C2D /* GitOKUI */,
				9CC43BFAE9CDC3FE2336A7E7 /* KitGitOKSupport */,
				01FBE598541D4E70E21EF2E7 /* KitProjectSupport */,
				D05E9DE7338679D137A2C087 /* ProviderProject */,
				516180A9C070365B40C0636D /* ProviderGit */,
				5F770FAEED3FA029D7F01176 /* ProviderTheme */,
				E4BB73B802FBAEDD90FD79F1 /* ProviderNavigation */,
				B76527B152C97E34BC0C6258 /* KitGitOKCore */,
				5B22F798E4AE15172F878763 /* FactoryGitOK */,
				1BFD598CC0F5EF710324ABEE /* GitOKAppCore */,
				43E658693F6DBAD5F2163B53 /* KitGitOKUpdate */,
				48825A0157545D14F47E8D67 /* FactoryCore */,
				AD310BDD05591D11A6C8D3D8 /* KernelCore */,
				3BDF7CC73908543964D7CEE7 /* KitGitCore */,
				1375C08FA6BFA5769BCA5B2D /* Sparkle */,
			);
			productName = GitOK;
			productReference = CCB768FACFCC2C6B7AE07940 /* GitOK.app */;
			productType = "com.apple.product-type.application";
		};
/* End PBXNativeTarget section */

/* Begin PBXProject section */
		1E0A0215BABCE5EA44BB6413 /* Project object */ = {
			isa = PBXProject;
			attributes = {
				BuildIndependentTargetsInParallel = YES;
				LastUpgradeCheck = 1430;
				TargetAttributes = {
					97A2513140E2FA389CBDDACA = {
						DevelopmentTeam = Y6HZ9JJYV6;
						ProvisioningStyle = Automatic;
					};
					9C9B8F1AB3E5D64A55EEA879 = {
						DevelopmentTeam = Y6HZ9JJYV6;
						ProvisioningStyle = Automatic;
					};
				};
			};
			buildConfigurationList = F5F1BD8823FC7A2852F99F7E /* Build configuration list for PBXProject "GitOK" */;
			developmentRegion = "zh-Hans";
			hasScannedForEncodings = 0;
			knownRegions = (
				Base,
				"zh-Hans",
			);
			mainGroup = E5FC169192B5762E37D73A05;
			minimizedProjectReferenceProxies = 1;
			packageReferences = (
				CF8EB3FAB7DBAD0E537177D7 /* XCRemoteSwiftPackageReference "Sparkle" */,
				6BE57BF66262477F6223A662 /* XCLocalSwiftPackageReference "Packages/FactoryCore" */,
				720D1B96E91E6C39353E0169 /* XCLocalSwiftPackageReference "Packages/FactoryGitOK" */,
				30982926F5641BC6973378DA /* XCLocalSwiftPackageReference "Packages/GitOKAppCore" */,
				0F6E2CB807E5306BB01DA334 /* XCLocalSwiftPackageReference "Packages/GitOKUI" */,
				0F3A944F030458308C568355 /* XCLocalSwiftPackageReference "Packages/KernelCore" */,
				BB393722C8988DA5D529BB06 /* XCLocalSwiftPackageReference "Packages/KitGitCore" */,
				1EE61FD52D333F6F7B760B61 /* XCLocalSwiftPackageReference "Packages/KitGitOKCore" */,
				A97454F86291853A2C3F20E1 /* XCLocalSwiftPackageReference "Packages/KitGitOKSupport" */,
				4C467C6B771DDC8FE8E468E0 /* XCLocalSwiftPackageReference "Packages/KitGitOKUpdate" */,
				7EDD45698F101E03FCBFF9ED /* XCLocalSwiftPackageReference "Packages/KitProjectSupport" */,
				24710EA1E039B0DB9FCCBBCC /* XCLocalSwiftPackageReference "Packages/ProviderGit" */,
				45C0E059C5292983350A9798 /* XCLocalSwiftPackageReference "Packages/ProviderNavigation" */,
				2280FF8444FF219675BA1765 /* XCLocalSwiftPackageReference "Packages/ProviderProject" */,
				13D2FC1FE71EC5475B41D44A /* XCLocalSwiftPackageReference "Packages/ProviderTheme" */,
			);
			preferredProjectObjectVersion = 77;
			productRefGroup = 1E0AE8F0BAB245387EF682E1 /* Products */;
			projectDirPath = "";
			projectRoot = "";
			targets = (
				9C9B8F1AB3E5D64A55EEA879 /* GitOK */,
				97A2513140E2FA389CBDDACA /* GitOperationService */,
			);
		};
/* End PBXProject section */

/* Begin PBXSourcesBuildPhase section */
		7C00EB6979259DC28A5F065A /* Sources */ = {
			isa = PBXSourcesBuildPhase;
			buildActionMask = 2147483647;
			files = (
				02876C46801E9A3DF5BC2FEA /* GitOKApp.swift in Sources */,
			);
			runOnlyForDeploymentPostprocessing = 0;
		};
		A7A744F848B1DDBE16DA7A49 /* Sources */ = {
			isa = PBXSourcesBuildPhase;
			buildActionMask = 2147483647;
			files = (
				07DEF9A9438697DC0192D870 /* main.swift in Sources */,
			);
			runOnlyForDeploymentPostprocessing = 0;
		};
/* End PBXSourcesBuildPhase section */

/* Begin PBXTargetDependency section */
		FC707CF6EC4532BB90F536B1 /* PBXTargetDependency */ = {
			isa = PBXTargetDependency;
			target = 97A2513140E2FA389CBDDACA /* GitOperationService */;
			targetProxy = 31E58DB555EDE2476AA2A165 /* PBXContainerItemProxy */;
		};
/* End PBXTargetDependency section */

/* Begin XCBuildConfiguration section */
		31C3371C8FA7227BEDDAAE00 /* Debug */ = {
			isa = XCBuildConfiguration;
			buildSettings = {
				ALWAYS_SEARCH_USER_PATHS = NO;
				CLANG_ANALYZER_NONNULL = YES;
				CLANG_ANALYZER_NUMBER_OBJECT_CONVERSION = YES_AGGRESSIVE;
				CLANG_CXX_LANGUAGE_STANDARD = "gnu++14";
				CLANG_CXX_LIBRARY = "libc++";
				CLANG_ENABLE_MODULES = YES;
				CLANG_ENABLE_OBJC_ARC = YES;
				CLANG_ENABLE_OBJC_WEAK = YES;
				CLANG_WARN_BLOCK_CAPTURE_AUTORELEASING = YES;
				CLANG_WARN_BOOL_CONVERSION = YES;
				CLANG_WARN_COMMA = YES;
				CLANG_WARN_CONSTANT_CONVERSION = YES;
				CLANG_WARN_DEPRECATED_OBJC_IMPLEMENTATIONS = YES;
				CLANG_WARN_DIRECT_OBJC_ISA_USAGE = YES_ERROR;
				CLANG_WARN_DOCUMENTATION_COMMENTS = YES;
				CLANG_WARN_EMPTY_BODY = YES;
				CLANG_WARN_ENUM_CONVERSION = YES;
				CLANG_WARN_INFINITE_RECURSION = YES;
				CLANG_WARN_INT_CONVERSION = YES;
				CLANG_WARN_NON_LITERAL_NULL_CONVERSION = YES;
				CLANG_WARN_OBJC_IMPLICIT_RETAIN_SELF = YES;
				CLANG_WARN_OBJC_LITERAL_CONVERSION = YES;
				CLANG_WARN_OBJC_ROOT_CLASS = YES_ERROR;
				CLANG_WARN_QUOTED_INCLUDE_IN_FRAMEWORK_HEADER = YES;
				CLANG_WARN_RANGE_LOOP_ANALYSIS = YES;
				CLANG_WARN_STRICT_PROTOTYPES = YES;
				CLANG_WARN_SUSPICIOUS_MOVE = YES;
				CLANG_WARN_UNGUARDED_AVAILABILITY = YES_AGGRESSIVE;
				CLANG_WARN_UNREACHABLE_CODE = YES;
				CLANG_WARN__DUPLICATE_METHOD_MATCH = YES;
				COPY_PHASE_STRIP = NO;
				DEBUG_INFORMATION_FORMAT = dwarf;
				DEVELOPMENT_TEAM = Y6HZ9JJYV6;
				ENABLE_STRICT_OBJC_MSGSEND = YES;
				ENABLE_TESTABILITY = YES;
				ENABLE_USER_SCRIPT_SANDBOXING = NO;
				GCC_C_LANGUAGE_STANDARD = gnu11;
				GCC_DYNAMIC_NO_PIC = NO;
				GCC_NO_COMMON_BLOCKS = YES;
				GCC_OPTIMIZATION_LEVEL = 0;
				GCC_PREPROCESSOR_DEFINITIONS = (
					"$(inherited)",
					"DEBUG=1",
				);
				GCC_WARN_64_TO_32_BIT_CONVERSION = YES;
				GCC_WARN_ABOUT_RETURN_TYPE = YES_ERROR;
				GCC_WARN_UNDECLARED_SELECTOR = YES;
				GCC_WARN_UNINITIALIZED_AUTOS = YES_AGGRESSIVE;
				GCC_WARN_UNUSED_FUNCTION = YES;
				GCC_WARN_UNUSED_VARIABLE = YES;
				MACOSX_DEPLOYMENT_TARGET = 14.0;
				MTL_ENABLE_DEBUG_INFO = INCLUDE_SOURCE;
				MTL_FAST_MATH = YES;
				ONLY_ACTIVE_ARCH = YES;
				PRODUCT_NAME = "$(TARGET_NAME)";
				SDKROOT = macosx;
				SWIFT_ACTIVE_COMPILATION_CONDITIONS = DEBUG;
				SWIFT_OPTIMIZATION_LEVEL = "-Onone";
				SWIFT_VERSION = 5.0;
			};
			name = Debug;
		};
		4AD30868CD5C8D10D2D09E90 /* Debug */ = {
			isa = XCBuildConfiguration;
			buildSettings = {
				CODE_SIGN_IDENTITY = "-";
				CODE_SIGN_STYLE = Automatic;
				COMBINE_HIDPI_IMAGES = YES;
				ENABLE_HARDENED_RUNTIME = YES;
				GENERATE_INFOPLIST_FILE = NO;
				INFOPLIST_FILE = GitOperationService/Info.plist;
				LD_RUNPATH_SEARCH_PATHS = (
					"$(inherited)",
					"@executable_path/../Frameworks",
				);
				PRODUCT_BUNDLE_IDENTIFIER = com.yueyi.GitOK.GitOperationService;
				PRODUCT_NAME = "$(TARGET_NAME)";
				SDKROOT = macosx;
				SKIP_INSTALL = YES;
				SWIFT_EMIT_LOC_STRINGS = YES;
				SWIFT_VERSION = 5.0;
			};
			name = Debug;
		};
		B5A9FB18013089C808ABF2D1 /* Release */ = {
			isa = XCBuildConfiguration;
			buildSettings = {
				ASSETCATALOG_COMPILER_APPICON_NAME = AppIcon;
				ASSETCATALOG_COMPILER_GLOBAL_ACCENT_COLOR_NAME = AccentColor;
				CODE_SIGN_ENTITLEMENTS = GitOKApp/GitOK.entitlements;
				CODE_SIGN_IDENTITY = "-";
				CODE_SIGN_STYLE = Automatic;
				COMBINE_HIDPI_IMAGES = YES;
				CURRENT_PROJECT_VERSION = 400;
				ENABLE_HARDENED_RUNTIME = YES;
				ENABLE_PREVIEWS = YES;
				GENERATE_INFOPLIST_FILE = YES;
				INFOPLIST_FILE = GitOKApp/Info.plist;
				INFOPLIST_KEY_CFBundleDisplayName = GitOK;
				INFOPLIST_KEY_ITSAppUsesNonExemptEncryption = NO;
				INFOPLIST_KEY_LSApplicationCategoryType = "public.app-category.developer-tools";
				LD_RUNPATH_SEARCH_PATHS = (
					"$(inherited)",
					"@executable_path/../Frameworks",
				);
				MARKETING_VERSION = 4.0.0;
				PRODUCT_BUNDLE_IDENTIFIER = com.yueyi.GitOK;
				PRODUCT_NAME = "$(TARGET_NAME)";
				SDKROOT = macosx;
				SUPPORTED_PLATFORMS = macosx;
				SUPPORTS_MACCATALYST = NO;
				SWIFT_EMIT_LOC_STRINGS = YES;
				SWIFT_VERSION = 5.0;
			};
			name = Release;
		};
		B9C9BD5C8DF1C2C37D707E8F /* Release */ = {
			isa = XCBuildConfiguration;
			buildSettings = {
				ALWAYS_SEARCH_USER_PATHS = NO;
				CLANG_ANALYZER_NONNULL = YES;
				CLANG_ANALYZER_NUMBER_OBJECT_CONVERSION = YES_AGGRESSIVE;
				CLANG_CXX_LANGUAGE_STANDARD = "gnu++14";
				CLANG_CXX_LIBRARY = "libc++";
				CLANG_ENABLE_MODULES = YES;
				CLANG_ENABLE_OBJC_ARC = YES;
				CLANG_ENABLE_OBJC_WEAK = YES;
				CLANG_WARN_BLOCK_CAPTURE_AUTORELEASING = YES;
				CLANG_WARN_BOOL_CONVERSION = YES;
				CLANG_WARN_COMMA = YES;
				CLANG_WARN_CONSTANT_CONVERSION = YES;
				CLANG_WARN_DEPRECATED_OBJC_IMPLEMENTATIONS = YES;
				CLANG_WARN_DIRECT_OBJC_ISA_USAGE = YES_ERROR;
				CLANG_WARN_DOCUMENTATION_COMMENTS = YES;
				CLANG_WARN_EMPTY_BODY = YES;
				CLANG_WARN_ENUM_CONVERSION = YES;
				CLANG_WARN_INFINITE_RECURSION = YES;
				CLANG_WARN_INT_CONVERSION = YES;
				CLANG_WARN_NON_LITERAL_NULL_CONVERSION = YES;
				CLANG_WARN_OBJC_IMPLICIT_RETAIN_SELF = YES;
				CLANG_WARN_OBJC_LITERAL_CONVERSION = YES;
				CLANG_WARN_OBJC_ROOT_CLASS = YES_ERROR;
				CLANG_WARN_QUOTED_INCLUDE_IN_FRAMEWORK_HEADER = YES;
				CLANG_WARN_RANGE_LOOP_ANALYSIS = YES;
				CLANG_WARN_STRICT_PROTOTYPES = YES;
				CLANG_WARN_SUSPICIOUS_MOVE = YES;
				CLANG_WARN_UNGUARDED_AVAILABILITY = YES_AGGRESSIVE;
				CLANG_WARN_UNREACHABLE_CODE = YES;
				CLANG_WARN__DUPLICATE_METHOD_MATCH = YES;
				COPY_PHASE_STRIP = NO;
				DEBUG_INFORMATION_FORMAT = "dwarf-with-dsym";
				DEVELOPMENT_TEAM = Y6HZ9JJYV6;
				ENABLE_NS_ASSERTIONS = NO;
				ENABLE_STRICT_OBJC_MSGSEND = YES;
				ENABLE_USER_SCRIPT_SANDBOXING = NO;
				GCC_C_LANGUAGE_STANDARD = gnu11;
				GCC_NO_COMMON_BLOCKS = YES;
				GCC_WARN_64_TO_32_BIT_CONVERSION = YES;
				GCC_WARN_ABOUT_RETURN_TYPE = YES_ERROR;
				GCC_WARN_UNDECLARED_SELECTOR = YES;
				GCC_WARN_UNINITIALIZED_AUTOS = YES_AGGRESSIVE;
				GCC_WARN_UNUSED_FUNCTION = YES;
				GCC_WARN_UNUSED_VARIABLE = YES;
				MACOSX_DEPLOYMENT_TARGET = 14.0;
				MTL_ENABLE_DEBUG_INFO = NO;
				MTL_FAST_MATH = YES;
				PRODUCT_NAME = "$(TARGET_NAME)";
				SDKROOT = macosx;
				SWIFT_COMPILATION_MODE = wholemodule;
				SWIFT_OPTIMIZATION_LEVEL = "-O";
				SWIFT_VERSION = 5.0;
			};
			name = Release;
		};
		BCDBBC6CBDE9DF14EEF87C1B /* Release */ = {
			isa = XCBuildConfiguration;
			buildSettings = {
				CODE_SIGN_IDENTITY = "-";
				CODE_SIGN_STYLE = Automatic;
				COMBINE_HIDPI_IMAGES = YES;
				ENABLE_HARDENED_RUNTIME = YES;
				GENERATE_INFOPLIST_FILE = NO;
				INFOPLIST_FILE = GitOperationService/Info.plist;
				LD_RUNPATH_SEARCH_PATHS = (
					"$(inherited)",
					"@executable_path/../Frameworks",
				);
				PRODUCT_BUNDLE_IDENTIFIER = com.yueyi.GitOK.GitOperationService;
				PRODUCT_NAME = "$(TARGET_NAME)";
				SDKROOT = macosx;
				SKIP_INSTALL = YES;
				SWIFT_EMIT_LOC_STRINGS = YES;
				SWIFT_VERSION = 5.0;
			};
			name = Release;
		};
		FA731B0688F257897F654A7A /* Debug */ = {
			isa = XCBuildConfiguration;
			buildSettings = {
				ASSETCATALOG_COMPILER_APPICON_NAME = AppIcon;
				ASSETCATALOG_COMPILER_GLOBAL_ACCENT_COLOR_NAME = AccentColor;
				CODE_SIGN_ENTITLEMENTS = GitOKApp/GitOK.entitlements;
				CODE_SIGN_IDENTITY = "-";
				CODE_SIGN_STYLE = Automatic;
				COMBINE_HIDPI_IMAGES = YES;
				CURRENT_PROJECT_VERSION = 400;
				ENABLE_HARDENED_RUNTIME = YES;
				ENABLE_PREVIEWS = YES;
				GENERATE_INFOPLIST_FILE = YES;
				INFOPLIST_FILE = GitOKApp/Info.plist;
				INFOPLIST_KEY_CFBundleDisplayName = GitOK;
				INFOPLIST_KEY_ITSAppUsesNonExemptEncryption = NO;
				INFOPLIST_KEY_LSApplicationCategoryType = "public.app-category.developer-tools";
				LD_RUNPATH_SEARCH_PATHS = (
					"$(inherited)",
					"@executable_path/../Frameworks",
				);
				MARKETING_VERSION = 4.0.0;
				PRODUCT_BUNDLE_IDENTIFIER = com.yueyi.GitOK;
				PRODUCT_NAME = "$(TARGET_NAME)";
				SDKROOT = macosx;
				SUPPORTED_PLATFORMS = macosx;
				SUPPORTS_MACCATALYST = NO;
				SWIFT_EMIT_LOC_STRINGS = YES;
				SWIFT_VERSION = 5.0;
			};
			name = Debug;
		};
/* End XCBuildConfiguration section */

/* Begin XCConfigurationList section */
		B0393DDEB25BC1AD409953B4 /* Build configuration list for PBXNativeTarget "GitOperationService" */ = {
			isa = XCConfigurationList;
			buildConfigurations = (
				4AD30868CD5C8D10D2D09E90 /* Debug */,
				BCDBBC6CBDE9DF14EEF87C1B /* Release */,
			);
			defaultConfigurationIsVisible = 0;
			defaultConfigurationName = Debug;
		};
		F5BF430888C3B904193D1A5E /* Build configuration list for PBXNativeTarget "GitOK" */ = {
			isa = XCConfigurationList;
			buildConfigurations = (
				FA731B0688F257897F654A7A /* Debug */,
				B5A9FB18013089C808ABF2D1 /* Release */,
			);
			defaultConfigurationIsVisible = 0;
			defaultConfigurationName = Debug;
		};
		F5F1BD8823FC7A2852F99F7E /* Build configuration list for PBXProject "GitOK" */ = {
			isa = XCConfigurationList;
			buildConfigurations = (
				31C3371C8FA7227BEDDAAE00 /* Debug */,
				B9C9BD5C8DF1C2C37D707E8F /* Release */,
			);
			defaultConfigurationIsVisible = 0;
			defaultConfigurationName = Debug;
		};
/* End XCConfigurationList section */

/* Begin XCLocalSwiftPackageReference section */
		0F3A944F030458308C568355 /* XCLocalSwiftPackageReference "Packages/KernelCore" */ = {
			isa = XCLocalSwiftPackageReference;
			relativePath = Packages/KernelCore;
		};
		0F6E2CB807E5306BB01DA334 /* XCLocalSwiftPackageReference "Packages/GitOKUI" */ = {
			isa = XCLocalSwiftPackageReference;
			relativePath = Packages/GitOKUI;
		};
		13D2FC1FE71EC5475B41D44A /* XCLocalSwiftPackageReference "Packages/ProviderTheme" */ = {
			isa = XCLocalSwiftPackageReference;
			relativePath = Packages/ProviderTheme;
		};
		1EE61FD52D333F6F7B760B61 /* XCLocalSwiftPackageReference "Packages/KitGitOKCore" */ = {
			isa = XCLocalSwiftPackageReference;
			relativePath = Packages/KitGitOKCore;
		};
		2280FF8444FF219675BA1765 /* XCLocalSwiftPackageReference "Packages/ProviderProject" */ = {
			isa = XCLocalSwiftPackageReference;
			relativePath = Packages/ProviderProject;
		};
		24710EA1E039B0DB9FCCBBCC /* XCLocalSwiftPackageReference "Packages/ProviderGit" */ = {
			isa = XCLocalSwiftPackageReference;
			relativePath = Packages/ProviderGit;
		};
		30982926F5641BC6973378DA /* XCLocalSwiftPackageReference "Packages/GitOKAppCore" */ = {
			isa = XCLocalSwiftPackageReference;
			relativePath = Packages/GitOKAppCore;
		};
		45C0E059C5292983350A9798 /* XCLocalSwiftPackageReference "Packages/ProviderNavigation" */ = {
			isa = XCLocalSwiftPackageReference;
			relativePath = Packages/ProviderNavigation;
		};
		4C467C6B771DDC8FE8E468E0 /* XCLocalSwiftPackageReference "Packages/KitGitOKUpdate" */ = {
			isa = XCLocalSwiftPackageReference;
			relativePath = Packages/KitGitOKUpdate;
		};
		6BE57BF66262477F6223A662 /* XCLocalSwiftPackageReference "Packages/FactoryCore" */ = {
			isa = XCLocalSwiftPackageReference;
			relativePath = Packages/FactoryCore;
		};
		720D1B96E91E6C39353E0169 /* XCLocalSwiftPackageReference "Packages/FactoryGitOK" */ = {
			isa = XCLocalSwiftPackageReference;
			relativePath = Packages/FactoryGitOK;
		};
		7EDD45698F101E03FCBFF9ED /* XCLocalSwiftPackageReference "Packages/KitProjectSupport" */ = {
			isa = XCLocalSwiftPackageReference;
			relativePath = Packages/KitProjectSupport;
		};
		A97454F86291853A2C3F20E1 /* XCLocalSwiftPackageReference "Packages/KitGitOKSupport" */ = {
			isa = XCLocalSwiftPackageReference;
			relativePath = Packages/KitGitOKSupport;
		};
		BB393722C8988DA5D529BB06 /* XCLocalSwiftPackageReference "Packages/KitGitCore" */ = {
			isa = XCLocalSwiftPackageReference;
			relativePath = Packages/KitGitCore;
		};
/* End XCLocalSwiftPackageReference section */

/* Begin XCRemoteSwiftPackageReference section */
		CF8EB3FAB7DBAD0E537177D7 /* XCRemoteSwiftPackageReference "Sparkle" */ = {
			isa = XCRemoteSwiftPackageReference;
			repositoryURL = "https://github.com/sparkle-project/Sparkle";
			requirement = {
				kind = upToNextMajorVersion;
				minimumVersion = 2.6.4;
			};
		};
/* End XCRemoteSwiftPackageReference section */

/* Begin XCSwiftPackageProductDependency section */
		01FBE598541D4E70E21EF2E7 /* KitProjectSupport */ = {
			isa = XCSwiftPackageProductDependency;
			productName = KitProjectSupport;
		};
		1375C08FA6BFA5769BCA5B2D /* Sparkle */ = {
			isa = XCSwiftPackageProductDependency;
			package = CF8EB3FAB7DBAD0E537177D7 /* XCRemoteSwiftPackageReference "Sparkle" */;
			productName = Sparkle;
		};
		1BFD598CC0F5EF710324ABEE /* GitOKAppCore */ = {
			isa = XCSwiftPackageProductDependency;
			productName = GitOKAppCore;
		};
		2606349671D7FFED7FD490B8 /* KitGitCore */ = {
			isa = XCSwiftPackageProductDependency;
			productName = KitGitCore;
		};
		3BDF7CC73908543964D7CEE7 /* KitGitCore */ = {
			isa = XCSwiftPackageProductDependency;
			productName = KitGitCore;
		};
		43E658693F6DBAD5F2163B53 /* KitGitOKUpdate */ = {
			isa = XCSwiftPackageProductDependency;
			productName = KitGitOKUpdate;
		};
		48825A0157545D14F47E8D67 /* FactoryCore */ = {
			isa = XCSwiftPackageProductDependency;
			productName = FactoryCore;
		};
		516180A9C070365B40C0636D /* ProviderGit */ = {
			isa = XCSwiftPackageProductDependency;
			productName = ProviderGit;
		};
		5B22F798E4AE15172F878763 /* FactoryGitOK */ = {
			isa = XCSwiftPackageProductDependency;
			productName = FactoryGitOK;
		};
		5F770FAEED3FA029D7F01176 /* ProviderTheme */ = {
			isa = XCSwiftPackageProductDependency;
			productName = ProviderTheme;
		};
		9CC43BFAE9CDC3FE2336A7E7 /* KitGitOKSupport */ = {
			isa = XCSwiftPackageProductDependency;
			productName = KitGitOKSupport;
		};
		AD310BDD05591D11A6C8D3D8 /* KernelCore */ = {
			isa = XCSwiftPackageProductDependency;
			productName = KernelCore;
		};
		B76527B152C97E34BC0C6258 /* KitGitOKCore */ = {
			isa = XCSwiftPackageProductDependency;
			productName = KitGitOKCore;
		};
		D05E9DE7338679D137A2C087 /* ProviderProject */ = {
			isa = XCSwiftPackageProductDependency;
			productName = ProviderProject;
		};
		E337B624E88FA1CDC0835C2D /* GitOKUI */ = {
			isa = XCSwiftPackageProductDependency;
			productName = GitOKUI;
		};
		E4BB73B802FBAEDD90FD79F1 /* ProviderNavigation */ = {
			isa = XCSwiftPackageProductDependency;
			productName = ProviderNavigation;
		};
/* End XCSwiftPackageProductDependency section */
	};
	rootObject = 1E0A0215BABCE5EA44BB6413 /* Project object */;
}
